{
  "format": "svml.node-package-lock@1",
  "artifacts": [
    {
      "name": "@narratage/artifact",
      "version": "0.0.0-dev",
      "digest": "sha256:b16107fdad5256905782fe28142cd19e77673f190691e839fd12d4f1f536ea0f"
    },
    {
      "name": "@narratage/caption-fine",
      "version": "0.0.0-dev",
      "digest": "sha256:09c130ab2c5dec518123fef62aec3523969dd8921309115219ed2683010c5aa7"
    },
    {
      "name": "@narratage/caption-gemini",
      "version": "0.0.0-dev",
      "digest": "sha256:418af81230bf3ac8a7e307484b6098f283575bbae0b18a94cb525c3b52ce26e8"
    },
    {
      "name": "@narratage/caption",
      "version": "0.0.0-dev",
      "digest": "sha256:3a569665a5bc60fde2f049786f76928e0729b4fd723c91a38d568014f53cdbb1"
    },
    {
      "name": "@narratage/component-kit",
      "version": "0.0.0-dev",
      "digest": "sha256:119069ad7c4d5a73c9bfe04fb5a1dc23eadcdac66b2ff88c8ea9454927241c0f"
    },
    {
      "name": "@narratage/composition",
      "version": "0.0.0-dev",
      "digest": "sha256:074fc77bcbc9ed8a77b36ba8fb07caad128a521bed473ea2bd91d8c566033f77"
    },
    {
      "name": "@narratage/core",
      "version": "0.0.0-dev",
      "digest": "sha256:b1fafa8715899f565a03794849045846b5cc08fd3f51a12d5f7374a9c66d8534"
    },
    {
      "name": "@narratage/elaborator",
      "version": "0.0.0-dev",
      "digest": "sha256:9ae85decc3e3678dbe05a1322c5f595277afcd649242ad5c36b3782252e89037"
    },
    {
      "name": "@narratage/estimate",
      "version": "0.0.0-dev",
      "digest": "sha256:48a96423e9f8a7fdf59f139231a5ec3fdbcbd862c99fa3277d879cf12be2d60e"
    },
    {
      "name": "@narratage/film",
      "version": "0.0.0-dev",
      "digest": "sha256:c847365263d42a5136daeac728188dfabb00b9ad4dac669682022d33e7d8f997"
    },
    {
      "name": "@narratage/generation",
      "version": "0.0.0-dev",
      "digest": "sha256:1476585bb1987d795b5ce3b9c14494f3b31e86458140b6a90d0e7be9dbe75c9a"
    },
    {
      "name": "@narratage/host",
      "version": "0.0.0-dev",
      "digest": "sha256:3cbc10d27b16c44ba82a29db27b0a394574d9088184e889558f2b10f1d143e08"
    },
    {
      "name": "@narratage/hyperframes",
      "version": "0.0.0-dev",
      "digest": "sha256:797eacc6e725ea42b989ed50d06640471307da4e2d6fa132491cfb9d7c26120d"
    },
    {
      "name": "@narratage/media-pipeline",
      "version": "0.0.0-dev",
      "digest": "sha256:4ceb5c9ef785e456f3807809b0384cbd40d463c4e5f1878375dcc8b017799922"
    },
    {
      "name": "@narratage/media",
      "version": "0.0.0-dev",
      "digest": "sha256:12749906e7765272675e84f49ca6f693db35ff2fa1c7017fdf76848e0b320fd6"
    },
    {
      "name": "@narratage/model-kit",
      "version": "0.0.0-dev",
      "digest": "sha256:71b23848a90535e0cd74b25f4ef74a9827ce1aa0abdfe4eb34cc1dc3d907ce13"
    },
    {
      "name": "@narratage/narrative",
      "version": "0.0.0-dev",
      "digest": "sha256:d68aca30ab820e2ef794fc81d80aadb1c150937311048a6646df8b2dab3b99b0"
    },
    {
      "name": "@narratage/program-space",
      "version": "0.0.0-dev",
      "digest": "sha256:3a321f064e7f763ae056662ed07bbe4b0fdf1b1628502891c4c73beb5a20edd6"
    },
    {
      "name": "@narratage/protocol",
      "version": "0.0.0-dev",
      "digest": "sha256:aba55408fd1ffec38c1ce2e81706aaadad48277a2fe4b9adc6323674e1b23ce6"
    },
    {
      "name": "@narratage/render-hyperframes",
      "version": "0.0.0-dev",
      "digest": "sha256:74ff1e25ed72fb22ab17068959373162c58dd9f0cc8a5c2a811615c02666cf23"
    },
    {
      "name": "@narratage/run-text",
      "version": "0.0.0-dev",
      "digest": "sha256:3d7c8549650244571fe6fab24a2518edac8b17368934a141594d093f846455d6"
    },
    {
      "name": "@narratage/run",
      "version": "0.0.0-dev",
      "digest": "sha256:a828b37f801d3ebfcc4cae84e4fd0a1baf9342f00a85d1d9440c92d570acb8c9"
    },
    {
      "name": "@narratage/script",
      "version": "0.0.0-dev",
      "digest": "sha256:d0b7b906c6527d7e3dd6bd71e227b10b468b75f0d6a1cc1a4ed6f03a343c7956"
    },
    {
      "name": "@narratage/seedance",
      "version": "0.0.0-dev",
      "digest": "sha256:c115bb0aa515c6c3fabdd42b68a2f00909fb64ecc08ddb0eccf913fb51dd78df"
    },
    {
      "name": "@narratage/semantic-map",
      "version": "0.0.0-dev",
      "digest": "sha256:425c1ea0d89039fc070de2a5de13b7d414d7a3a7d4c2e155445603fad3d60572"
    },
    {
      "name": "@narratage/source",
      "version": "0.0.0-dev",
      "digest": "sha256:8bbfa48c0fde45639578902c907d9190bd5bbb8a03bd59fca8fd364b820a3184"
    },
    {
      "name": "@narratage/speech-alignment",
      "version": "0.0.0-dev",
      "digest": "sha256:9f54aefc38b06344902d0a9f1bb0e76f03cd9e9e29d1bd8d79263979c73da6d2"
    },
    {
      "name": "@narratage/speech-basis",
      "version": "0.0.0-dev",
      "digest": "sha256:9d4ed7feb7b5b3acf6007047a4aa347b458f30fa1763ef680670ea9f7d7dc7f4"
    },
    {
      "name": "@narratage/speech-evidence",
      "version": "0.0.0-dev",
      "digest": "sha256:a70759a336549bb4f622ff59b0259384d726211afa0cab5d0fcde89eef78fab1"
    },
    {
      "name": "@narratage/speech-spine",
      "version": "0.0.0-dev",
      "digest": "sha256:d7f8c6b8c274a78b7c62c67e2dcf4b5010d4fb74f04690b17649df0183ec6efb"
    },
    {
      "name": "@narratage/speech",
      "version": "0.0.0-dev",
      "digest": "sha256:1296f5241ab87621cbed2019ffd09e51a2ecd79a49848715ade628a9d722d8c1"
    },
    {
      "name": "@narratage/svs",
      "version": "0.0.0-dev",
      "digest": "sha256:8973ec01d5c9390da4e5a3f74c7e5af0a4bb49e15796e98e748b75ce62363d9d"
    },
    {
      "name": "@narratage/text-track",
      "version": "0.0.0-dev",
      "digest": "sha256:03f9bdfb00df7dabbf196e48bdd56c8a581079fbdd2fb7c97ef0df0d4096fdc5"
    },
    {
      "name": "@narratage/text",
      "version": "0.0.0-dev",
      "digest": "sha256:5dbe71a52a2b77f29a77ee7cff790081044cbecbbc410ca085769dd27be2566c"
    },
    {
      "name": "@narratage/validation",
      "version": "0.0.0-dev",
      "digest": "sha256:0b14011e82181e6bfd259e90dca084ed813cf02a25f568cad74f655c3bcf7458"
    },
    {
      "name": "@narratage/visual-ir",
      "version": "0.0.0-dev",
      "digest": "sha256:7a112d37e211797b680b2aa37382be47a65a6182e91fdcc93da50e684e50373c"
    },
    {
      "name": "@narratage/whisperx",
      "version": "0.0.0-dev",
      "digest": "sha256:df11edd20f992955c1d0851828e1df94dcfefeecf8ece037a0f5a0d740fe72ee"
    }
  ],
  "packages": [
    {
      "specifier": "@narratage/artifact",
      "package": {
        "name": "@narratage/artifact",
        "version": "0.0.0-dev"
      },
      "facetsDigest": "sha256:cf6435732ab7b25c8d0c225042482d940344d5541fe37a4d9cbf905a0d0dad7a",
      "closureDigest": "sha256:d4386b53042e584f162c2882bdc3b515c19f10a87b23c3e9634852fdad75c1ae"
    },
    {
      "specifier": "@narratage/caption",
      "package": {
        "name": "@narratage/caption",
        "version": "0.0.0-dev"
      },
      "facetsDigest": "sha256:f55b3793382d3914af4e1610b018f46f09c3c8698c24b452f00fb7822a47e61d",
      "closureDigest": "sha256:ac8ea0abc90b57bc81f45c00b1fb7494b558d343dd69d09bf903675e8b0382cc"
    },
    {
      "specifier": "@narratage/caption-fine",
      "package": {
        "name": "@narratage/caption-fine",
        "version": "0.0.0-dev"
      },
      "facetsDigest": "sha256:f6a9db8a527a3ffee84d2c605907b45a57803832b33e33d046fdca71357ccb2b",
      "closureDigest": "sha256:2e9e72556c188beff234a5fab1482e44d4f40d5c1ca898ece471cc47dd584465"
    },
    {
      "specifier": "@narratage/caption-gemini",
      "package": {
        "name": "@narratage/caption-gemini",
        "version": "0.0.0-dev"
      },
      "facetsDigest": "sha256:f8c1f1732560ec1ca6d53d00ba2641306498d8cee04fb71ea8f425703b58824f",
      "closureDigest": "sha256:596afdb0b7c7c6972a5cf39e4e2c571656a5497347d57ff26da072d6345c1e42"
    },
    {
      "specifier": "@narratage/composition",
      "package": {
        "name": "@narratage/composition",
        "version": "0.0.0-dev"
      },
      "facetsDigest": "sha256:8102164a4e7d552a0c6f0b71a11a187a92f4937dda70fc77aef0c87be5d0de97",
      "closureDigest": "sha256:c34c7577473640ec1bd7ef6603e482360ad10c0c12e8c848f7e9bcd241dacc5c"
    },
    {
      "specifier": "@narratage/estimate",
      "package": {
        "name": "@narratage/estimate",
        "version": "0.0.0-dev"
      },
      "facetsDigest": "sha256:01a9f9480e5148b935189822a882cd97b97864210e749d5b938ad5ed70cae480",
      "closureDigest": "sha256:ee696bd54cac9315e4468b8be3e3cacb232358084e15b1a0ce5c4157f90c6707"
    },
    {
      "specifier": "@narratage/film",
      "package": {
        "name": "@narratage/film",
        "version": "0.0.0-dev"
      },
      "facetsDigest": "sha256:b53df97a3a79570783d42d259525bf8c0c5b22bdc3e2bcd5cc1b70ed99b8b3f0",
      "closureDigest": "sha256:3b1548a91f396fb8b10dc075b84718ebdd6e54ae7b586c1603bd0e74c3e360ee"
    },
    {
      "specifier": "@narratage/generation",
      "package": {
        "name": "@narratage/generation",
        "version": "0.0.0-dev"
      },
      "facetsDigest": "sha256:c52730036a392448eb17cada1dd16b22be9ecb721ba47fb8d8a8633f74e4e039",
      "closureDigest": "sha256:b021688e2afca4835d2cc341401664b268cb2af693009b271c3b31fa27144d3c"
    },
    {
      "specifier": "@narratage/hyperframes",
      "package": {
        "name": "@narratage/hyperframes",
        "version": "0.0.0-dev"
      },
      "facetsDigest": "sha256:8a18bd638a89adcd7e3865db23f82f6b56ffe79353cb7c71ef906d3485559a28",
      "closureDigest": "sha256:04629d4293b3e08e6dcc9b5b1f4855eb3ada71f845c7e9c9c80097700496fa95"
    },
    {
      "specifier": "@narratage/media",
      "package": {
        "name": "@narratage/media",
        "version": "0.0.0-dev"
      },
      "facetsDigest": "sha256:2c64e5461601b35f1f4fd33cb6d1aacffe1626997826b3ad0e7cd3022e5ea97d",
      "closureDigest": "sha256:af9c33fbecf18356f0aedc6c325ddd5dcc0d49c083acb2cdadede0f8ccbde002"
    },
    {
      "specifier": "@narratage/media-pipeline",
      "package": {
        "name": "@narratage/media-pipeline",
        "version": "0.0.0-dev"
      },
      "facetsDigest": "sha256:f47ad9f4294bba90db402bbc31433bc7047d79c094aced1f82d351662083d08c",
      "closureDigest": "sha256:7226552b961ae944672c413fa930972ffada24fe9e1d141c0e04c97aa6ef5887"
    },
    {
      "specifier": "@narratage/narrative",
      "package": {
        "name": "@narratage/narrative",
        "version": "0.0.0-dev"
      },
      "facetsDigest": "sha256:778a963cda86b3e5e44359e66b6ba0b47cde31952c6ec2e09d0a1220df71bed0",
      "closureDigest": "sha256:f793162590dcc0637ce25aec9b232d974bd4872fb2f8c1914dfd30c38c94f895"
    },
    {
      "specifier": "@narratage/program-space",
      "package": {
        "name": "@narratage/program-space",
        "version": "0.0.0-dev"
      },
      "facetsDigest": "sha256:5fa9b120e8d37ca2edd478e3388c3dc4e398113e74c6589c6d25ef604a1d348a",
      "closureDigest": "sha256:802f9ab8cf9bd284b8df0ef8ab78fc780339b175996d3626e5ba30f18f5349f1"
    },
    {
      "specifier": "@narratage/render-hyperframes",
      "package": {
        "name": "@narratage/render-hyperframes",
        "version": "0.0.0-dev"
      },
      "facetsDigest": "sha256:dd7a1214338a4622e92dba3ff8b9368609905f99d36f8f178be7e29a2e8022d8",
      "closureDigest": "sha256:ebdf8a27b1da120efa9f1b5e545dac1f6f9e56bdb8125f7e7dfd131b798868d7"
    },
    {
      "specifier": "@narratage/run-text",
      "package": {
        "name": "@narratage/run-text",
        "version": "0.0.0-dev"
      },
      "facetsDigest": "sha256:fbcab7cea86223fe00ea04b51c2160bb534aafbb99067f5877e6825b0ce4eefc",
      "closureDigest": "sha256:0658c375a7b94becfb9e3b25fa79971ecc09f109ac835e6972dac2f57f4c31fe"
    },
    {
      "specifier": "@narratage/script",
      "package": {
        "name": "@narratage/script",
        "version": "0.0.0-dev"
      },
      "facetsDigest": "sha256:1407d1c367c4131e3419837a66d0b81ae7a13ff44413540f8f63ef9663f6792f",
      "closureDigest": "sha256:95a11a979adffded4e7a34565f7aceedc5e059fef38a3af3da24b65ed9c2df6a"
    },
    {
      "specifier": "@narratage/seedance",
      "package": {
        "name": "@narratage/seedance",
        "version": "0.0.0-dev"
      },
      "facetsDigest": "sha256:779bdf82621e2620d80b3fbb28c26c4b17b444edec2c34d734cbe09fda37e940",
      "closureDigest": "sha256:accb9f0d3c04396dc23a0b3a699025fe2d0f37aadc8825786a4b4e97644c700f"
    },
    {
      "specifier": "@narratage/semantic-map",
      "package": {
        "name": "@narratage/semantic-map",
        "version": "0.0.0-dev"
      },
      "facetsDigest": "sha256:fa5c3dc9284ea29640882446576ec85d3fc403c659418cc089c85f2432e3d1eb",
      "closureDigest": "sha256:fd8e5ce84b61dd74cead0c4b5636e7afbb774f3602641cb82e6404fa0eba116e"
    },
    {
      "specifier": "@narratage/speech",
      "package": {
        "name": "@narratage/speech",
        "version": "0.0.0-dev"
      },
      "facetsDigest": "sha256:93fea1a4354429848dcc8cc07c0794584076c31b23174af04a7a1049fe894e7a",
      "closureDigest": "sha256:7901f6de03dc5571fed05d83dae4c6fd67cdce80564a0f6b62d7c4988395557f"
    },
    {
      "specifier": "@narratage/speech-alignment",
      "package": {
        "name": "@narratage/speech-alignment",
        "version": "0.0.0-dev"
      },
      "facetsDigest": "sha256:2b20c17351fb4dc00153a8780994fbc55024353bdb6e9f0840b75f7ccc410624",
      "closureDigest": "sha256:9146e19f65beca2db7c471b85da38a2a0a595dd862faa84ea6e12077f9fef71c"
    },
    {
      "specifier": "@narratage/speech-basis",
      "package": {
        "name": "@narratage/speech-basis",
        "version": "0.0.0-dev"
      },
      "facetsDigest": "sha256:5b6bdbe8919dde81ef3fa115b403a63540238eae0709580474c807139b9b9500",
      "closureDigest": "sha256:45f88ffd8bc59920fca94ae0365492978d198c50c43b3f7d6c633a68e5303664"
    },
    {
      "specifier": "@narratage/speech-evidence",
      "package": {
        "name": "@narratage/speech-evidence",
        "version": "0.0.0-dev"
      },
      "facetsDigest": "sha256:4bbf8af020b61f2f3bd466ad4430af454fa19ff0af6009a74ff25d61c355ca70",
      "closureDigest": "sha256:768eadf4f7b7d85770bcf04af3cddd106c191274c96d5bfe7ced72a02453b2a7"
    },
    {
      "specifier": "@narratage/speech-spine",
      "package": {
        "name": "@narratage/speech-spine",
        "version": "0.0.0-dev"
      },
      "facetsDigest": "sha256:97f981766691c75e6cfc88a89587c2b51dc2a77f351b2517b5470be24f43ed6f",
      "closureDigest": "sha256:361c66a9f4c0d9257bda4e2c4077e4d865675a870a62afab9a7a5f1c055eb962"
    },
    {
      "specifier": "@narratage/svs",
      "package": {
        "name": "@narratage/svs",
        "version": "0.0.0-dev"
      },
      "facetsDigest": "sha256:9cc7c397d2cd97b5a3e814886b6553b6d236fd8825df0d056e328b7f0cf20163",
      "closureDigest": "sha256:19a883fb2968a038f29f4fb496922f25c3e0fcc48783cc886f6ee472a32b1d21"
    },
    {
      "specifier": "@narratage/text-track",
      "package": {
        "name": "@narratage/text-track",
        "version": "0.0.0-dev"
      },
      "facetsDigest": "sha256:73bb6171b032c98f1498ccdf811fed8e6d49f0fe6472cf01ba9c48cf2a636454",
      "closureDigest": "sha256:396e5bb24ce44e423cb3d9197e568a80bcd8f85e443200c85a728bcf4e9c4f7e"
    },
    {
      "specifier": "@narratage/visual-ir",
      "package": {
        "name": "@narratage/visual-ir",
        "version": "0.0.0-dev"
      },
      "facetsDigest": "sha256:a8d72579639a41123f5ac017e98781819012adc52d94a8116c5a072dc9e6fc05",
      "closureDigest": "sha256:026709127336795d41295ad4d67d3fb13e7765e4ae4fc3689661d5b7991282c6"
    },
    {
      "specifier": "@narratage/whisperx",
      "package": {
        "name": "@narratage/whisperx",
        "version": "0.0.0-dev"
      },
      "facetsDigest": "sha256:7f105887894a1271ee3edabc46a65d653138a11cf01137368c35ad6e65f76185",
      "closureDigest": "sha256:4e3758c963992904ed7997e3dfcad69f8c6547d8a36ca52ffd62ac2bb913530b"
    }
  ],
  "digest": "sha256:80a55c42c3f6c4edcff749fff6b67152b6beb849048e70b5d2728a18d760137b"
}
