{
  "format": "svml.node-package-lock@1",
  "artifacts": [
    {
      "name": "@narratage/artifact",
      "version": "0.0.0-dev",
      "digest": "sha256:b16107fdad5256905782fe28142cd19e77673f190691e839fd12d4f1f536ea0f"
    },
    {
      "name": "@narratage/caption-fine",
      "version": "0.0.0-dev",
      "digest": "sha256:bd101448eeae8bdd8a3f9e7db98d85a2900020bf7ee6a4c7317e6d3826f4073d"
    },
    {
      "name": "@narratage/caption-gemini",
      "version": "0.0.0-dev",
      "digest": "sha256:418af81230bf3ac8a7e307484b6098f283575bbae0b18a94cb525c3b52ce26e8"
    },
    {
      "name": "@narratage/caption",
      "version": "0.0.0-dev",
      "digest": "sha256:3a569665a5bc60fde2f049786f76928e0729b4fd723c91a38d568014f53cdbb1"
    },
    {
      "name": "@narratage/component-kit",
      "version": "0.0.0-dev",
      "digest": "sha256:119069ad7c4d5a73c9bfe04fb5a1dc23eadcdac66b2ff88c8ea9454927241c0f"
    },
    {
      "name": "@narratage/composition",
      "version": "0.0.0-dev",
      "digest": "sha256:074fc77bcbc9ed8a77b36ba8fb07caad128a521bed473ea2bd91d8c566033f77"
    },
    {
      "name": "@narratage/core",
      "version": "0.0.0-dev",
      "digest": "sha256:b1fafa8715899f565a03794849045846b5cc08fd3f51a12d5f7374a9c66d8534"
    },
    {
      "name": "@narratage/elaborator",
      "version": "0.0.0-dev",
      "digest": "sha256:9ae85decc3e3678dbe05a1322c5f595277afcd649242ad5c36b3782252e89037"
    },
    {
      "name": "@narratage/estimate",
      "version": "0.0.0-dev",
      "digest": "sha256:48a96423e9f8a7fdf59f139231a5ec3fdbcbd862c99fa3277d879cf12be2d60e"
    },
    {
      "name": "@narratage/film",
      "version": "0.0.0-dev",
      "digest": "sha256:c847365263d42a5136daeac728188dfabb00b9ad4dac669682022d33e7d8f997"
    },
    {
      "name": "@narratage/generation",
      "version": "0.0.0-dev",
      "digest": "sha256:1476585bb1987d795b5ce3b9c14494f3b31e86458140b6a90d0e7be9dbe75c9a"
    },
    {
      "name": "@narratage/host",
      "version": "0.0.0-dev",
      "digest": "sha256:3cbc10d27b16c44ba82a29db27b0a394574d9088184e889558f2b10f1d143e08"
    },
    {
      "name": "@narratage/hyperframes",
      "version": "0.0.0-dev",
      "digest": "sha256:79b9ff48fe9b48247ed58a250db96c2a1e56f09f1138293c126c154a3c221daa"
    },
    {
      "name": "@narratage/media-pipeline",
      "version": "0.0.0-dev",
      "digest": "sha256:4ceb5c9ef785e456f3807809b0384cbd40d463c4e5f1878375dcc8b017799922"
    },
    {
      "name": "@narratage/media",
      "version": "0.0.0-dev",
      "digest": "sha256:d92f53d5060df53a7a671b58b8c0d1305be99384bd34e71bda0f7f1296550f4b"
    },
    {
      "name": "@narratage/model-kit",
      "version": "0.0.0-dev",
      "digest": "sha256:71b23848a90535e0cd74b25f4ef74a9827ce1aa0abdfe4eb34cc1dc3d907ce13"
    },
    {
      "name": "@narratage/narrative",
      "version": "0.0.0-dev",
      "digest": "sha256:d68aca30ab820e2ef794fc81d80aadb1c150937311048a6646df8b2dab3b99b0"
    },
    {
      "name": "@narratage/program-space",
      "version": "0.0.0-dev",
      "digest": "sha256:3a321f064e7f763ae056662ed07bbe4b0fdf1b1628502891c4c73beb5a20edd6"
    },
    {
      "name": "@narratage/protocol",
      "version": "0.0.0-dev",
      "digest": "sha256:aba55408fd1ffec38c1ce2e81706aaadad48277a2fe4b9adc6323674e1b23ce6"
    },
    {
      "name": "@narratage/render-hyperframes",
      "version": "0.0.0-dev",
      "digest": "sha256:74ff1e25ed72fb22ab17068959373162c58dd9f0cc8a5c2a811615c02666cf23"
    },
    {
      "name": "@narratage/run-text",
      "version": "0.0.0-dev",
      "digest": "sha256:3d7c8549650244571fe6fab24a2518edac8b17368934a141594d093f846455d6"
    },
    {
      "name": "@narratage/run",
      "version": "0.0.0-dev",
      "digest": "sha256:a828b37f801d3ebfcc4cae84e4fd0a1baf9342f00a85d1d9440c92d570acb8c9"
    },
    {
      "name": "@narratage/script",
      "version": "0.0.0-dev",
      "digest": "sha256:d0b7b906c6527d7e3dd6bd71e227b10b468b75f0d6a1cc1a4ed6f03a343c7956"
    },
    {
      "name": "@narratage/seedance",
      "version": "0.0.0-dev",
      "digest": "sha256:c115bb0aa515c6c3fabdd42b68a2f00909fb64ecc08ddb0eccf913fb51dd78df"
    },
    {
      "name": "@narratage/semantic-map",
      "version": "0.0.0-dev",
      "digest": "sha256:425c1ea0d89039fc070de2a5de13b7d414d7a3a7d4c2e155445603fad3d60572"
    },
    {
      "name": "@narratage/source",
      "version": "0.0.0-dev",
      "digest": "sha256:8bbfa48c0fde45639578902c907d9190bd5bbb8a03bd59fca8fd364b820a3184"
    },
    {
      "name": "@narratage/speech-alignment",
      "version": "0.0.0-dev",
      "digest": "sha256:9f54aefc38b06344902d0a9f1bb0e76f03cd9e9e29d1bd8d79263979c73da6d2"
    },
    {
      "name": "@narratage/speech-basis",
      "version": "0.0.0-dev",
      "digest": "sha256:9d4ed7feb7b5b3acf6007047a4aa347b458f30fa1763ef680670ea9f7d7dc7f4"
    },
    {
      "name": "@narratage/speech-evidence",
      "version": "0.0.0-dev",
      "digest": "sha256:a70759a336549bb4f622ff59b0259384d726211afa0cab5d0fcde89eef78fab1"
    },
    {
      "name": "@narratage/speech-spine",
      "version": "0.0.0-dev",
      "digest": "sha256:d7f8c6b8c274a78b7c62c67e2dcf4b5010d4fb74f04690b17649df0183ec6efb"
    },
    {
      "name": "@narratage/speech",
      "version": "0.0.0-dev",
      "digest": "sha256:1296f5241ab87621cbed2019ffd09e51a2ecd79a49848715ade628a9d722d8c1"
    },
    {
      "name": "@narratage/svs",
      "version": "0.0.0-dev",
      "digest": "sha256:8973ec01d5c9390da4e5a3f74c7e5af0a4bb49e15796e98e748b75ce62363d9d"
    },
    {
      "name": "@narratage/text-track",
      "version": "0.0.0-dev",
      "digest": "sha256:03f9bdfb00df7dabbf196e48bdd56c8a581079fbdd2fb7c97ef0df0d4096fdc5"
    },
    {
      "name": "@narratage/text",
      "version": "0.0.0-dev",
      "digest": "sha256:5dbe71a52a2b77f29a77ee7cff790081044cbecbbc410ca085769dd27be2566c"
    },
    {
      "name": "@narratage/validation",
      "version": "0.0.0-dev",
      "digest": "sha256:0b14011e82181e6bfd259e90dca084ed813cf02a25f568cad74f655c3bcf7458"
    },
    {
      "name": "@narratage/visual-ir",
      "version": "0.0.0-dev",
      "digest": "sha256:7a112d37e211797b680b2aa37382be47a65a6182e91fdcc93da50e684e50373c"
    },
    {
      "name": "@narratage/whisperx",
      "version": "0.0.0-dev",
      "digest": "sha256:df11edd20f992955c1d0851828e1df94dcfefeecf8ece037a0f5a0d740fe72ee"
    }
  ],
  "packages": [
    {
      "specifier": "@narratage/artifact",
      "package": {
        "name": "@narratage/artifact",
        "version": "0.0.0-dev"
      },
      "facetsDigest": "sha256:cf6435732ab7b25c8d0c225042482d940344d5541fe37a4d9cbf905a0d0dad7a",
      "closureDigest": "sha256:d4386b53042e584f162c2882bdc3b515c19f10a87b23c3e9634852fdad75c1ae"
    },
    {
      "specifier": "@narratage/caption",
      "package": {
        "name": "@narratage/caption",
        "version": "0.0.0-dev"
      },
      "facetsDigest": "sha256:1b92b73928d937b1825a4f026a5864ddd0d4bd6af73ae7a4699c4dbd0ce3a8e0",
      "closureDigest": "sha256:98690f96d5049bd1627db8b69774abc83dbe4593dd7fd40038ff6da43b6d091a"
    },
    {
      "specifier": "@narratage/caption-fine",
      "package": {
        "name": "@narratage/caption-fine",
        "version": "0.0.0-dev"
      },
      "facetsDigest": "sha256:acb8acf3319ff676999190b6440776fb8ce65949d7890f7ad5f1f1bcffcbaaee",
      "closureDigest": "sha256:7ef6b0f639f236c21c2107148343719ac69da211b9ef1f28ccbfee283ae134f3"
    },
    {
      "specifier": "@narratage/caption-gemini",
      "package": {
        "name": "@narratage/caption-gemini",
        "version": "0.0.0-dev"
      },
      "facetsDigest": "sha256:bdb5bc2561b4f91f72db885edbcef4caaeb8665861009166d0965c2d97182666",
      "closureDigest": "sha256:33f7f84ca4e31c17262831816af63d7336fd1d706e79e02372f30f807254adfc"
    },
    {
      "specifier": "@narratage/composition",
      "package": {
        "name": "@narratage/composition",
        "version": "0.0.0-dev"
      },
      "facetsDigest": "sha256:ec680d429d88ec1c55531125a18c1620fea0c81600de55ba6d43c4fbf873e480",
      "closureDigest": "sha256:0d3642864d00b894d390e68f4ef575baa278414935ea227202fb3b572ecf1efb"
    },
    {
      "specifier": "@narratage/estimate",
      "package": {
        "name": "@narratage/estimate",
        "version": "0.0.0-dev"
      },
      "facetsDigest": "sha256:e12b59419cfadb67a2066ef31977f2f23aa5540dbadb20215599f1f7eab16824",
      "closureDigest": "sha256:17dde773aa24a177093ced2060e14216f7b47e1732688965f6354ca5132d521e"
    },
    {
      "specifier": "@narratage/film",
      "package": {
        "name": "@narratage/film",
        "version": "0.0.0-dev"
      },
      "facetsDigest": "sha256:61839fefb8cf723e9b55f4ac0932928b2dba5de4935ca03c0c4335246c6ab5d8",
      "closureDigest": "sha256:d5b125075c494cd26a4d428d4a6caed63ce911771ef28fcebf361602e85e6e73"
    },
    {
      "specifier": "@narratage/generation",
      "package": {
        "name": "@narratage/generation",
        "version": "0.0.0-dev"
      },
      "facetsDigest": "sha256:c52730036a392448eb17cada1dd16b22be9ecb721ba47fb8d8a8633f74e4e039",
      "closureDigest": "sha256:b021688e2afca4835d2cc341401664b268cb2af693009b271c3b31fa27144d3c"
    },
    {
      "specifier": "@narratage/hyperframes",
      "package": {
        "name": "@narratage/hyperframes",
        "version": "0.0.0-dev"
      },
      "facetsDigest": "sha256:34bcacd52b6d396bf53f3b9709b43d54377a48c3b0332180079c3488a7fbe6ec",
      "closureDigest": "sha256:278ff28b7121f641e2df2bee6a891b3f4365aa8c58a08ee87c03adcc81d6d58c"
    },
    {
      "specifier": "@narratage/media",
      "package": {
        "name": "@narratage/media",
        "version": "0.0.0-dev"
      },
      "facetsDigest": "sha256:c883f03447734dc30a6c239c828083e6e9708258e457f845c2cfa5a2f95c0387",
      "closureDigest": "sha256:0906fb66319369378e604c5afdf4a466d215a575c679cd9ff244d68c6f8986c1"
    },
    {
      "specifier": "@narratage/media-pipeline",
      "package": {
        "name": "@narratage/media-pipeline",
        "version": "0.0.0-dev"
      },
      "facetsDigest": "sha256:1b66155f5949570bfb11b31b20645615188cd6b0ffd034b1386b20f81a9bed42",
      "closureDigest": "sha256:e4c966ba99f2f0f8a08bb732c7ca431a46e7af4c6a5eeec204dff7c11194af92"
    },
    {
      "specifier": "@narratage/narrative",
      "package": {
        "name": "@narratage/narrative",
        "version": "0.0.0-dev"
      },
      "facetsDigest": "sha256:778a963cda86b3e5e44359e66b6ba0b47cde31952c6ec2e09d0a1220df71bed0",
      "closureDigest": "sha256:f793162590dcc0637ce25aec9b232d974bd4872fb2f8c1914dfd30c38c94f895"
    },
    {
      "specifier": "@narratage/program-space",
      "package": {
        "name": "@narratage/program-space",
        "version": "0.0.0-dev"
      },
      "facetsDigest": "sha256:5fa9b120e8d37ca2edd478e3388c3dc4e398113e74c6589c6d25ef604a1d348a",
      "closureDigest": "sha256:802f9ab8cf9bd284b8df0ef8ab78fc780339b175996d3626e5ba30f18f5349f1"
    },
    {
      "specifier": "@narratage/render-hyperframes",
      "package": {
        "name": "@narratage/render-hyperframes",
        "version": "0.0.0-dev"
      },
      "facetsDigest": "sha256:146a78ac53e7d5bf6910c62534e729d7567043636068ac9026e6ee6002cbc947",
      "closureDigest": "sha256:1c80bcca6dff9ceea096c5b0c0b15536ec5ba1f68f92e6ee2cb087f12c4a3eaa"
    },
    {
      "specifier": "@narratage/run-text",
      "package": {
        "name": "@narratage/run-text",
        "version": "0.0.0-dev"
      },
      "facetsDigest": "sha256:fbcab7cea86223fe00ea04b51c2160bb534aafbb99067f5877e6825b0ce4eefc",
      "closureDigest": "sha256:0658c375a7b94becfb9e3b25fa79971ecc09f109ac835e6972dac2f57f4c31fe"
    },
    {
      "specifier": "@narratage/script",
      "package": {
        "name": "@narratage/script",
        "version": "0.0.0-dev"
      },
      "facetsDigest": "sha256:1407d1c367c4131e3419837a66d0b81ae7a13ff44413540f8f63ef9663f6792f",
      "closureDigest": "sha256:95a11a979adffded4e7a34565f7aceedc5e059fef38a3af3da24b65ed9c2df6a"
    },
    {
      "specifier": "@narratage/seedance",
      "package": {
        "name": "@narratage/seedance",
        "version": "0.0.0-dev"
      },
      "facetsDigest": "sha256:e33699a3f4b87279ca22fa2c3422012013a3b91368355cffd10a5a529b6a7ca4",
      "closureDigest": "sha256:11a501219f1f0f2d0f8ded90f24892ff16f8230a3e89136b8ebc71d842ef0e94"
    },
    {
      "specifier": "@narratage/semantic-map",
      "package": {
        "name": "@narratage/semantic-map",
        "version": "0.0.0-dev"
      },
      "facetsDigest": "sha256:ee0976d45ddcf1c3ad79e0e2b1dc3d3481035a11bc1752e437407aa1e2055f34",
      "closureDigest": "sha256:099227a8ca88bc795efe84b06862fb914e6ed52c2778dbee521378b1a9ab232d"
    },
    {
      "specifier": "@narratage/speech",
      "package": {
        "name": "@narratage/speech",
        "version": "0.0.0-dev"
      },
      "facetsDigest": "sha256:0c006d9930a89bf8eb30db761c533ce478fcfc2f6c3697ffb76e0684284f63c1",
      "closureDigest": "sha256:3af835a772697839c4f2eff6da7f44636767ebc54071353a917ce9ad3a2be542"
    },
    {
      "specifier": "@narratage/speech-alignment",
      "package": {
        "name": "@narratage/speech-alignment",
        "version": "0.0.0-dev"
      },
      "facetsDigest": "sha256:75e2dc61bb3cc417c5be0a04712b41bf9769c1940ec1764378d1a117bfd004d8",
      "closureDigest": "sha256:fb2641832716592148a15a5f6cee2c05e8aa26311ad35d84a58ce7affcb5e74c"
    },
    {
      "specifier": "@narratage/speech-basis",
      "package": {
        "name": "@narratage/speech-basis",
        "version": "0.0.0-dev"
      },
      "facetsDigest": "sha256:cc802b2e713bd0e92e838eb1803bed926e07658972b18aa6da596a89017bffd0",
      "closureDigest": "sha256:2da1a922a375087e76ada57d92cfa9510a6e119218ca12756c59202ccc46e137"
    },
    {
      "specifier": "@narratage/speech-evidence",
      "package": {
        "name": "@narratage/speech-evidence",
        "version": "0.0.0-dev"
      },
      "facetsDigest": "sha256:4814f163a676c156b5a436182a041c3ea7c3154459b48108897395d015d65098",
      "closureDigest": "sha256:3c253b02645a0fde101f85b0997a116485227fed74dad05fe58c8d7bfe5f0a7a"
    },
    {
      "specifier": "@narratage/speech-spine",
      "package": {
        "name": "@narratage/speech-spine",
        "version": "0.0.0-dev"
      },
      "facetsDigest": "sha256:2d5b77c3e4fe6e1f2737134659877198999ba4e7b43f6ba6c5477db615632817",
      "closureDigest": "sha256:902ed264e7876cef0b96bdd73d75301761984a4f772e25083280b22a7335f4cb"
    },
    {
      "specifier": "@narratage/svs",
      "package": {
        "name": "@narratage/svs",
        "version": "0.0.0-dev"
      },
      "facetsDigest": "sha256:9cc7c397d2cd97b5a3e814886b6553b6d236fd8825df0d056e328b7f0cf20163",
      "closureDigest": "sha256:19a883fb2968a038f29f4fb496922f25c3e0fcc48783cc886f6ee472a32b1d21"
    },
    {
      "specifier": "@narratage/text-track",
      "package": {
        "name": "@narratage/text-track",
        "version": "0.0.0-dev"
      },
      "facetsDigest": "sha256:c86bf1dacd060148ce6b7d1151c5c9ccb9640c92aee9348fa3cac02f76e7491b",
      "closureDigest": "sha256:a553084e5e5f46971364a9b763ca2d0a876133169bd4e5f312f6318c3119e7aa"
    },
    {
      "specifier": "@narratage/visual-ir",
      "package": {
        "name": "@narratage/visual-ir",
        "version": "0.0.0-dev"
      },
      "facetsDigest": "sha256:a8d72579639a41123f5ac017e98781819012adc52d94a8116c5a072dc9e6fc05",
      "closureDigest": "sha256:026709127336795d41295ad4d67d3fb13e7765e4ae4fc3689661d5b7991282c6"
    },
    {
      "specifier": "@narratage/whisperx",
      "package": {
        "name": "@narratage/whisperx",
        "version": "0.0.0-dev"
      },
      "facetsDigest": "sha256:c53108f29b771a1238fe124428927d200c0dadef6a25724f77ce62c8d80a4738",
      "closureDigest": "sha256:c6634d4fdc7dfafb8b16e4219018957528f27e581c892a9344f894c820bde296"
    }
  ],
  "digest": "sha256:ba1796603708eefed02adc16db787a018bd81379fbfee172cbe09f7dbb9e0510"
}
