{
  "format": "svml.node-package-lock@1",
  "selected": [
    "@narratage/caption",
    "@narratage/caption-fine",
    "@narratage/caption-gemini",
    "@narratage/estimate",
    "@narratage/film",
    "@narratage/fonts-open",
    "@narratage/media",
    "@narratage/render-hyperframes",
    "@narratage/run-markup",
    "@narratage/script",
    "@narratage/seedance",
    "@narratage/spatial",
    "@narratage/speech-spine",
    "@narratage/svs",
    "@narratage/text",
    "@narratage/whisperx"
  ],
  "artifacts": [
    {
      "name": "@fontsource-variable/archivo",
      "version": "5.3.0",
      "digest": "sha256:d0756ae991869df099871e469cc1a3206efc9c50ab34298da0b97aec284fec88"
    },
    {
      "name": "@fontsource-variable/bodoni-moda",
      "version": "5.3.0",
      "digest": "sha256:124e5f7bd2cd952ba895a72847b89bc4fa0a0d831644466393efe61b050622f8"
    },
    {
      "name": "@fontsource-variable/cabin",
      "version": "5.3.0",
      "digest": "sha256:c0da1888b21a3fdc8b391a08b7a59459ce2bdde5a4550bbd34cd6aaf381af93c"
    },
    {
      "name": "@fontsource-variable/caveat",
      "version": "5.3.0",
      "digest": "sha256:21e2ae66cd592a9bd0b53714d04b4aa9adeda6c9340d6180f174829155af2dbe"
    },
    {
      "name": "@fontsource-variable/cinzel",
      "version": "5.3.0",
      "digest": "sha256:883ab987aaf354347d03b5c4a6e59068611dff971011b75c0a2cd8785d084b85"
    },
    {
      "name": "@fontsource-variable/cormorant-garamond",
      "version": "5.3.0",
      "digest": "sha256:5fb212991abe42dc54820a0e99a50d54fd68b8794e05e01fcecd88bc3d9b718f"
    },
    {
      "name": "@fontsource-variable/crimson-pro",
      "version": "5.3.0",
      "digest": "sha256:2af0252ef3293e7f7213467bf2908cbd92a1ac1ef2de8a37ed3134aa553b0854"
    },
    {
      "name": "@fontsource-variable/dm-sans",
      "version": "5.3.0",
      "digest": "sha256:282b5942ecdf37ecb2946c271874f16053e32d7984e465bafa848cd70979b7c5"
    },
    {
      "name": "@fontsource-variable/eb-garamond",
      "version": "5.3.0",
      "digest": "sha256:3f839e82eff702919083009237af1c1975b80f8d9766ac5f97a291cfbf82dea0"
    },
    {
      "name": "@fontsource-variable/figtree",
      "version": "5.3.0",
      "digest": "sha256:bbd1e28aae1070c95fe09ce9bdc94e310b950d35e13d0817fce344d2a57a5c07"
    },
    {
      "name": "@fontsource-variable/fira-code",
      "version": "5.3.0",
      "digest": "sha256:26593d3b4aab4bef1d37b2f7b301739efd6861020b1f44e2cddf14b933453d72"
    },
    {
      "name": "@fontsource-variable/fraunces",
      "version": "5.3.0",
      "digest": "sha256:1da79839589a15663f4c0a75f91899450e20b8d6bd91044c826d07f4ca4d3771"
    },
    {
      "name": "@fontsource-variable/fredoka",
      "version": "5.3.0",
      "digest": "sha256:aeb50015a5e92b2033e5358f391f1221cf7a461f5793ab28d516fa0ee535af85"
    },
    {
      "name": "@fontsource-variable/geist-mono",
      "version": "5.3.0",
      "digest": "sha256:9122fc7e67d7f2788cb82b2eacd489a9430435133488962cbe9ab40ff952dccd"
    },
    {
      "name": "@fontsource-variable/geist",
      "version": "5.3.0",
      "digest": "sha256:01af74b4d77592a1d560c1992568eca3e719117b81b5c2c8798281680180a8c4"
    },
    {
      "name": "@fontsource-variable/instrument-sans",
      "version": "5.3.0",
      "digest": "sha256:10b5fd92cf05d3259b0dfca0b37971b7c522f29b17b5804ddc5bb404ceefc7e3"
    },
    {
      "name": "@fontsource-variable/inter",
      "version": "5.3.0",
      "digest": "sha256:e4ca49893204e3b3d156d22daddb4f96c06a94cc0d0767d6f7613d84d8e3d4fe"
    },
    {
      "name": "@fontsource-variable/jetbrains-mono",
      "version": "5.3.0",
      "digest": "sha256:0445625a317f4ff6cfe58c4272334b4af720309df2339356d3fb81e40c375210"
    },
    {
      "name": "@fontsource-variable/josefin-sans",
      "version": "5.3.0",
      "digest": "sha256:5780323301d2480c3e111de34f9dfc11d24fc165be4fcfbc9293dd34da0dcadd"
    },
    {
      "name": "@fontsource-variable/jost",
      "version": "5.3.0",
      "digest": "sha256:875e424e28d005d8b467aa576de202ae3b84c243eaa52d971e946243c1973439"
    },
    {
      "name": "@fontsource-variable/league-spartan",
      "version": "5.3.0",
      "digest": "sha256:6b05150ad1aeede4aed7505507c8b69187bd25f7897dd43ff7f2e93a0028c37c"
    },
    {
      "name": "@fontsource-variable/lexend",
      "version": "5.3.0",
      "digest": "sha256:ca5800b1c654c71ad3c93a47801c2f5748e49cff9b0985ed375c67f500bd1166"
    },
    {
      "name": "@fontsource-variable/libre-baskerville",
      "version": "5.3.0",
      "digest": "sha256:5297642650a09c5a59f7e602b88b7756d379397da7c6e4dfe273b8f1cc6a225c"
    },
    {
      "name": "@fontsource-variable/lora",
      "version": "5.3.0",
      "digest": "sha256:fdea73d2d75785a45046ef9e2dd1ccac35a1194e31ddabfb0f0b95582d418943"
    },
    {
      "name": "@fontsource-variable/manrope",
      "version": "5.3.0",
      "digest": "sha256:c7821cba633009f45db0ae545cbdcd1de1ec764d299b503ade1b8da6ad7f6f07"
    },
    {
      "name": "@fontsource-variable/merriweather",
      "version": "5.3.0",
      "digest": "sha256:0c264e97ca3f76da2d31726727b120a44910ab2620a45f3e09ae938d0fdcc9c4"
    },
    {
      "name": "@fontsource-variable/montserrat",
      "version": "5.3.0",
      "digest": "sha256:b457c7e96aae71eeee8683e6af5eb766c025b2a889d03daa5298fa2e1abc2855"
    },
    {
      "name": "@fontsource-variable/mulish",
      "version": "5.3.0",
      "digest": "sha256:5ce4f4131ef5c5a7ba7f78e7ea82dc45ea0c4ec0550699cf64568e09e54dbb2d"
    },
    {
      "name": "@fontsource-variable/newsreader",
      "version": "5.3.0",
      "digest": "sha256:3c7c5e41a7d778f342a4108253e062deba68ce5bcba1bad7b3cb962e57132a7a"
    },
    {
      "name": "@fontsource-variable/noto-emoji",
      "version": "5.3.0",
      "digest": "sha256:c135feb03a6be9cabe5bef963d63cfa08c97d3ecdf521aa309324c00cacd9964"
    },
    {
      "name": "@fontsource-variable/noto-naskh-arabic",
      "version": "5.3.0",
      "digest": "sha256:f7637a644a70cf88203426e0ebce7dcb8dc672baf63370437c39fbee8b125b8e"
    },
    {
      "name": "@fontsource-variable/noto-sans-arabic",
      "version": "5.3.0",
      "digest": "sha256:5981bdd510158a68c72e42557bcb3387d6ef9ba958bf5000500fa26fe7373767"
    },
    {
      "name": "@fontsource-variable/noto-sans-devanagari",
      "version": "5.3.0",
      "digest": "sha256:dae73904faa148f60a06af6b267916b6ce656c4c333f1b1de63828b8a5639686"
    },
    {
      "name": "@fontsource-variable/noto-sans-hebrew",
      "version": "5.3.0",
      "digest": "sha256:ff616f500efb9d965be8a95d46ca13f3113704360472286f0596aa0bff5dfbc3"
    },
    {
      "name": "@fontsource-variable/noto-sans-hk",
      "version": "5.3.0",
      "digest": "sha256:faa4e754134193f0c0ffa957c9aae3b75779bd443373a3c1e9759ce5876463d5"
    },
    {
      "name": "@fontsource-variable/noto-sans-jp",
      "version": "5.3.0",
      "digest": "sha256:adf3c03671005935de55199037a2e26ebb81471f95268d7327b54aa6ffbacf62"
    },
    {
      "name": "@fontsource-variable/noto-sans-kr",
      "version": "5.3.0",
      "digest": "sha256:97da1dc319b8f42deda034729ac2bfadb0e3b0992f8034edaa39d7270ba2b042"
    },
    {
      "name": "@fontsource-variable/noto-sans-sc",
      "version": "5.3.0",
      "digest": "sha256:1c49ddaaa5d7aeb0503cfa78914bb4957259108c3dfb262d5f4b2bc49549af89"
    },
    {
      "name": "@fontsource-variable/noto-sans-tc",
      "version": "5.3.0",
      "digest": "sha256:08085bc109242c4034e966d2a9580ee02b261ea04d01dbfc27e316f99223c849"
    },
    {
      "name": "@fontsource-variable/noto-sans-thai",
      "version": "5.3.0",
      "digest": "sha256:ff0050b1cc056bcf88fd713d1dc74f42b0e8799f7931ea89da03a51a03dc4588"
    },
    {
      "name": "@fontsource-variable/noto-sans",
      "version": "5.3.0",
      "digest": "sha256:d27afb70065955c963fc96bf65580a086e6d05c9e4b81177941eb730c5e44dd4"
    },
    {
      "name": "@fontsource-variable/noto-serif-jp",
      "version": "5.3.0",
      "digest": "sha256:c442057a769b0293012b790df56d250f08ec7abf5bcbcbc6ef39b9103329ef68"
    },
    {
      "name": "@fontsource-variable/noto-serif-kr",
      "version": "5.3.0",
      "digest": "sha256:000000dfd6e3700d029217bff41b83cfd0266af9fade349b32441f16facd8dce"
    },
    {
      "name": "@fontsource-variable/noto-serif-sc",
      "version": "5.3.0",
      "digest": "sha256:7d845bd433554bc7a9dc656dc7e0818d6083b080a3e9d69956b97b2cf4221d16"
    },
    {
      "name": "@fontsource-variable/noto-serif-tc",
      "version": "5.3.0",
      "digest": "sha256:58b67399101d6fbfbd1a73c0c06c5de29e24889a1592d922f5afd1f6e550e15d"
    },
    {
      "name": "@fontsource-variable/nunito-sans",
      "version": "5.3.0",
      "digest": "sha256:491045f06b188718c4945f753678c851b0a16348e087e62ec6bd9d91a7f29f07"
    },
    {
      "name": "@fontsource-variable/onest",
      "version": "5.3.0",
      "digest": "sha256:dc69d3aba9dca697a3704954a2c9ed6ad2dde3a508f9cff3cfabf06fed2e7518"
    },
    {
      "name": "@fontsource-variable/open-sans",
      "version": "5.3.0",
      "digest": "sha256:bfa7bb83169eaf59da9c2492b9f87adaf4b07a8a2c5580ae235801842ad74b84"
    },
    {
      "name": "@fontsource-variable/oswald",
      "version": "5.3.0",
      "digest": "sha256:25e3819b4bfdd9fc8786d8d4cbc4bcc5121ad617180ab4e38e33573678a64b28"
    },
    {
      "name": "@fontsource-variable/outfit",
      "version": "5.3.0",
      "digest": "sha256:7da0bec12f2f4cc25652bd2bdfdb8686982121bf96f5182e45df5e7a67e3d134"
    },
    {
      "name": "@fontsource-variable/playfair-display",
      "version": "5.3.0",
      "digest": "sha256:9169e0b0212478bec819d29137e25a5e6770cb59508678a2b3d642706c099551"
    },
    {
      "name": "@fontsource-variable/playpen-sans",
      "version": "5.3.0",
      "digest": "sha256:0cdc396f3617afb4d405378726f48b9ef1dab85e3d1c9c4658450a09cb4335a3"
    },
    {
      "name": "@fontsource-variable/plus-jakarta-sans",
      "version": "5.3.0",
      "digest": "sha256:0d3387379914e9c6e57e67a1ccef7a943b372da8ec46de6956a5fd214e3b2609"
    },
    {
      "name": "@fontsource-variable/quicksand",
      "version": "5.3.0",
      "digest": "sha256:8443330eed78c79d91c3582df8b93d22bd82cd7bc4b7c9ae5c3c0f1499a6cac1"
    },
    {
      "name": "@fontsource-variable/raleway",
      "version": "5.3.0",
      "digest": "sha256:ac1f6114679c0177df758499b8d34def94f5b579a939bf2bb3456023ac2be6dc"
    },
    {
      "name": "@fontsource-variable/rethink-sans",
      "version": "5.3.0",
      "digest": "sha256:90242c18b19a9737e80a66ae6922a9c5bd5250a8972981ac1c09e4f8f8aee372"
    },
    {
      "name": "@fontsource-variable/roboto-condensed",
      "version": "5.3.0",
      "digest": "sha256:2b77bf05ddb63c0ebc2827d267235ee6b2851e0371c559f7a93eaf599d329b54"
    },
    {
      "name": "@fontsource-variable/roboto-mono",
      "version": "5.3.0",
      "digest": "sha256:a83a97b73d190630c8d4801333a73e2c265e0ad2480bc77056ad6a5db1672aae"
    },
    {
      "name": "@fontsource-variable/roboto-slab",
      "version": "5.3.0",
      "digest": "sha256:b6d68b8e9932671733d77695b50c09a23e804e952b7ab8da1a05f06ac827cfef"
    },
    {
      "name": "@fontsource-variable/roboto",
      "version": "5.3.0",
      "digest": "sha256:22fd32070d7eb714439e18dfd00da736b833a4ea4f661c8a3b1761ffe8895b30"
    },
    {
      "name": "@fontsource-variable/rubik",
      "version": "5.3.0",
      "digest": "sha256:b66dbc0f67e2c1e9b075f6ee5ed7eff18a3f7398bfdbc3c463962d1bb5064487"
    },
    {
      "name": "@fontsource-variable/shantell-sans",
      "version": "5.3.0",
      "digest": "sha256:18dcfa8618a3ff5bd420e46bac5fcdbc659242f3c0a67f45fc3ef598a9709fae"
    },
    {
      "name": "@fontsource-variable/sora",
      "version": "5.3.0",
      "digest": "sha256:bd5ff142c0797c37b763ae0a97bd1e9469ae163d084887a4660c73d2cf019693"
    },
    {
      "name": "@fontsource-variable/source-serif-4",
      "version": "5.3.0",
      "digest": "sha256:9833b70d7a2c410496ec00794b3c26034593353ac76fe173f3a6df2e958f6167"
    },
    {
      "name": "@fontsource-variable/space-grotesk",
      "version": "5.3.0",
      "digest": "sha256:9a601acdf9e2b9656f537f6691b40152dbc0c9043b249eeda4980281bcced5e5"
    },
    {
      "name": "@fontsource-variable/unbounded",
      "version": "5.3.0",
      "digest": "sha256:f664f5bbef08608533b00016c00a89b623df987b10a89d4832251b2440370c16"
    },
    {
      "name": "@fontsource-variable/urbanist",
      "version": "5.3.0",
      "digest": "sha256:06b9993e23960a5295ad059f44632e0f37ef3157f69ee06fae315fc47765c289"
    },
    {
      "name": "@fontsource-variable/vollkorn",
      "version": "5.3.0",
      "digest": "sha256:a177bb9b23a8c92311a189943fc8f0fb818b68909a792d82e5dd962795c4e663"
    },
    {
      "name": "@fontsource-variable/work-sans",
      "version": "5.3.0",
      "digest": "sha256:e14b9500f229c1fb1500e6c2c5e816601b95a008ac82a05b7d9fd1abc0421efb"
    },
    {
      "name": "@fontsource/abril-fatface",
      "version": "5.3.0",
      "digest": "sha256:5450fc572771171fa509f606b94038bb34722e3baf643d4f892f51d8fb83bca7"
    },
    {
      "name": "@fontsource/alfa-slab-one",
      "version": "5.3.0",
      "digest": "sha256:f3c3900506c54a7a6e15d1edf4181e10638e7d4aa4686db8114a5ff9287138cc"
    },
    {
      "name": "@fontsource/anton",
      "version": "5.3.0",
      "digest": "sha256:8327a2b26073d4deb0ec66643312e1abd4593ea07631a0e1a414e28743513947"
    },
    {
      "name": "@fontsource/architects-daughter",
      "version": "5.3.0",
      "digest": "sha256:8f944b7f148e1f5c6dcdc8108d6e29a99c23423568ee717bd47fc327a0456d3d"
    },
    {
      "name": "@fontsource/archivo-black",
      "version": "5.3.0",
      "digest": "sha256:abef23f9387cc85892ca65e550546ad47a9cd865a965b80b4c954eb48c14d430"
    },
    {
      "name": "@fontsource/bangers",
      "version": "5.3.0",
      "digest": "sha256:93cc064d70ee9bb054fcab65756111ad2adec1a2563b298ad0e0b423a1bbf8a5"
    },
    {
      "name": "@fontsource/barlow-condensed",
      "version": "5.3.0",
      "digest": "sha256:2bd19ad50f89e4e3697aa36fe7a18780b88d1bf4197a8112d709886bb7f52e47"
    },
    {
      "name": "@fontsource/barlow",
      "version": "5.3.0",
      "digest": "sha256:78fe6d1de271b8a49ebdcc588c7d3b91e46ed8f645d1747b360426c7f3b95a55"
    },
    {
      "name": "@fontsource/bebas-neue",
      "version": "5.3.0",
      "digest": "sha256:19e030c987fb0a607c7c5b7cc49e215319547b4a5bdbad23a847dd72559c0be9"
    },
    {
      "name": "@fontsource/black-ops-one",
      "version": "5.3.0",
      "digest": "sha256:a886f9fa9d0125a8f58a41134c5a68cbfa1d9a9ecac554e28d6749dd3c001d6f"
    },
    {
      "name": "@fontsource/bungee",
      "version": "5.3.0",
      "digest": "sha256:2f6397365b231b67179119ac7c639dd8898753b589549599630e3ad875f6ef10"
    },
    {
      "name": "@fontsource/coming-soon",
      "version": "5.3.0",
      "digest": "sha256:962fff0e0ca29eb40abcade296c2338ad1f4bf17fec694b887e8b0fecd9027f0"
    },
    {
      "name": "@fontsource/dm-serif-display",
      "version": "5.3.0",
      "digest": "sha256:7baa767191a29dcc38c3c1e3d88b18c2aedcda780f0ee96ad371d85121c37105"
    },
    {
      "name": "@fontsource/fira-sans-condensed",
      "version": "5.3.0",
      "digest": "sha256:467d333d5891df9e2648a9d56448d5964c62da005ecb52314ddda3d5ade900f0"
    },
    {
      "name": "@fontsource/gloock",
      "version": "5.3.0",
      "digest": "sha256:3f83f5e92b102434e658b8819a52c5a4684c840788d4a51e57973076e15951be"
    },
    {
      "name": "@fontsource/handlee",
      "version": "5.3.0",
      "digest": "sha256:95e1df2590271e9161503f9de5ec9be5b04a4760638fd508c0d8373105d80963"
    },
    {
      "name": "@fontsource/ibm-plex-mono",
      "version": "5.3.0",
      "digest": "sha256:ce4e3dc94b06c85c8a46a6abd9d80e9dc6550731efdd57fefb1fd352c9271313"
    },
    {
      "name": "@fontsource/instrument-serif",
      "version": "5.3.0",
      "digest": "sha256:788b83afa32264554f58562af494b587f7c955f54c172a3e6b655ec7e5cdbf20"
    },
    {
      "name": "@fontsource/kalam",
      "version": "5.3.0",
      "digest": "sha256:8b628b2523d1f66bfa793f674a5a11b2469b2fe175b48fb5154a34dd50ac58d2"
    },
    {
      "name": "@fontsource/kanit",
      "version": "5.3.0",
      "digest": "sha256:44b66731e8b69804fa498661337bcd20012ed4f15a85a27376dea9175f9a4d2d"
    },
    {
      "name": "@fontsource/lato",
      "version": "5.3.0",
      "digest": "sha256:7b9301126b2841096a8c3c2019c8ff0bc6d3f0cec82666dcc817cc9ae171ca5f"
    },
    {
      "name": "@fontsource/lilita-one",
      "version": "5.3.0",
      "digest": "sha256:b068bbb59d6eefcbc234c2c86751f69cf612ceb342c89929999d2d8964d02f8d"
    },
    {
      "name": "@fontsource/liu-jian-mao-cao",
      "version": "5.3.0",
      "digest": "sha256:f9057013c9fd6c031d093311429c8a05b5d633738edfb5be7d597c6f7ec6b638"
    },
    {
      "name": "@fontsource/long-cang",
      "version": "5.3.0",
      "digest": "sha256:9afe14768b363325209e3c150cf80fc516c80c9241fd369949991bb895f96af0"
    },
    {
      "name": "@fontsource/luckiest-guy",
      "version": "5.3.0",
      "digest": "sha256:6ee2cb66ca3a5d27517685e14e68ff2ea3810a2b8bf68927890312ed7796701d"
    },
    {
      "name": "@fontsource/ma-shan-zheng",
      "version": "5.3.0",
      "digest": "sha256:a02ffc7b1d3c7a419280d698475267a50c6c17065a189197a150afaa2d780651"
    },
    {
      "name": "@fontsource/pacifico",
      "version": "5.3.0",
      "digest": "sha256:4f73e816d6d4873df136642f5dccec552b9b86eb1d893aa0831ffa1dc3d7ebf5"
    },
    {
      "name": "@fontsource/patrick-hand",
      "version": "5.3.0",
      "digest": "sha256:3b90fe2b3da647db3b16b85272baa7260043a242e0308428151d2ad9c6c3f985"
    },
    {
      "name": "@fontsource/permanent-marker",
      "version": "5.3.0",
      "digest": "sha256:e0a02a5f2bf71402f6031b495315dbc8f908ffe45f62dcf2c25aeab9e3445e9d"
    },
    {
      "name": "@fontsource/pinyon-script",
      "version": "5.3.0",
      "digest": "sha256:6a04c8fb82f82c7c778bd9bc4c4de80c9883693dda54b8bd5177f44974c1094e"
    },
    {
      "name": "@fontsource/poppins",
      "version": "5.3.0",
      "digest": "sha256:a6062360c1fb29ca3ea309989341b960051a6dbec3618c30c458c642bf7dad32"
    },
    {
      "name": "@fontsource/righteous",
      "version": "5.3.0",
      "digest": "sha256:79e84f71bdeec58c7a8f9f27713b9ce0bc69c03172deb27303efd39587fb2980"
    },
    {
      "name": "@fontsource/satisfy",
      "version": "5.3.0",
      "digest": "sha256:c7dffc71d3f7cacd478896455d11633b6529ea3b6b90b3a8ea33a3baeaf1e766"
    },
    {
      "name": "@fontsource/shadows-into-light",
      "version": "5.3.0",
      "digest": "sha256:d2ada94bd5e183d93b51e7e971711f6a85f3a0f4469e138f0af7362ee2fc17b6"
    },
    {
      "name": "@fontsource/short-stack",
      "version": "5.3.0",
      "digest": "sha256:f3f57149b79b7aa692199846414def30dd13ff6ed8f837d1731be8d261233e10"
    },
    {
      "name": "@fontsource/space-mono",
      "version": "5.3.0",
      "digest": "sha256:3d45b28d3e4c26cd7aac85d6df23808117dfdde126926394e63f6aa9ae1f355d"
    },
    {
      "name": "@fontsource/zcool-kuaile",
      "version": "5.3.0",
      "digest": "sha256:92769d2814bb9186e26e388dc0656a8a0e2e883829646352024c0aec41dbbbbd"
    },
    {
      "name": "@fontsource/zcool-qingke-huangyou",
      "version": "5.3.0",
      "digest": "sha256:15854638d77023d0e32383f53f490e060cd8e0f8cf4994b2c99fe8522bf74e43"
    },
    {
      "name": "@fontsource/zcool-xiaowei",
      "version": "5.3.0",
      "digest": "sha256:79a87ecebfb75fc4fc01b36db09fe67d2080c090b73e145dc605dd2375974284"
    },
    {
      "name": "@infolektuell/noto-color-emoji",
      "version": "0.2.0",
      "digest": "sha256:1cb876e4d1fbd09da62f17c1599935b132427288052b2ab3afa8a8458329a720"
    },
    {
      "name": "@narratage/artifact",
      "version": "0.0.0-dev",
      "digest": "sha256:ab491f28a896c649fb0aa087837dfc2b55f4a5b5303d6184f75a8b329fd83938"
    },
    {
      "name": "@narratage/caption-fine",
      "version": "0.0.0-dev",
      "digest": "sha256:9f5e14112a86726354c6394d94b37e6dcf0474f652e4ac64c589c9c00301bd87"
    },
    {
      "name": "@narratage/caption-gemini",
      "version": "0.0.0-dev",
      "digest": "sha256:2e66eeac0edb196dfc560eca5d7510367bb66d0076d1479cc98cb884c8569a39"
    },
    {
      "name": "@narratage/caption",
      "version": "0.0.0-dev",
      "digest": "sha256:b0816a40515dcf10ed521a8263a66af4689a6a2810c7a112f9c655bdbce24461"
    },
    {
      "name": "@narratage/component-kit",
      "version": "0.0.0-dev",
      "digest": "sha256:b1deef422270dad8c3d0a211f316e8c9b76983fe9bef0c86edb3bf337063e160"
    },
    {
      "name": "@narratage/composition",
      "version": "0.0.0-dev",
      "digest": "sha256:4086360c8398858848898502803bcd62260b927b7357b373ae3198565af29884"
    },
    {
      "name": "@narratage/core",
      "version": "0.0.0-dev",
      "digest": "sha256:0435a597fd0de68496cb21d71bf0de5ad2b15ac77ef1b0404314ec02063c8863"
    },
    {
      "name": "@narratage/elaborator",
      "version": "0.0.0-dev",
      "digest": "sha256:80404ad00fe076438afb6cc6d3de1763e50b4e92d7e0e1b37f3b84a03c238472"
    },
    {
      "name": "@narratage/estimate",
      "version": "0.0.0-dev",
      "digest": "sha256:7298ff29854182310c232d4dd1a808dc978cb7a395bfb835be98306199493cec"
    },
    {
      "name": "@narratage/film",
      "version": "0.0.0-dev",
      "digest": "sha256:8da8106cc8e7ca6aa5f35aa7785e998e94b3bb56e4c23ade8d98d0aebfcaeaa8"
    },
    {
      "name": "@narratage/fonts-open",
      "version": "0.0.0-dev",
      "digest": "sha256:bb537c7eb45ed29e5a2c3c5e466d62815409b1d34f1c368e028cfdacd8113384"
    },
    {
      "name": "@narratage/generation",
      "version": "0.0.0-dev",
      "digest": "sha256:1f122b7501409cdbed754879f7876ef92875f089afd02a117f698c67580cb6e3"
    },
    {
      "name": "@narratage/host",
      "version": "0.0.0-dev",
      "digest": "sha256:f387bf4e60f41cf455b59396887ea14591e61f2e3a1d237422bfc3b26a1eba63"
    },
    {
      "name": "@narratage/hyperframes",
      "version": "0.0.0-dev",
      "digest": "sha256:c4545dc5a8f122e61795e1858e0b5ea2027ada8850de55862e0522aaee23d50a"
    },
    {
      "name": "@narratage/markup",
      "version": "0.0.0-dev",
      "digest": "sha256:fdcc0684d79d7395367fd74be7454b8b1a3567729e8a9cb95a120c78ba2a770b"
    },
    {
      "name": "@narratage/media-pipeline",
      "version": "0.0.0-dev",
      "digest": "sha256:686ac1e8617778eabd8be17b6ae77a14d5aa7a8645d42dc172e2d306b27e13f5"
    },
    {
      "name": "@narratage/media-track",
      "version": "0.0.0-dev",
      "digest": "sha256:436dff3f99b8817bb82a9197cee6167e877694ab109c18e99cd449d4db31c1bd"
    },
    {
      "name": "@narratage/media",
      "version": "0.0.0-dev",
      "digest": "sha256:c2b3d3ad1781fd22265fe45f1cd7398db43ff9cb665e45769c6b33c451fea1b3"
    },
    {
      "name": "@narratage/model-kit",
      "version": "0.0.0-dev",
      "digest": "sha256:8209d737204ebeebdbaed61747ea0a0a02851936b4654e80f61310a98bdfd445"
    },
    {
      "name": "@narratage/narrative",
      "version": "0.0.0-dev",
      "digest": "sha256:ab196abb6c244b63e9343ead7230c287fd3438a2520aab76030c4c4e9d95b938"
    },
    {
      "name": "@narratage/program-space",
      "version": "0.0.0-dev",
      "digest": "sha256:3064d7fad4b070cac0b41465089615b1845715ec7e0938e364245a7b2abdbca2"
    },
    {
      "name": "@narratage/protocol",
      "version": "0.0.0-dev",
      "digest": "sha256:d135687df9cdef396599c0ccd0dae84ac83b2b30f42edf6c4ad4d03cfe442031"
    },
    {
      "name": "@narratage/render-hyperframes",
      "version": "0.0.0-dev",
      "digest": "sha256:0b7683a6c4ad24a664e3512c9bd6afd3bc78807ac6f60b29d6592411caa34857"
    },
    {
      "name": "@narratage/run-markup",
      "version": "0.0.0-dev",
      "digest": "sha256:43c722d3e97bf3e829b43b0805893b93f8d8583ac3965ed576b02d7aaf17bc80"
    },
    {
      "name": "@narratage/run",
      "version": "0.0.0-dev",
      "digest": "sha256:3fa6ffd518f19b7dec2b84ed566f40f8f657942f1e0b8ae948717cd4bceb63d0"
    },
    {
      "name": "@narratage/script",
      "version": "0.0.0-dev",
      "digest": "sha256:02c7b1016edabba5f71fd301db662d95c28eb17d0835dcc413b16bdb58b0cb74"
    },
    {
      "name": "@narratage/seedance",
      "version": "0.0.0-dev",
      "digest": "sha256:d13491779632d7c472168402ec18579ae23542703fa261af262730e44497b93e"
    },
    {
      "name": "@narratage/semantic-map",
      "version": "0.0.0-dev",
      "digest": "sha256:325ac9dcb09e6f488901073e03309beb44db4c8fdae1fc5045d0259138bbbc59"
    },
    {
      "name": "@narratage/source",
      "version": "0.0.0-dev",
      "digest": "sha256:ac3627895d1c40440b8bc6ba3a692acc4ba6065b03f199ccce68b35ab912aa8c"
    },
    {
      "name": "@narratage/spatial",
      "version": "0.0.0-dev",
      "digest": "sha256:da9738a219aaa926f05f0d4b8468d5346687fd4ddca21af2813e980559c2a4e4"
    },
    {
      "name": "@narratage/speech-alignment",
      "version": "0.0.0-dev",
      "digest": "sha256:8aee2e44c917387b7634f7dd209468f66e049dec3648fc122328571cf6cbc39d"
    },
    {
      "name": "@narratage/speech-basis",
      "version": "0.0.0-dev",
      "digest": "sha256:6ef12a5473e01a7fdd4b3e334c6d691f943d09a84a1b2d0c9d2c28b174ccc59b"
    },
    {
      "name": "@narratage/speech-evidence",
      "version": "0.0.0-dev",
      "digest": "sha256:71f1bf7259ed39e80ccd7bf7573f8a6e667dee31f0d6b5453c058568dc792f54"
    },
    {
      "name": "@narratage/speech-spine",
      "version": "0.0.0-dev",
      "digest": "sha256:9d726018132098d8e00d2111f2ea4b288300a31d739176b7729682b226f381fc"
    },
    {
      "name": "@narratage/speech",
      "version": "0.0.0-dev",
      "digest": "sha256:461137d8a3e1a44e3263fc5b43eb8fd0fc1419403287ccbb362a930ba7524914"
    },
    {
      "name": "@narratage/svs",
      "version": "0.0.0-dev",
      "digest": "sha256:4eca1f17790604d6cb2b72fce2840ab1776e636a993ba7580266e4413069bc3f"
    },
    {
      "name": "@narratage/temporal",
      "version": "0.0.0-dev",
      "digest": "sha256:d6f0bc52093918dda8bb476156b9b9e91b4cf972abbea7addd152cc23e89f6b2"
    },
    {
      "name": "@narratage/text",
      "version": "0.0.0-dev",
      "digest": "sha256:94e0281f4883b871ffe1bf5c176f3b6b181d12ad4b08ca77b2ec3edfc606ad7b"
    },
    {
      "name": "@narratage/validation",
      "version": "0.0.0-dev",
      "digest": "sha256:d9328e7d2e67991ef6aeea5a920b7827b125654b8c9a7e05e6a640107422c0b1"
    },
    {
      "name": "@narratage/visual-ir",
      "version": "0.0.0-dev",
      "digest": "sha256:b6bb73164bd382ee2b7c983c86fc112b4a4964c17422b8950781437451dd66f6"
    },
    {
      "name": "@narratage/whisperx",
      "version": "0.0.0-dev",
      "digest": "sha256:5af861c21a5359b78b64a694a0f8981f72d0b62914282a9e784b378e0a4b6738"
    },
    {
      "name": "cmu-pronouncing-dictionary",
      "version": "3.0.0",
      "digest": "sha256:9771ce965a3170bd1853f1d61dc1f517f31613e0d1775d07b0381f3b75364b31"
    }
  ],
  "packages": [
    {
      "specifier": "@narratage/artifact",
      "package": {
        "name": "@narratage/artifact",
        "version": "0.0.0-dev"
      },
      "facetsDigest": "sha256:72524ad8d5599450b4ab199680a6382c72c40cbf760f9c0265687f340aa60650",
      "closureDigest": "sha256:9af8a3957f71f46d7e84ab13ee75c77fe68225977fecb5891636ae98488703ed"
    },
    {
      "specifier": "@narratage/caption",
      "package": {
        "name": "@narratage/caption",
        "version": "0.0.0-dev"
      },
      "facetsDigest": "sha256:1b7b07dfb828c3f95e321841a956e371c044dad8f39c117d92096e9be19b0032",
      "closureDigest": "sha256:b5541534caea1622c41b32d98c071f7785cfd3dcb0a436ddd779435e1497b2cb"
    },
    {
      "specifier": "@narratage/caption-fine",
      "package": {
        "name": "@narratage/caption-fine",
        "version": "0.0.0-dev"
      },
      "facetsDigest": "sha256:f0fe924f01329305b8fdd73e08dca94801db2cefe623886821d9a7f50c38ff7e",
      "closureDigest": "sha256:f88256a5294f48b8ef371ba69fed62036d616a535f3f46bdd7f3a2b8827444df"
    },
    {
      "specifier": "@narratage/caption-gemini",
      "package": {
        "name": "@narratage/caption-gemini",
        "version": "0.0.0-dev"
      },
      "facetsDigest": "sha256:733cd8ac6415d69fffe460f77870787e7d3146fe11c937461bc9d849edc94106",
      "closureDigest": "sha256:1ff7b3ce2effd5d1c1509f3829f9a5c1d6200b9d2a7970fc346cfa87113590b2"
    },
    {
      "specifier": "@narratage/composition",
      "package": {
        "name": "@narratage/composition",
        "version": "0.0.0-dev"
      },
      "facetsDigest": "sha256:d0c91a61caa7303210d898183ae355ab6c5e0eb1de8bd5a0c237cd4388693104",
      "closureDigest": "sha256:50d36d83264bdde006e2a246b02f410f9c8f8cbe37d607cf76e0fccad2ca757e"
    },
    {
      "specifier": "@narratage/estimate",
      "package": {
        "name": "@narratage/estimate",
        "version": "0.0.0-dev"
      },
      "facetsDigest": "sha256:824e38fe102d9d6862642df2113d094002f02ab31b1f7e844883863ea8c777fa",
      "closureDigest": "sha256:ef04cf6fbdec1760b3cb648fb0c1770fc6f5ef51cd29bf80905dd7584f4b8c26"
    },
    {
      "specifier": "@narratage/film",
      "package": {
        "name": "@narratage/film",
        "version": "0.0.0-dev"
      },
      "facetsDigest": "sha256:f6e47bdf84726556e6ee174da07b7dd435b6e7b9865065f7d7cb29ec0ed5b166",
      "closureDigest": "sha256:bf1e6b7af7bc5655c65dfeda8c0ffe6f9e259ee7af1d10053a498fe5c0c6c737"
    },
    {
      "specifier": "@narratage/fonts-open",
      "package": {
        "name": "@narratage/fonts-open",
        "version": "0.0.0-dev"
      },
      "facetsDigest": "sha256:2117122b06d7c1cd6bee519e72aff22bc3b50f179b50da21dcc84ddf7014457f",
      "closureDigest": "sha256:925aa67fcb775d4650b885a2affb146d034bda6c89856b573d5cabc4aad5910f"
    },
    {
      "specifier": "@narratage/generation",
      "package": {
        "name": "@narratage/generation",
        "version": "0.0.0-dev"
      },
      "facetsDigest": "sha256:d74a57a3210267e665366513324db5c313b3ca0f770da66e74cc38aee5048efb",
      "closureDigest": "sha256:221a979fbc8252c3792f57d1863aea1c01ddf879ed38ad1da43606d884f976d6"
    },
    {
      "specifier": "@narratage/hyperframes",
      "package": {
        "name": "@narratage/hyperframes",
        "version": "0.0.0-dev"
      },
      "facetsDigest": "sha256:520234d0b029d7229e6595483e2f0d0227d20cf662363163975691e2471a767e",
      "closureDigest": "sha256:f50d2496fa900dc147c03266c37936be2f9bd6d9bca490759cabdcbde73db8a6"
    },
    {
      "specifier": "@narratage/media",
      "package": {
        "name": "@narratage/media",
        "version": "0.0.0-dev"
      },
      "facetsDigest": "sha256:f0974c7d88918ca4796dbb86dea24b6d29f8f5f44430c4845f9928f1df5b22e5",
      "closureDigest": "sha256:aa3bc5b06ee4228f9961f3a76252e2fe5b323fcae78314f74f3f1f259abefd87"
    },
    {
      "specifier": "@narratage/media-pipeline",
      "package": {
        "name": "@narratage/media-pipeline",
        "version": "0.0.0-dev"
      },
      "facetsDigest": "sha256:7a1238a5925a32f26bfc34131a3765626bd4c115e0d78d52ff8f47309cb20488",
      "closureDigest": "sha256:311ef2e9622af3dc2dfee6414e9941d8aba86cd294528c682239f6bf9e7f4af3"
    },
    {
      "specifier": "@narratage/narrative",
      "package": {
        "name": "@narratage/narrative",
        "version": "0.0.0-dev"
      },
      "facetsDigest": "sha256:703db7ad343b00701dc39e3b316992dc371307f0c6c2ad15d1e0269257ffb326",
      "closureDigest": "sha256:9d46c9657b36a2bd0aaab70c8d59dd89bfccfeaf6ae0cd22f0378bebf8faa210"
    },
    {
      "specifier": "@narratage/program-space",
      "package": {
        "name": "@narratage/program-space",
        "version": "0.0.0-dev"
      },
      "facetsDigest": "sha256:b1e4eab41a135914556872f0f47a0c02b8ce76920366cbf86121b720af069052",
      "closureDigest": "sha256:71ba5d16ebbdbea16f55adb0892c4916b637821972794668e2d6effa11fc101b"
    },
    {
      "specifier": "@narratage/render-hyperframes",
      "package": {
        "name": "@narratage/render-hyperframes",
        "version": "0.0.0-dev"
      },
      "facetsDigest": "sha256:7e39e44782f671e0f778428017af6e16aea7974d87201d75dbe2b12493029241",
      "closureDigest": "sha256:998a10db021197d6dc6d665d9c5141834756f1d6cd1ac7cc35514d882a3c7e7e"
    },
    {
      "specifier": "@narratage/run-markup",
      "package": {
        "name": "@narratage/run-markup",
        "version": "0.0.0-dev"
      },
      "facetsDigest": "sha256:fb3a8a5be9a0ef0aa914026a199be641f4e20df27f9b284be196f52fd260be55",
      "closureDigest": "sha256:5536bfe09b90c925da8db5cd761670fbb8eee49de2b9210cfb9085cd3e3bef65"
    },
    {
      "specifier": "@narratage/script",
      "package": {
        "name": "@narratage/script",
        "version": "0.0.0-dev"
      },
      "facetsDigest": "sha256:69e1c08a5f07c73a506ca8286426a0386485738649e86463cca0b291f319ee4e",
      "closureDigest": "sha256:3119a2137299841704aee964840b73b3ce1ccf9926f210715d304357b4716eb9"
    },
    {
      "specifier": "@narratage/seedance",
      "package": {
        "name": "@narratage/seedance",
        "version": "0.0.0-dev"
      },
      "facetsDigest": "sha256:df015abfb273de3629eec0da456a6fa90e7a55a5ed092d76a74c3d1dc4a5f705",
      "closureDigest": "sha256:ebff7929b5c8fcd2f0a7ecdce75787a539fa9dccbf56d37f1d5236fb62f7f574"
    },
    {
      "specifier": "@narratage/semantic-map",
      "package": {
        "name": "@narratage/semantic-map",
        "version": "0.0.0-dev"
      },
      "facetsDigest": "sha256:510a57287945426449c8b2580d22a2d7f90ccaf1cb5bdd4fa5071b5b05ee91c0",
      "closureDigest": "sha256:85097c16c80f9e9f1c3caf94004aebe2932dfc744ffb0594c514885bbf090df6"
    },
    {
      "specifier": "@narratage/spatial",
      "package": {
        "name": "@narratage/spatial",
        "version": "0.0.0-dev"
      },
      "facetsDigest": "sha256:5062281ffadb46495ec12e1a67185b57fe13879e90f03bcf544e93fd1d273716",
      "closureDigest": "sha256:a3291525f6d5e3cbab593b08ac0a56a40bddbf26bf045bd8b61818c7dd068970"
    },
    {
      "specifier": "@narratage/speech",
      "package": {
        "name": "@narratage/speech",
        "version": "0.0.0-dev"
      },
      "facetsDigest": "sha256:6d1be76a2ee9486146436fde148c99eccdc055948a39c5098de2ff4122d80c7a",
      "closureDigest": "sha256:ce8f27757495e726eeb890b6a8dd2b7279280a4b0fb41b4bebe78eeb0b2c12da"
    },
    {
      "specifier": "@narratage/speech-alignment",
      "package": {
        "name": "@narratage/speech-alignment",
        "version": "0.0.0-dev"
      },
      "facetsDigest": "sha256:78162875012523865df9c69770127a1db6ef9a8f5fc5af72255360af2a9c4370",
      "closureDigest": "sha256:d79873e86e198d8f695a70cff314cafbf85abc0f209bd69a25f6cbb5fee6a303"
    },
    {
      "specifier": "@narratage/speech-basis",
      "package": {
        "name": "@narratage/speech-basis",
        "version": "0.0.0-dev"
      },
      "facetsDigest": "sha256:9a632d439b48eddb8754536436e133f484c2763796b640bdb80c0426b66ab36b",
      "closureDigest": "sha256:dd8ef0b8c585e184dc78fab410b9f5e9a2ce1f783f531adc133f3c514c8de70c"
    },
    {
      "specifier": "@narratage/speech-evidence",
      "package": {
        "name": "@narratage/speech-evidence",
        "version": "0.0.0-dev"
      },
      "facetsDigest": "sha256:989d191644ea472a3cbd386bd4a6992f1f7f5ef82f1f8da53c9a4efa99d3d2d1",
      "closureDigest": "sha256:46ff3628c5550bd370413bb765dd1db45c52015911cb37801e9760dd5a34fcf1"
    },
    {
      "specifier": "@narratage/speech-spine",
      "package": {
        "name": "@narratage/speech-spine",
        "version": "0.0.0-dev"
      },
      "facetsDigest": "sha256:3d111c730361c6ecc9aa80bbba0d0aaecade3e0335cb59aabc66df003103fd9b",
      "closureDigest": "sha256:7290165519be85bdcba51ba0a5b4a230468e2a99e218cd137ebf9f9b497ad55f"
    },
    {
      "specifier": "@narratage/svs",
      "package": {
        "name": "@narratage/svs",
        "version": "0.0.0-dev"
      },
      "facetsDigest": "sha256:9cc7c397d2cd97b5a3e814886b6553b6d236fd8825df0d056e328b7f0cf20163",
      "closureDigest": "sha256:60997550b920c80c160585978099bec2cf85923f0f3a8e5b2b5e25a00ea2ac07"
    },
    {
      "specifier": "@narratage/text",
      "package": {
        "name": "@narratage/text",
        "version": "0.0.0-dev"
      },
      "facetsDigest": "sha256:4435dd4bd38e5e017013f775e28e379e3e235211649ee8f3913378f7f9e60b58",
      "closureDigest": "sha256:685ea018716e3448684df6a0de4bd96066108256b393dca396477695b9c5907b"
    },
    {
      "specifier": "@narratage/visual-ir",
      "package": {
        "name": "@narratage/visual-ir",
        "version": "0.0.0-dev"
      },
      "facetsDigest": "sha256:8c577a635a48ee04441068df1f3dc2c18a602bff091fddca8883a3843ce4ce37",
      "closureDigest": "sha256:e86ecf6815899678a9d530a39632fb606e2169d46a5a50b8f7e517998a7dc3a5"
    },
    {
      "specifier": "@narratage/whisperx",
      "package": {
        "name": "@narratage/whisperx",
        "version": "0.0.0-dev"
      },
      "facetsDigest": "sha256:ad35d9300b271daca619fb532a6603dcc91803781dcac6d3a794ee08aff507f2",
      "closureDigest": "sha256:ff663ca601624088c17e6bcb97d2b728cb79fb0f35c712d50fdea2c22b1f7ff0"
    }
  ],
  "digest": "sha256:9c74142b89374e629ab59e34dc0acea46109dd085479e5b02efa6d2385e8bea3"
}
