{
  "format": "svml.node-package-lock@1",
  "selected": [
    "@narratage/caption",
    "@narratage/caption-fine",
    "@narratage/caption-gemini",
    "@narratage/estimate",
    "@narratage/film",
    "@narratage/fonts-open",
    "@narratage/media",
    "@narratage/render-hyperframes",
    "@narratage/run-markup",
    "@narratage/script",
    "@narratage/seedance",
    "@narratage/spatial",
    "@narratage/speech-spine",
    "@narratage/svs",
    "@narratage/text",
    "@narratage/whisperx"
  ],
  "artifacts": [
    {
      "name": "@fontsource-variable/archivo",
      "version": "5.3.0",
      "digest": "sha256:d0756ae991869df099871e469cc1a3206efc9c50ab34298da0b97aec284fec88"
    },
    {
      "name": "@fontsource-variable/bodoni-moda",
      "version": "5.3.0",
      "digest": "sha256:124e5f7bd2cd952ba895a72847b89bc4fa0a0d831644466393efe61b050622f8"
    },
    {
      "name": "@fontsource-variable/cabin",
      "version": "5.3.0",
      "digest": "sha256:c0da1888b21a3fdc8b391a08b7a59459ce2bdde5a4550bbd34cd6aaf381af93c"
    },
    {
      "name": "@fontsource-variable/caveat",
      "version": "5.3.0",
      "digest": "sha256:21e2ae66cd592a9bd0b53714d04b4aa9adeda6c9340d6180f174829155af2dbe"
    },
    {
      "name": "@fontsource-variable/cinzel",
      "version": "5.3.0",
      "digest": "sha256:883ab987aaf354347d03b5c4a6e59068611dff971011b75c0a2cd8785d084b85"
    },
    {
      "name": "@fontsource-variable/cormorant-garamond",
      "version": "5.3.0",
      "digest": "sha256:5fb212991abe42dc54820a0e99a50d54fd68b8794e05e01fcecd88bc3d9b718f"
    },
    {
      "name": "@fontsource-variable/crimson-pro",
      "version": "5.3.0",
      "digest": "sha256:2af0252ef3293e7f7213467bf2908cbd92a1ac1ef2de8a37ed3134aa553b0854"
    },
    {
      "name": "@fontsource-variable/dm-sans",
      "version": "5.3.0",
      "digest": "sha256:282b5942ecdf37ecb2946c271874f16053e32d7984e465bafa848cd70979b7c5"
    },
    {
      "name": "@fontsource-variable/eb-garamond",
      "version": "5.3.0",
      "digest": "sha256:3f839e82eff702919083009237af1c1975b80f8d9766ac5f97a291cfbf82dea0"
    },
    {
      "name": "@fontsource-variable/figtree",
      "version": "5.3.0",
      "digest": "sha256:bbd1e28aae1070c95fe09ce9bdc94e310b950d35e13d0817fce344d2a57a5c07"
    },
    {
      "name": "@fontsource-variable/fira-code",
      "version": "5.3.0",
      "digest": "sha256:26593d3b4aab4bef1d37b2f7b301739efd6861020b1f44e2cddf14b933453d72"
    },
    {
      "name": "@fontsource-variable/fraunces",
      "version": "5.3.0",
      "digest": "sha256:1da79839589a15663f4c0a75f91899450e20b8d6bd91044c826d07f4ca4d3771"
    },
    {
      "name": "@fontsource-variable/fredoka",
      "version": "5.3.0",
      "digest": "sha256:aeb50015a5e92b2033e5358f391f1221cf7a461f5793ab28d516fa0ee535af85"
    },
    {
      "name": "@fontsource-variable/geist-mono",
      "version": "5.3.0",
      "digest": "sha256:9122fc7e67d7f2788cb82b2eacd489a9430435133488962cbe9ab40ff952dccd"
    },
    {
      "name": "@fontsource-variable/geist",
      "version": "5.3.0",
      "digest": "sha256:01af74b4d77592a1d560c1992568eca3e719117b81b5c2c8798281680180a8c4"
    },
    {
      "name": "@fontsource-variable/instrument-sans",
      "version": "5.3.0",
      "digest": "sha256:10b5fd92cf05d3259b0dfca0b37971b7c522f29b17b5804ddc5bb404ceefc7e3"
    },
    {
      "name": "@fontsource-variable/inter",
      "version": "5.3.0",
      "digest": "sha256:e4ca49893204e3b3d156d22daddb4f96c06a94cc0d0767d6f7613d84d8e3d4fe"
    },
    {
      "name": "@fontsource-variable/jetbrains-mono",
      "version": "5.3.0",
      "digest": "sha256:0445625a317f4ff6cfe58c4272334b4af720309df2339356d3fb81e40c375210"
    },
    {
      "name": "@fontsource-variable/josefin-sans",
      "version": "5.3.0",
      "digest": "sha256:5780323301d2480c3e111de34f9dfc11d24fc165be4fcfbc9293dd34da0dcadd"
    },
    {
      "name": "@fontsource-variable/jost",
      "version": "5.3.0",
      "digest": "sha256:875e424e28d005d8b467aa576de202ae3b84c243eaa52d971e946243c1973439"
    },
    {
      "name": "@fontsource-variable/league-spartan",
      "version": "5.3.0",
      "digest": "sha256:6b05150ad1aeede4aed7505507c8b69187bd25f7897dd43ff7f2e93a0028c37c"
    },
    {
      "name": "@fontsource-variable/lexend",
      "version": "5.3.0",
      "digest": "sha256:ca5800b1c654c71ad3c93a47801c2f5748e49cff9b0985ed375c67f500bd1166"
    },
    {
      "name": "@fontsource-variable/libre-baskerville",
      "version": "5.3.0",
      "digest": "sha256:5297642650a09c5a59f7e602b88b7756d379397da7c6e4dfe273b8f1cc6a225c"
    },
    {
      "name": "@fontsource-variable/lora",
      "version": "5.3.0",
      "digest": "sha256:fdea73d2d75785a45046ef9e2dd1ccac35a1194e31ddabfb0f0b95582d418943"
    },
    {
      "name": "@fontsource-variable/manrope",
      "version": "5.3.0",
      "digest": "sha256:c7821cba633009f45db0ae545cbdcd1de1ec764d299b503ade1b8da6ad7f6f07"
    },
    {
      "name": "@fontsource-variable/merriweather",
      "version": "5.3.0",
      "digest": "sha256:0c264e97ca3f76da2d31726727b120a44910ab2620a45f3e09ae938d0fdcc9c4"
    },
    {
      "name": "@fontsource-variable/montserrat",
      "version": "5.3.0",
      "digest": "sha256:b457c7e96aae71eeee8683e6af5eb766c025b2a889d03daa5298fa2e1abc2855"
    },
    {
      "name": "@fontsource-variable/mulish",
      "version": "5.3.0",
      "digest": "sha256:5ce4f4131ef5c5a7ba7f78e7ea82dc45ea0c4ec0550699cf64568e09e54dbb2d"
    },
    {
      "name": "@fontsource-variable/newsreader",
      "version": "5.3.0",
      "digest": "sha256:3c7c5e41a7d778f342a4108253e062deba68ce5bcba1bad7b3cb962e57132a7a"
    },
    {
      "name": "@fontsource-variable/noto-emoji",
      "version": "5.3.0",
      "digest": "sha256:c135feb03a6be9cabe5bef963d63cfa08c97d3ecdf521aa309324c00cacd9964"
    },
    {
      "name": "@fontsource-variable/noto-naskh-arabic",
      "version": "5.3.0",
      "digest": "sha256:f7637a644a70cf88203426e0ebce7dcb8dc672baf63370437c39fbee8b125b8e"
    },
    {
      "name": "@fontsource-variable/noto-sans-arabic",
      "version": "5.3.0",
      "digest": "sha256:5981bdd510158a68c72e42557bcb3387d6ef9ba958bf5000500fa26fe7373767"
    },
    {
      "name": "@fontsource-variable/noto-sans-devanagari",
      "version": "5.3.0",
      "digest": "sha256:dae73904faa148f60a06af6b267916b6ce656c4c333f1b1de63828b8a5639686"
    },
    {
      "name": "@fontsource-variable/noto-sans-hebrew",
      "version": "5.3.0",
      "digest": "sha256:ff616f500efb9d965be8a95d46ca13f3113704360472286f0596aa0bff5dfbc3"
    },
    {
      "name": "@fontsource-variable/noto-sans-hk",
      "version": "5.3.0",
      "digest": "sha256:faa4e754134193f0c0ffa957c9aae3b75779bd443373a3c1e9759ce5876463d5"
    },
    {
      "name": "@fontsource-variable/noto-sans-jp",
      "version": "5.3.0",
      "digest": "sha256:adf3c03671005935de55199037a2e26ebb81471f95268d7327b54aa6ffbacf62"
    },
    {
      "name": "@fontsource-variable/noto-sans-kr",
      "version": "5.3.0",
      "digest": "sha256:97da1dc319b8f42deda034729ac2bfadb0e3b0992f8034edaa39d7270ba2b042"
    },
    {
      "name": "@fontsource-variable/noto-sans-sc",
      "version": "5.3.0",
      "digest": "sha256:1c49ddaaa5d7aeb0503cfa78914bb4957259108c3dfb262d5f4b2bc49549af89"
    },
    {
      "name": "@fontsource-variable/noto-sans-tc",
      "version": "5.3.0",
      "digest": "sha256:08085bc109242c4034e966d2a9580ee02b261ea04d01dbfc27e316f99223c849"
    },
    {
      "name": "@fontsource-variable/noto-sans-thai",
      "version": "5.3.0",
      "digest": "sha256:ff0050b1cc056bcf88fd713d1dc74f42b0e8799f7931ea89da03a51a03dc4588"
    },
    {
      "name": "@fontsource-variable/noto-sans",
      "version": "5.3.0",
      "digest": "sha256:d27afb70065955c963fc96bf65580a086e6d05c9e4b81177941eb730c5e44dd4"
    },
    {
      "name": "@fontsource-variable/noto-serif-jp",
      "version": "5.3.0",
      "digest": "sha256:c442057a769b0293012b790df56d250f08ec7abf5bcbcbc6ef39b9103329ef68"
    },
    {
      "name": "@fontsource-variable/noto-serif-kr",
      "version": "5.3.0",
      "digest": "sha256:000000dfd6e3700d029217bff41b83cfd0266af9fade349b32441f16facd8dce"
    },
    {
      "name": "@fontsource-variable/noto-serif-sc",
      "version": "5.3.0",
      "digest": "sha256:7d845bd433554bc7a9dc656dc7e0818d6083b080a3e9d69956b97b2cf4221d16"
    },
    {
      "name": "@fontsource-variable/noto-serif-tc",
      "version": "5.3.0",
      "digest": "sha256:58b67399101d6fbfbd1a73c0c06c5de29e24889a1592d922f5afd1f6e550e15d"
    },
    {
      "name": "@fontsource-variable/nunito-sans",
      "version": "5.3.0",
      "digest": "sha256:491045f06b188718c4945f753678c851b0a16348e087e62ec6bd9d91a7f29f07"
    },
    {
      "name": "@fontsource-variable/onest",
      "version": "5.3.0",
      "digest": "sha256:dc69d3aba9dca697a3704954a2c9ed6ad2dde3a508f9cff3cfabf06fed2e7518"
    },
    {
      "name": "@fontsource-variable/open-sans",
      "version": "5.3.0",
      "digest": "sha256:bfa7bb83169eaf59da9c2492b9f87adaf4b07a8a2c5580ae235801842ad74b84"
    },
    {
      "name": "@fontsource-variable/oswald",
      "version": "5.3.0",
      "digest": "sha256:25e3819b4bfdd9fc8786d8d4cbc4bcc5121ad617180ab4e38e33573678a64b28"
    },
    {
      "name": "@fontsource-variable/outfit",
      "version": "5.3.0",
      "digest": "sha256:7da0bec12f2f4cc25652bd2bdfdb8686982121bf96f5182e45df5e7a67e3d134"
    },
    {
      "name": "@fontsource-variable/playfair-display",
      "version": "5.3.0",
      "digest": "sha256:9169e0b0212478bec819d29137e25a5e6770cb59508678a2b3d642706c099551"
    },
    {
      "name": "@fontsource-variable/playpen-sans",
      "version": "5.3.0",
      "digest": "sha256:0cdc396f3617afb4d405378726f48b9ef1dab85e3d1c9c4658450a09cb4335a3"
    },
    {
      "name": "@fontsource-variable/plus-jakarta-sans",
      "version": "5.3.0",
      "digest": "sha256:0d3387379914e9c6e57e67a1ccef7a943b372da8ec46de6956a5fd214e3b2609"
    },
    {
      "name": "@fontsource-variable/quicksand",
      "version": "5.3.0",
      "digest": "sha256:8443330eed78c79d91c3582df8b93d22bd82cd7bc4b7c9ae5c3c0f1499a6cac1"
    },
    {
      "name": "@fontsource-variable/raleway",
      "version": "5.3.0",
      "digest": "sha256:ac1f6114679c0177df758499b8d34def94f5b579a939bf2bb3456023ac2be6dc"
    },
    {
      "name": "@fontsource-variable/rethink-sans",
      "version": "5.3.0",
      "digest": "sha256:90242c18b19a9737e80a66ae6922a9c5bd5250a8972981ac1c09e4f8f8aee372"
    },
    {
      "name": "@fontsource-variable/roboto-condensed",
      "version": "5.3.0",
      "digest": "sha256:2b77bf05ddb63c0ebc2827d267235ee6b2851e0371c559f7a93eaf599d329b54"
    },
    {
      "name": "@fontsource-variable/roboto-mono",
      "version": "5.3.0",
      "digest": "sha256:a83a97b73d190630c8d4801333a73e2c265e0ad2480bc77056ad6a5db1672aae"
    },
    {
      "name": "@fontsource-variable/roboto-slab",
      "version": "5.3.0",
      "digest": "sha256:b6d68b8e9932671733d77695b50c09a23e804e952b7ab8da1a05f06ac827cfef"
    },
    {
      "name": "@fontsource-variable/roboto",
      "version": "5.3.0",
      "digest": "sha256:22fd32070d7eb714439e18dfd00da736b833a4ea4f661c8a3b1761ffe8895b30"
    },
    {
      "name": "@fontsource-variable/rubik",
      "version": "5.3.0",
      "digest": "sha256:b66dbc0f67e2c1e9b075f6ee5ed7eff18a3f7398bfdbc3c463962d1bb5064487"
    },
    {
      "name": "@fontsource-variable/shantell-sans",
      "version": "5.3.0",
      "digest": "sha256:18dcfa8618a3ff5bd420e46bac5fcdbc659242f3c0a67f45fc3ef598a9709fae"
    },
    {
      "name": "@fontsource-variable/sora",
      "version": "5.3.0",
      "digest": "sha256:bd5ff142c0797c37b763ae0a97bd1e9469ae163d084887a4660c73d2cf019693"
    },
    {
      "name": "@fontsource-variable/source-serif-4",
      "version": "5.3.0",
      "digest": "sha256:9833b70d7a2c410496ec00794b3c26034593353ac76fe173f3a6df2e958f6167"
    },
    {
      "name": "@fontsource-variable/space-grotesk",
      "version": "5.3.0",
      "digest": "sha256:9a601acdf9e2b9656f537f6691b40152dbc0c9043b249eeda4980281bcced5e5"
    },
    {
      "name": "@fontsource-variable/unbounded",
      "version": "5.3.0",
      "digest": "sha256:f664f5bbef08608533b00016c00a89b623df987b10a89d4832251b2440370c16"
    },
    {
      "name": "@fontsource-variable/urbanist",
      "version": "5.3.0",
      "digest": "sha256:06b9993e23960a5295ad059f44632e0f37ef3157f69ee06fae315fc47765c289"
    },
    {
      "name": "@fontsource-variable/vollkorn",
      "version": "5.3.0",
      "digest": "sha256:a177bb9b23a8c92311a189943fc8f0fb818b68909a792d82e5dd962795c4e663"
    },
    {
      "name": "@fontsource-variable/work-sans",
      "version": "5.3.0",
      "digest": "sha256:e14b9500f229c1fb1500e6c2c5e816601b95a008ac82a05b7d9fd1abc0421efb"
    },
    {
      "name": "@fontsource/abril-fatface",
      "version": "5.3.0",
      "digest": "sha256:5450fc572771171fa509f606b94038bb34722e3baf643d4f892f51d8fb83bca7"
    },
    {
      "name": "@fontsource/alfa-slab-one",
      "version": "5.3.0",
      "digest": "sha256:f3c3900506c54a7a6e15d1edf4181e10638e7d4aa4686db8114a5ff9287138cc"
    },
    {
      "name": "@fontsource/anton",
      "version": "5.3.0",
      "digest": "sha256:8327a2b26073d4deb0ec66643312e1abd4593ea07631a0e1a414e28743513947"
    },
    {
      "name": "@fontsource/architects-daughter",
      "version": "5.3.0",
      "digest": "sha256:8f944b7f148e1f5c6dcdc8108d6e29a99c23423568ee717bd47fc327a0456d3d"
    },
    {
      "name": "@fontsource/archivo-black",
      "version": "5.3.0",
      "digest": "sha256:abef23f9387cc85892ca65e550546ad47a9cd865a965b80b4c954eb48c14d430"
    },
    {
      "name": "@fontsource/bangers",
      "version": "5.3.0",
      "digest": "sha256:93cc064d70ee9bb054fcab65756111ad2adec1a2563b298ad0e0b423a1bbf8a5"
    },
    {
      "name": "@fontsource/barlow-condensed",
      "version": "5.3.0",
      "digest": "sha256:2bd19ad50f89e4e3697aa36fe7a18780b88d1bf4197a8112d709886bb7f52e47"
    },
    {
      "name": "@fontsource/barlow",
      "version": "5.3.0",
      "digest": "sha256:78fe6d1de271b8a49ebdcc588c7d3b91e46ed8f645d1747b360426c7f3b95a55"
    },
    {
      "name": "@fontsource/bebas-neue",
      "version": "5.3.0",
      "digest": "sha256:19e030c987fb0a607c7c5b7cc49e215319547b4a5bdbad23a847dd72559c0be9"
    },
    {
      "name": "@fontsource/black-ops-one",
      "version": "5.3.0",
      "digest": "sha256:a886f9fa9d0125a8f58a41134c5a68cbfa1d9a9ecac554e28d6749dd3c001d6f"
    },
    {
      "name": "@fontsource/bungee",
      "version": "5.3.0",
      "digest": "sha256:2f6397365b231b67179119ac7c639dd8898753b589549599630e3ad875f6ef10"
    },
    {
      "name": "@fontsource/coming-soon",
      "version": "5.3.0",
      "digest": "sha256:962fff0e0ca29eb40abcade296c2338ad1f4bf17fec694b887e8b0fecd9027f0"
    },
    {
      "name": "@fontsource/dm-serif-display",
      "version": "5.3.0",
      "digest": "sha256:7baa767191a29dcc38c3c1e3d88b18c2aedcda780f0ee96ad371d85121c37105"
    },
    {
      "name": "@fontsource/fira-sans-condensed",
      "version": "5.3.0",
      "digest": "sha256:467d333d5891df9e2648a9d56448d5964c62da005ecb52314ddda3d5ade900f0"
    },
    {
      "name": "@fontsource/gloock",
      "version": "5.3.0",
      "digest": "sha256:3f83f5e92b102434e658b8819a52c5a4684c840788d4a51e57973076e15951be"
    },
    {
      "name": "@fontsource/handlee",
      "version": "5.3.0",
      "digest": "sha256:95e1df2590271e9161503f9de5ec9be5b04a4760638fd508c0d8373105d80963"
    },
    {
      "name": "@fontsource/ibm-plex-mono",
      "version": "5.3.0",
      "digest": "sha256:ce4e3dc94b06c85c8a46a6abd9d80e9dc6550731efdd57fefb1fd352c9271313"
    },
    {
      "name": "@fontsource/instrument-serif",
      "version": "5.3.0",
      "digest": "sha256:788b83afa32264554f58562af494b587f7c955f54c172a3e6b655ec7e5cdbf20"
    },
    {
      "name": "@fontsource/kalam",
      "version": "5.3.0",
      "digest": "sha256:8b628b2523d1f66bfa793f674a5a11b2469b2fe175b48fb5154a34dd50ac58d2"
    },
    {
      "name": "@fontsource/kanit",
      "version": "5.3.0",
      "digest": "sha256:44b66731e8b69804fa498661337bcd20012ed4f15a85a27376dea9175f9a4d2d"
    },
    {
      "name": "@fontsource/lato",
      "version": "5.3.0",
      "digest": "sha256:7b9301126b2841096a8c3c2019c8ff0bc6d3f0cec82666dcc817cc9ae171ca5f"
    },
    {
      "name": "@fontsource/lilita-one",
      "version": "5.3.0",
      "digest": "sha256:b068bbb59d6eefcbc234c2c86751f69cf612ceb342c89929999d2d8964d02f8d"
    },
    {
      "name": "@fontsource/liu-jian-mao-cao",
      "version": "5.3.0",
      "digest": "sha256:f9057013c9fd6c031d093311429c8a05b5d633738edfb5be7d597c6f7ec6b638"
    },
    {
      "name": "@fontsource/long-cang",
      "version": "5.3.0",
      "digest": "sha256:9afe14768b363325209e3c150cf80fc516c80c9241fd369949991bb895f96af0"
    },
    {
      "name": "@fontsource/luckiest-guy",
      "version": "5.3.0",
      "digest": "sha256:6ee2cb66ca3a5d27517685e14e68ff2ea3810a2b8bf68927890312ed7796701d"
    },
    {
      "name": "@fontsource/ma-shan-zheng",
      "version": "5.3.0",
      "digest": "sha256:a02ffc7b1d3c7a419280d698475267a50c6c17065a189197a150afaa2d780651"
    },
    {
      "name": "@fontsource/pacifico",
      "version": "5.3.0",
      "digest": "sha256:4f73e816d6d4873df136642f5dccec552b9b86eb1d893aa0831ffa1dc3d7ebf5"
    },
    {
      "name": "@fontsource/patrick-hand",
      "version": "5.3.0",
      "digest": "sha256:3b90fe2b3da647db3b16b85272baa7260043a242e0308428151d2ad9c6c3f985"
    },
    {
      "name": "@fontsource/permanent-marker",
      "version": "5.3.0",
      "digest": "sha256:e0a02a5f2bf71402f6031b495315dbc8f908ffe45f62dcf2c25aeab9e3445e9d"
    },
    {
      "name": "@fontsource/pinyon-script",
      "version": "5.3.0",
      "digest": "sha256:6a04c8fb82f82c7c778bd9bc4c4de80c9883693dda54b8bd5177f44974c1094e"
    },
    {
      "name": "@fontsource/poppins",
      "version": "5.3.0",
      "digest": "sha256:a6062360c1fb29ca3ea309989341b960051a6dbec3618c30c458c642bf7dad32"
    },
    {
      "name": "@fontsource/righteous",
      "version": "5.3.0",
      "digest": "sha256:79e84f71bdeec58c7a8f9f27713b9ce0bc69c03172deb27303efd39587fb2980"
    },
    {
      "name": "@fontsource/satisfy",
      "version": "5.3.0",
      "digest": "sha256:c7dffc71d3f7cacd478896455d11633b6529ea3b6b90b3a8ea33a3baeaf1e766"
    },
    {
      "name": "@fontsource/shadows-into-light",
      "version": "5.3.0",
      "digest": "sha256:d2ada94bd5e183d93b51e7e971711f6a85f3a0f4469e138f0af7362ee2fc17b6"
    },
    {
      "name": "@fontsource/short-stack",
      "version": "5.3.0",
      "digest": "sha256:f3f57149b79b7aa692199846414def30dd13ff6ed8f837d1731be8d261233e10"
    },
    {
      "name": "@fontsource/space-mono",
      "version": "5.3.0",
      "digest": "sha256:3d45b28d3e4c26cd7aac85d6df23808117dfdde126926394e63f6aa9ae1f355d"
    },
    {
      "name": "@fontsource/zcool-kuaile",
      "version": "5.3.0",
      "digest": "sha256:92769d2814bb9186e26e388dc0656a8a0e2e883829646352024c0aec41dbbbbd"
    },
    {
      "name": "@fontsource/zcool-qingke-huangyou",
      "version": "5.3.0",
      "digest": "sha256:15854638d77023d0e32383f53f490e060cd8e0f8cf4994b2c99fe8522bf74e43"
    },
    {
      "name": "@fontsource/zcool-xiaowei",
      "version": "5.3.0",
      "digest": "sha256:79a87ecebfb75fc4fc01b36db09fe67d2080c090b73e145dc605dd2375974284"
    },
    {
      "name": "@infolektuell/noto-color-emoji",
      "version": "0.2.0",
      "digest": "sha256:1cb876e4d1fbd09da62f17c1599935b132427288052b2ab3afa8a8458329a720"
    },
    {
      "name": "@narratage/artifact",
      "version": "0.0.0-dev",
      "digest": "sha256:b254bc523b6e65563cc9df32b270a4f7fe17a7fb7b26a0fd9dc944d4c16479d1"
    },
    {
      "name": "@narratage/caption-fine",
      "version": "0.0.0-dev",
      "digest": "sha256:730a3bdccb438d627587756ee71a171ee4d9846b254e5f5c0afc0b8187ed2676"
    },
    {
      "name": "@narratage/caption-gemini",
      "version": "0.0.0-dev",
      "digest": "sha256:1b5cdb014c3ac774e0b998459092d3a26c042733f878cc81c00c0e435420c58a"
    },
    {
      "name": "@narratage/caption",
      "version": "0.0.0-dev",
      "digest": "sha256:46f2273af9f932e4c208a3e7dd692456691f7827967af0efb54b1a4e1a1388b5"
    },
    {
      "name": "@narratage/component-kit",
      "version": "0.0.0-dev",
      "digest": "sha256:f67949d59b628490e2a371bc4fb42f546ee33648d2a82d439875757b0909f6ab"
    },
    {
      "name": "@narratage/composition",
      "version": "0.0.0-dev",
      "digest": "sha256:e5724c7fdfe7f4c915cf850de9485d25920415d4d4185010c929abcde233d0fa"
    },
    {
      "name": "@narratage/core",
      "version": "0.0.0-dev",
      "digest": "sha256:7a1eaf65fc4b1224e8c627dfab2df032019c086a1fa34fd07721ffc8d101f417"
    },
    {
      "name": "@narratage/elaborator",
      "version": "0.0.0-dev",
      "digest": "sha256:8ef037719fb7608652dbd20acaa5787a368a3454656ac15b0eb9c7a579991957"
    },
    {
      "name": "@narratage/estimate",
      "version": "0.0.0-dev",
      "digest": "sha256:96943c839ec65c4bbf6e2fa687332861d1625a3ab8dc897e4d845e6e58c3a293"
    },
    {
      "name": "@narratage/film",
      "version": "0.0.0-dev",
      "digest": "sha256:482d49f5c1abd03cb360c38a973b242bb9a49547fa31d87076e0ee53dc0f6adc"
    },
    {
      "name": "@narratage/fonts-open",
      "version": "0.0.0-dev",
      "digest": "sha256:876eaa390d8a62b782111895c961ebb4a734de44a3f291feb43e8bf3523e2da5"
    },
    {
      "name": "@narratage/generation",
      "version": "0.0.0-dev",
      "digest": "sha256:42db294253448a665ce2d53be321f4c4d584614d8d8a4dc0e002bf3b173bdf9b"
    },
    {
      "name": "@narratage/host",
      "version": "0.0.0-dev",
      "digest": "sha256:041d64f76f14fe995a9242906591d98a37b1d33e2c1aa6d4fa9c14bae1fda8ad"
    },
    {
      "name": "@narratage/hyperframes",
      "version": "0.0.0-dev",
      "digest": "sha256:c202f0a15af238738846b1d02124d78bcd06f54272eb1bbbb5dfc9c7ec0fabe8"
    },
    {
      "name": "@narratage/markup",
      "version": "0.0.0-dev",
      "digest": "sha256:674d88333ad8f1e0441854327e01374808a88a0466d14b9bef149b8923ddeef3"
    },
    {
      "name": "@narratage/media-pipeline",
      "version": "0.0.0-dev",
      "digest": "sha256:fa027f725f23153d1f45db6aff658e200e5ce4863858f1cd3969031e10080da9"
    },
    {
      "name": "@narratage/media-track",
      "version": "0.0.0-dev",
      "digest": "sha256:261ea1bff36f1821555549d05f5fda1846bf1811c8d379b09b7dc6c69c2f38fe"
    },
    {
      "name": "@narratage/media",
      "version": "0.0.0-dev",
      "digest": "sha256:688d1a3fb202ccb875d7d3135ed3382ef15f6d8d591a38634449e83a1371615c"
    },
    {
      "name": "@narratage/model-kit",
      "version": "0.0.0-dev",
      "digest": "sha256:7ee53615cec344fc8866832be4ccf2fee88077871557cc98e7d539b78ba7d565"
    },
    {
      "name": "@narratage/narrative",
      "version": "0.0.0-dev",
      "digest": "sha256:da8eee7d882aaadaf64996962920306ec366b026b65d24f33d882391f2a68d24"
    },
    {
      "name": "@narratage/program-space",
      "version": "0.0.0-dev",
      "digest": "sha256:afe21487a254d5d042636a6e22d66e15f6023e461b115d50ceae1f1d44914089"
    },
    {
      "name": "@narratage/protocol",
      "version": "0.0.0-dev",
      "digest": "sha256:087935565d5fc61d6c4eb82fe4683040b15922af15d0d85f30c6ec3ff4af5d09"
    },
    {
      "name": "@narratage/render-hyperframes",
      "version": "0.0.0-dev",
      "digest": "sha256:d214b56eaa2c29383d4b0140696be343b0b755db077a7257b05f614667ed80dc"
    },
    {
      "name": "@narratage/run-markup",
      "version": "0.0.0-dev",
      "digest": "sha256:33de32d54d225d381b7804c59644b6a19f87b11208c6301411f376ce8dc09430"
    },
    {
      "name": "@narratage/run",
      "version": "0.0.0-dev",
      "digest": "sha256:870363b3a088e66b8b7d88c566ad3dce3c97f2e6ac5b0aea87435eb658e09ddf"
    },
    {
      "name": "@narratage/script",
      "version": "0.0.0-dev",
      "digest": "sha256:7c7e837d3e2ecd1ae3aaf4e12c1e73d21f226a9ff7588a865cc1187f166feb0d"
    },
    {
      "name": "@narratage/seedance",
      "version": "0.0.0-dev",
      "digest": "sha256:9d3c20203f9dd4cf4d40b1f1662639fe3bd6d06f62e7629c22566c9f9f9d8f36"
    },
    {
      "name": "@narratage/semantic-map",
      "version": "0.0.0-dev",
      "digest": "sha256:eb1d5ee85a566713f862b0685df20063c1083dbbd8014bda93427613c5f202e8"
    },
    {
      "name": "@narratage/source",
      "version": "0.0.0-dev",
      "digest": "sha256:3cf49ecaa8e6ea145d642dd90834e887ca073a720364fd890197768e3e1e5cd2"
    },
    {
      "name": "@narratage/spatial",
      "version": "0.0.0-dev",
      "digest": "sha256:38aa1963dcf537d94899a3db510c203619194d42023705644f7caef6d273d6ee"
    },
    {
      "name": "@narratage/speech-alignment",
      "version": "0.0.0-dev",
      "digest": "sha256:91622c5ae381b522c097e63864f745dd41e171c673cb547e252b3fc9041baeb9"
    },
    {
      "name": "@narratage/speech-basis",
      "version": "0.0.0-dev",
      "digest": "sha256:16a0c00b8b2cd5ce0bec02f9de28ee8bdd231fc148de4ae1ecfdf7d989756e22"
    },
    {
      "name": "@narratage/speech-evidence",
      "version": "0.0.0-dev",
      "digest": "sha256:a57d9b08cb1af8b378598cb7a918630e74613fa4c89c20e7515c72281e315a13"
    },
    {
      "name": "@narratage/speech-spine",
      "version": "0.0.0-dev",
      "digest": "sha256:32fb8fc01ba28ea05e513b171751eba214af7821dcb8e8b047041a3ac14a3c3b"
    },
    {
      "name": "@narratage/speech",
      "version": "0.0.0-dev",
      "digest": "sha256:226f2ca5cac5767b530234422b887227defed419a1d9da7fb915e75e81a132c2"
    },
    {
      "name": "@narratage/svs",
      "version": "0.0.0-dev",
      "digest": "sha256:22bce93d56291e627e4dbeeafcfc8dc1e2217f95d6a88ec5dd0e3221f20babe2"
    },
    {
      "name": "@narratage/temporal",
      "version": "0.0.0-dev",
      "digest": "sha256:ff7659ab2fcd3faba7413ef323de48c9e221a5b47fc25e3aa5f347261156eabe"
    },
    {
      "name": "@narratage/text",
      "version": "0.0.0-dev",
      "digest": "sha256:bc799fdd99df3b7a224f2b1c7581db94649e833c760fe22216935ae3548c150c"
    },
    {
      "name": "@narratage/visual-ir",
      "version": "0.0.0-dev",
      "digest": "sha256:2dee587eedeb2d5c16d63b53aec6a476aec7555b40241352a0d8dc0f91db9631"
    },
    {
      "name": "@narratage/whisperx",
      "version": "0.0.0-dev",
      "digest": "sha256:7424e9d8c90e9f035a920df63b48d3417564d05f269292d450db114e8fca3a37"
    },
    {
      "name": "cmu-pronouncing-dictionary",
      "version": "3.0.0",
      "digest": "sha256:9771ce965a3170bd1853f1d61dc1f517f31613e0d1775d07b0381f3b75364b31"
    }
  ],
  "packages": [
    {
      "package": {
        "name": "@narratage/artifact",
        "version": "0.0.0-dev"
      },
      "offers": [
        {
          "abi": "svml.module@1",
          "name": "@narratage/artifact@1"
        }
      ],
      "facetsDigest": "sha256:a56f39df98f2bff5caf339a427586e73be079eb26697c2313612bf7c07d78e2c",
      "closureDigest": "sha256:dcef29557b62d612f551740dc8606b82314390036d3da22cbcde854767cb3d6f"
    },
    {
      "package": {
        "name": "@narratage/caption",
        "version": "0.0.0-dev"
      },
      "offers": [
        {
          "abi": "svml.module@1",
          "name": "@narratage/caption@1"
        }
      ],
      "facetsDigest": "sha256:256d177fe44bd1fde50e281ba617d8ef6c3837b1c661bb20c4d40756a7846a44",
      "closureDigest": "sha256:37d9f51aeedbc00620c8f2d9674ec0ec3d1070fb510cc55ca5d208b4b97c0325"
    },
    {
      "package": {
        "name": "@narratage/caption-fine",
        "version": "0.0.0-dev"
      },
      "offers": [
        {
          "abi": "svml.module@1",
          "name": "@narratage/caption-fine@1"
        }
      ],
      "facetsDigest": "sha256:15398ca00f85ebc6692884616799e0656f5e2a62bc55126f6546e952f14bb15b",
      "closureDigest": "sha256:cb7f0d83bc13c95605f08eac840687423ecacde50c770c336615f5afd5e4f9b2"
    },
    {
      "package": {
        "name": "@narratage/caption-gemini",
        "version": "0.0.0-dev"
      },
      "offers": [
        {
          "abi": "svml.module@1",
          "name": "@narratage/caption-gemini@1"
        }
      ],
      "facetsDigest": "sha256:e8301a03017542e15a7dcc6bbfdfd1188d9ea6b1c4defa133069e056adc84416",
      "closureDigest": "sha256:f57fd3472756719427d3939b01ce600def740a89bf6aaca36faba0839f118869"
    },
    {
      "package": {
        "name": "@narratage/composition",
        "version": "0.0.0-dev"
      },
      "offers": [
        {
          "abi": "svml.module@1",
          "name": "@narratage/composition@1"
        }
      ],
      "facetsDigest": "sha256:05c22bda8c301365c1cfff2c0afa80067f3d2a0fba167a57ebf923af720a5c34",
      "closureDigest": "sha256:bcc7b563d4c85952cf9f7b91e6023d0a39bc2cd37242a9bbe0a77f321342cfc3"
    },
    {
      "package": {
        "name": "@narratage/estimate",
        "version": "0.0.0-dev"
      },
      "offers": [
        {
          "abi": "svml.module@1",
          "name": "@narratage/estimate@1"
        }
      ],
      "facetsDigest": "sha256:8faa63f635c9cd6d398f925616cdc979939f39eb72b3a8bbfa996a42c72163ba",
      "closureDigest": "sha256:f2e506eb6b81b50b90b92181bcdb09332ebe3f413ab70d690ba1ff535c3218b5"
    },
    {
      "package": {
        "name": "@narratage/film",
        "version": "0.0.0-dev"
      },
      "offers": [
        {
          "abi": "svml.module@1",
          "name": "@narratage/film@1"
        }
      ],
      "facetsDigest": "sha256:b96fd578be298ab154d1ad30a27d7e54ae0cf2f8f52f52d7bf13c0785d2a8da7",
      "closureDigest": "sha256:6acda8b0fbb6011bc43c80b4453684106955b4ffa2e21093756f8d1d0d43c627"
    },
    {
      "package": {
        "name": "@narratage/fonts-open",
        "version": "0.0.0-dev"
      },
      "offers": [
        {
          "abi": "svml.module@1",
          "name": "@narratage/fonts-open@1"
        }
      ],
      "facetsDigest": "sha256:de93037cec9a364da45fedc69a2d82cca93c5866e475942241c008f46c3a8da9",
      "closureDigest": "sha256:acc01cd9d5565e028bc491e0d439b7e06d38bad0ad409043735ff9e24fe1d089"
    },
    {
      "package": {
        "name": "@narratage/generation",
        "version": "0.0.0-dev"
      },
      "offers": [
        {
          "abi": "svml.module@1",
          "name": "@narratage/generation@1"
        }
      ],
      "facetsDigest": "sha256:d9ee4c44949ca2d24967e7d81898999db84ab592fdaaafe1bd6d22a28ea5e094",
      "closureDigest": "sha256:96eb8b61d6f100ce61b44d00ff990a76ba6c32a6da4dd4ba32924fb94d2573b8"
    },
    {
      "package": {
        "name": "@narratage/hyperframes",
        "version": "0.0.0-dev"
      },
      "offers": [
        {
          "abi": "svml.module@1",
          "name": "@narratage/hyperframes@1"
        }
      ],
      "facetsDigest": "sha256:7596800f1ce4506145f9ff50c768bfc07131c5ea8d421711a6b5268ce13960f7",
      "closureDigest": "sha256:baa964ae88b6fefbf1ae236856985fd5e218b2be00cd10313d9f6ca192425a70"
    },
    {
      "package": {
        "name": "@narratage/media",
        "version": "0.0.0-dev"
      },
      "offers": [
        {
          "abi": "svml.module@1",
          "name": "@narratage/media@1"
        }
      ],
      "facetsDigest": "sha256:5bbef7d089f36dd1ea36b743b1b4f03289ccb8a2fc50383e3b355982916ccfc6",
      "closureDigest": "sha256:e74af77c4e660b398d843e446c22d6a0131c6f862db545f971f4cc6510c15ab8"
    },
    {
      "package": {
        "name": "@narratage/media-pipeline",
        "version": "0.0.0-dev"
      },
      "offers": [
        {
          "abi": "svml.module@1",
          "name": "@narratage/media-pipeline@1"
        }
      ],
      "facetsDigest": "sha256:1531e4a9513db82ec180df58b47ccd6a40316b6035987712eab2726b61b9bd2a",
      "closureDigest": "sha256:28fb1352272b6ef25ee5e6d51c2961698fb79fed77b543b88d173c40af4fa2be"
    },
    {
      "package": {
        "name": "@narratage/narrative",
        "version": "0.0.0-dev"
      },
      "offers": [
        {
          "abi": "svml.module@1",
          "name": "@narratage/narrative@1"
        }
      ],
      "facetsDigest": "sha256:8d535e4842c8bf287e62f8ecc803927b79d02b3cb438ba3959c369fb1d2a828d",
      "closureDigest": "sha256:fc562dc5311c48b0574aca448133315435bb1b422f0531a92aaed9174ecbd53b"
    },
    {
      "package": {
        "name": "@narratage/program-space",
        "version": "0.0.0-dev"
      },
      "offers": [
        {
          "abi": "svml.module@1",
          "name": "@narratage/program-space@1"
        }
      ],
      "facetsDigest": "sha256:92ebae07c9947d9d18277c0d8f784d5740c092f14dd3efa263138aec454ca91a",
      "closureDigest": "sha256:ee9d85d6278d98eb0e573b6be40a991b4f0a0e02f8817edaaa67f1cbcf44cc3e"
    },
    {
      "package": {
        "name": "@narratage/render-hyperframes",
        "version": "0.0.0-dev"
      },
      "offers": [
        {
          "abi": "svml.module@1",
          "name": "@narratage/render-hyperframes@1"
        }
      ],
      "facetsDigest": "sha256:147c65c507be2e9fa260f34f9a86cd30a406549f635b7b0c209b154921c9c0eb",
      "closureDigest": "sha256:3d4e794f83ef24a44cfe84cd8618e4b7d1d04ea1bc66ef94614ae955ed2d3056"
    },
    {
      "package": {
        "name": "@narratage/run-markup",
        "version": "0.0.0-dev"
      },
      "offers": [
        {
          "abi": "svml.source-frontend@1",
          "name": "@narratage/run-markup@1"
        }
      ],
      "facetsDigest": "sha256:c38a4e2e76a2f87b6a401bf0cad4b18f04274689ffae22c09f8f520046a7123e",
      "closureDigest": "sha256:6d34ba64cbc2efd3a22184937e4abea705de319f3eed92e322f5ecf1873c2ab2"
    },
    {
      "package": {
        "name": "@narratage/script",
        "version": "0.0.0-dev"
      },
      "offers": [
        {
          "abi": "svml.module@1",
          "name": "@narratage/script@1"
        }
      ],
      "facetsDigest": "sha256:acc754c61e24f93d5e2692ceb6998a3638cc384de8e512e155738435663a8342",
      "closureDigest": "sha256:61033050b85705b671357a6f5a3cf9637a930570ce95c45ec3f986ffe038f919"
    },
    {
      "package": {
        "name": "@narratage/seedance",
        "version": "0.0.0-dev"
      },
      "offers": [
        {
          "abi": "svml.module@1",
          "name": "@narratage/seedance@1"
        }
      ],
      "facetsDigest": "sha256:943d0307a0d1141d326bedea224b7916051fedb79368ebe98304596237269e6d",
      "closureDigest": "sha256:67ef4de7781d0f81e1a115776d037aefdcc0d73c4814b4852fe30c32e3545b2a"
    },
    {
      "package": {
        "name": "@narratage/semantic-map",
        "version": "0.0.0-dev"
      },
      "offers": [
        {
          "abi": "svml.module@1",
          "name": "@narratage/semantic-map@1"
        }
      ],
      "facetsDigest": "sha256:798b50ac57d8f37718691422b81700e475e72e3d613a39f129474ae3772c2246",
      "closureDigest": "sha256:98c430e94c5c7e606ada7002880ff6a0b8d4ff0d5652bd5061f04381c0a81558"
    },
    {
      "package": {
        "name": "@narratage/spatial",
        "version": "0.0.0-dev"
      },
      "offers": [
        {
          "abi": "svml.module@1",
          "name": "@narratage/spatial@1"
        }
      ],
      "facetsDigest": "sha256:4e6da482a365cd36423f3baf568ea741f2e0eddf26b559bce43d3c4270830c91",
      "closureDigest": "sha256:1baa3c019eaa54a83c06516ea740d39690d02e36a2c023e8093b58d927552134"
    },
    {
      "package": {
        "name": "@narratage/speech",
        "version": "0.0.0-dev"
      },
      "offers": [
        {
          "abi": "svml.module@1",
          "name": "@narratage/speech@1"
        }
      ],
      "facetsDigest": "sha256:8d53b60008fcbda0a22280dc2b2bd5d1f23806c74e3df97dc88f4460fb423dcd",
      "closureDigest": "sha256:f51bf3a424843d53cacf0b985626e5ce2082e2ac1fda3ab83d8b898aea07ba60"
    },
    {
      "package": {
        "name": "@narratage/speech-alignment",
        "version": "0.0.0-dev"
      },
      "offers": [
        {
          "abi": "svml.module@1",
          "name": "@narratage/speech-alignment@1"
        }
      ],
      "facetsDigest": "sha256:10194ffd5b8510c4fa0888dc8c568f98ce8de6c7826c5380b6e4990ad1161d28",
      "closureDigest": "sha256:01be2beb85763970c8400e0dab0a7d195b088e9514816725a32557afa08dcbfe"
    },
    {
      "package": {
        "name": "@narratage/speech-basis",
        "version": "0.0.0-dev"
      },
      "offers": [
        {
          "abi": "svml.module@1",
          "name": "@narratage/speech-basis@1"
        }
      ],
      "facetsDigest": "sha256:19200ba7db7913ac23eeded9cd3fcd902d2f7af300fd8b8cb024c9b65783e151",
      "closureDigest": "sha256:7053e4fa0fef206cdf5852c54dbbce35c93904c14fa73b5434e0d673c3ae085c"
    },
    {
      "package": {
        "name": "@narratage/speech-evidence",
        "version": "0.0.0-dev"
      },
      "offers": [
        {
          "abi": "svml.module@1",
          "name": "@narratage/speech-evidence@1"
        }
      ],
      "facetsDigest": "sha256:6fcecb7fe6c7c20a7bdcfb3e0777d272f2756558bc65293cdfb742c7755fb021",
      "closureDigest": "sha256:344a3c4bd4ff2199dd90eb1f29365761f083789319d1c7c9363ad6c9878c51c9"
    },
    {
      "package": {
        "name": "@narratage/speech-spine",
        "version": "0.0.0-dev"
      },
      "offers": [
        {
          "abi": "svml.module@1",
          "name": "@narratage/speech-spine@1"
        }
      ],
      "facetsDigest": "sha256:14dc318c2d3116235252969c752619710d7d65d84c705202b8bbdaa1724065f2",
      "closureDigest": "sha256:1cb260f1c937b47f4c48abd59849cf6cbed06e2599299296f1077ae7f340fad5"
    },
    {
      "package": {
        "name": "@narratage/svs",
        "version": "0.0.0-dev"
      },
      "offers": [
        {
          "abi": "svml.module@1",
          "name": "@narratage/svs@1"
        },
        {
          "abi": "svml.source-frontend@1",
          "name": "@narratage/svs@1"
        }
      ],
      "facetsDigest": "sha256:27cb7828391b2cd5b9fd0a6690d16010f23b78540d501aad6f9afa75da33f1da",
      "closureDigest": "sha256:f1ec72c4413a7267342c0469a1ed0029b7fbf7263fc73f8f78342aa7aa7651dd"
    },
    {
      "package": {
        "name": "@narratage/text",
        "version": "0.0.0-dev"
      },
      "offers": [
        {
          "abi": "svml.module@1",
          "name": "@narratage/text@1"
        },
        {
          "abi": "svml.source-frontend@1",
          "name": "@narratage/text/svs@1"
        }
      ],
      "facetsDigest": "sha256:2d4d0e9eea9ec795fb675ddf7d204bc29fe7eb8e3a743eced944a0cdb50ecf50",
      "closureDigest": "sha256:6d3aace176ac50f587e6e5479f60addbe6c798981d37007db0b555676b5c39eb"
    },
    {
      "package": {
        "name": "@narratage/visual-ir",
        "version": "0.0.0-dev"
      },
      "offers": [
        {
          "abi": "svml.module@1",
          "name": "@narratage/visual-ir@1"
        }
      ],
      "facetsDigest": "sha256:039735354a109969a18b2c26ab8b02bb6d09a7a35f993336e8e8711e6d429f14",
      "closureDigest": "sha256:fa78ccc9a8432bfd0d0488f2d47d25fde4b7ba8ce4c6d9edf0e0fb0e711db129"
    },
    {
      "package": {
        "name": "@narratage/whisperx",
        "version": "0.0.0-dev"
      },
      "offers": [
        {
          "abi": "svml.module@1",
          "name": "@narratage/whisperx@1"
        }
      ],
      "facetsDigest": "sha256:6b656ef3121f69dc35ebf996ebf853d953233dd8eb61c5d7dcc0122ea5d8ad70",
      "closureDigest": "sha256:836ad9421ea7c617f3d825d36077071db0a0f7d461296ae099165642ddb1ecc7"
    }
  ],
  "digest": "sha256:354a329137234e84e51cb8cb4bec38ae67afec28c976124f5480b9a3797bc8f0"
}
