{
  "format": "svml.node-package-lock@1",
  "artifacts": [
    {
      "name": "@narratage/artifact",
      "version": "0.0.0-dev",
      "digest": "sha256:b16107fdad5256905782fe28142cd19e77673f190691e839fd12d4f1f536ea0f"
    },
    {
      "name": "@narratage/caption-fine",
      "version": "0.0.0-dev",
      "digest": "sha256:1dbfb8e75d745ccda9d6e086fa360ab458b19acd51f6b14214a52819bd0703b8"
    },
    {
      "name": "@narratage/caption-gemini",
      "version": "0.0.0-dev",
      "digest": "sha256:418af81230bf3ac8a7e307484b6098f283575bbae0b18a94cb525c3b52ce26e8"
    },
    {
      "name": "@narratage/caption",
      "version": "0.0.0-dev",
      "digest": "sha256:3a569665a5bc60fde2f049786f76928e0729b4fd723c91a38d568014f53cdbb1"
    },
    {
      "name": "@narratage/component-kit",
      "version": "0.0.0-dev",
      "digest": "sha256:119069ad7c4d5a73c9bfe04fb5a1dc23eadcdac66b2ff88c8ea9454927241c0f"
    },
    {
      "name": "@narratage/composition",
      "version": "0.0.0-dev",
      "digest": "sha256:7184d720c545663536476115bfc2004f92625eacdeeeac5958f0c087e5fa7d5a"
    },
    {
      "name": "@narratage/core",
      "version": "0.0.0-dev",
      "digest": "sha256:b1fafa8715899f565a03794849045846b5cc08fd3f51a12d5f7374a9c66d8534"
    },
    {
      "name": "@narratage/elaborator",
      "version": "0.0.0-dev",
      "digest": "sha256:9d207daffcefb3d8e12c458ef6a40114b7bb53b3d6f42119c8c5c67e4d0ed8a9"
    },
    {
      "name": "@narratage/estimate",
      "version": "0.0.0-dev",
      "digest": "sha256:48a96423e9f8a7fdf59f139231a5ec3fdbcbd862c99fa3277d879cf12be2d60e"
    },
    {
      "name": "@narratage/film",
      "version": "0.0.0-dev",
      "digest": "sha256:c847365263d42a5136daeac728188dfabb00b9ad4dac669682022d33e7d8f997"
    },
    {
      "name": "@narratage/generation",
      "version": "0.0.0-dev",
      "digest": "sha256:1476585bb1987d795b5ce3b9c14494f3b31e86458140b6a90d0e7be9dbe75c9a"
    },
    {
      "name": "@narratage/host",
      "version": "0.0.0-dev",
      "digest": "sha256:3cbc10d27b16c44ba82a29db27b0a394574d9088184e889558f2b10f1d143e08"
    },
    {
      "name": "@narratage/hyperframes",
      "version": "0.0.0-dev",
      "digest": "sha256:48f6b2bb2f90ea9f5d11fb8b1d94b5e7ccdb552dd5eb4f08cdbb5631c69de8c0"
    },
    {
      "name": "@narratage/media-pipeline",
      "version": "0.0.0-dev",
      "digest": "sha256:4ceb5c9ef785e456f3807809b0384cbd40d463c4e5f1878375dcc8b017799922"
    },
    {
      "name": "@narratage/media",
      "version": "0.0.0-dev",
      "digest": "sha256:059c7ebefb816a9831e5ce22edb4c9737ee1548428aba1108b054bc967989cf3"
    },
    {
      "name": "@narratage/model-kit",
      "version": "0.0.0-dev",
      "digest": "sha256:71b23848a90535e0cd74b25f4ef74a9827ce1aa0abdfe4eb34cc1dc3d907ce13"
    },
    {
      "name": "@narratage/narrative",
      "version": "0.0.0-dev",
      "digest": "sha256:d68aca30ab820e2ef794fc81d80aadb1c150937311048a6646df8b2dab3b99b0"
    },
    {
      "name": "@narratage/program-space",
      "version": "0.0.0-dev",
      "digest": "sha256:3a321f064e7f763ae056662ed07bbe4b0fdf1b1628502891c4c73beb5a20edd6"
    },
    {
      "name": "@narratage/prompt-kit",
      "version": "0.0.0-dev",
      "digest": "sha256:2a8ef5fa05cfbde5feb4b1b525e74666874632fc4fd6531a7a54b0f5d2797342"
    },
    {
      "name": "@narratage/protocol",
      "version": "0.0.0-dev",
      "digest": "sha256:aba55408fd1ffec38c1ce2e81706aaadad48277a2fe4b9adc6323674e1b23ce6"
    },
    {
      "name": "@narratage/render-hyperframes",
      "version": "0.0.0-dev",
      "digest": "sha256:74ff1e25ed72fb22ab17068959373162c58dd9f0cc8a5c2a811615c02666cf23"
    },
    {
      "name": "@narratage/run-text",
      "version": "0.0.0-dev",
      "digest": "sha256:3d7c8549650244571fe6fab24a2518edac8b17368934a141594d093f846455d6"
    },
    {
      "name": "@narratage/run",
      "version": "0.0.0-dev",
      "digest": "sha256:a828b37f801d3ebfcc4cae84e4fd0a1baf9342f00a85d1d9440c92d570acb8c9"
    },
    {
      "name": "@narratage/script",
      "version": "0.0.0-dev",
      "digest": "sha256:d0b7b906c6527d7e3dd6bd71e227b10b468b75f0d6a1cc1a4ed6f03a343c7956"
    },
    {
      "name": "@narratage/seedance-speaker",
      "version": "0.0.0-dev",
      "digest": "sha256:d147055e0c0227e732b0ac74979538ebdd2c3738f4c7fdced8359121af70c9c3"
    },
    {
      "name": "@narratage/seedance",
      "version": "0.0.0-dev",
      "digest": "sha256:c115bb0aa515c6c3fabdd42b68a2f00909fb64ecc08ddb0eccf913fb51dd78df"
    },
    {
      "name": "@narratage/semantic-map",
      "version": "0.0.0-dev",
      "digest": "sha256:425c1ea0d89039fc070de2a5de13b7d414d7a3a7d4c2e155445603fad3d60572"
    },
    {
      "name": "@narratage/source",
      "version": "0.0.0-dev",
      "digest": "sha256:8bbfa48c0fde45639578902c907d9190bd5bbb8a03bd59fca8fd364b820a3184"
    },
    {
      "name": "@narratage/speech-alignment",
      "version": "0.0.0-dev",
      "digest": "sha256:9f54aefc38b06344902d0a9f1bb0e76f03cd9e9e29d1bd8d79263979c73da6d2"
    },
    {
      "name": "@narratage/speech-basis",
      "version": "0.0.0-dev",
      "digest": "sha256:9d4ed7feb7b5b3acf6007047a4aa347b458f30fa1763ef680670ea9f7d7dc7f4"
    },
    {
      "name": "@narratage/speech-evidence",
      "version": "0.0.0-dev",
      "digest": "sha256:a70759a336549bb4f622ff59b0259384d726211afa0cab5d0fcde89eef78fab1"
    },
    {
      "name": "@narratage/speech-spine",
      "version": "0.0.0-dev",
      "digest": "sha256:d7f8c6b8c274a78b7c62c67e2dcf4b5010d4fb74f04690b17649df0183ec6efb"
    },
    {
      "name": "@narratage/speech",
      "version": "0.0.0-dev",
      "digest": "sha256:1296f5241ab87621cbed2019ffd09e51a2ecd79a49848715ade628a9d722d8c1"
    },
    {
      "name": "@narratage/svs",
      "version": "0.0.0-dev",
      "digest": "sha256:8973ec01d5c9390da4e5a3f74c7e5af0a4bb49e15796e98e748b75ce62363d9d"
    },
    {
      "name": "@narratage/text",
      "version": "0.0.0-dev",
      "digest": "sha256:5dbe71a52a2b77f29a77ee7cff790081044cbecbbc410ca085769dd27be2566c"
    },
    {
      "name": "@narratage/validation",
      "version": "0.0.0-dev",
      "digest": "sha256:0b14011e82181e6bfd259e90dca084ed813cf02a25f568cad74f655c3bcf7458"
    },
    {
      "name": "@narratage/visual-ir",
      "version": "0.0.0-dev",
      "digest": "sha256:fbf0af7778388d444c6098359cb5af8498c40c6cc386be10305e524c00366a1e"
    },
    {
      "name": "@narratage/whisperx",
      "version": "0.0.0-dev",
      "digest": "sha256:df11edd20f992955c1d0851828e1df94dcfefeecf8ece037a0f5a0d740fe72ee"
    }
  ],
  "packages": [
    {
      "specifier": "@narratage/artifact",
      "package": {
        "name": "@narratage/artifact",
        "version": "0.0.0-dev"
      },
      "facetsDigest": "sha256:cf6435732ab7b25c8d0c225042482d940344d5541fe37a4d9cbf905a0d0dad7a",
      "closureDigest": "sha256:d4386b53042e584f162c2882bdc3b515c19f10a87b23c3e9634852fdad75c1ae"
    },
    {
      "specifier": "@narratage/caption",
      "package": {
        "name": "@narratage/caption",
        "version": "0.0.0-dev"
      },
      "facetsDigest": "sha256:73dfafd232af1ba279fc9d2cb4715ad7518a697f97d5279b4b88a1f3ee24eb19",
      "closureDigest": "sha256:0bf34edc64b304226c0d59faa5853bdbc729083a660f1f3214c0e484a689f049"
    },
    {
      "specifier": "@narratage/caption-fine",
      "package": {
        "name": "@narratage/caption-fine",
        "version": "0.0.0-dev"
      },
      "facetsDigest": "sha256:4eb6e1dbde32fe5090c4080749f3903072ce7d7725c52785f7d03563aa7c9a59",
      "closureDigest": "sha256:ee3ea312a961632c3af80daeefe087125fc97055ac92b92edc9563a5a0e9ab4e"
    },
    {
      "specifier": "@narratage/caption-gemini",
      "package": {
        "name": "@narratage/caption-gemini",
        "version": "0.0.0-dev"
      },
      "facetsDigest": "sha256:83573766921453a6961390645bad28929d7ebec400cb9aae00e6b4ca83e94ac3",
      "closureDigest": "sha256:da5c121fc168e08ac6d09b214de405bad045f624c1aac29be92b1ed128c34108"
    },
    {
      "specifier": "@narratage/composition",
      "package": {
        "name": "@narratage/composition",
        "version": "0.0.0-dev"
      },
      "facetsDigest": "sha256:235c69438be252eae6cc91b8d8cdaeadf5e074322c211c923c7e5a1a97d047f8",
      "closureDigest": "sha256:76678cf3a82fe486488b4f5b993ef96f2488b5223238a22c57e1e450fc09d336"
    },
    {
      "specifier": "@narratage/estimate",
      "package": {
        "name": "@narratage/estimate",
        "version": "0.0.0-dev"
      },
      "facetsDigest": "sha256:195e4840e8238866ccd6ae9362e990e124bf69de41fba71758436f1959609fbb",
      "closureDigest": "sha256:5d3bfee43e26aff29f07cefa8a6cde83ce36af4dc185e1c9d2578886d5cb88d8"
    },
    {
      "specifier": "@narratage/film",
      "package": {
        "name": "@narratage/film",
        "version": "0.0.0-dev"
      },
      "facetsDigest": "sha256:78df513364725a6434b44b349d834dd5f754cf3da53036ed90aca62c38fd2bbc",
      "closureDigest": "sha256:24eaafd5632206142f0a037973b33421c68d0890fa251d683ea1a25f07b2e481"
    },
    {
      "specifier": "@narratage/generation",
      "package": {
        "name": "@narratage/generation",
        "version": "0.0.0-dev"
      },
      "facetsDigest": "sha256:c52730036a392448eb17cada1dd16b22be9ecb721ba47fb8d8a8633f74e4e039",
      "closureDigest": "sha256:b021688e2afca4835d2cc341401664b268cb2af693009b271c3b31fa27144d3c"
    },
    {
      "specifier": "@narratage/hyperframes",
      "package": {
        "name": "@narratage/hyperframes",
        "version": "0.0.0-dev"
      },
      "facetsDigest": "sha256:a556fa46f3b8466f96041e630a7b54a07028ee2a5a49983af6148c917516a226",
      "closureDigest": "sha256:56cb214ee86a115c456a937a606f7b4cbbadbef70c32915b9453d99855becb6c"
    },
    {
      "specifier": "@narratage/media",
      "package": {
        "name": "@narratage/media",
        "version": "0.0.0-dev"
      },
      "facetsDigest": "sha256:b365049728f4fd4eaa8cf93792697c89cf7871b1f333b1d4b5bef1113dcfb218",
      "closureDigest": "sha256:4b4573f6fcd2ddacaf39c2c37a2aebebf5b6959aa9fb3a14df4e3dd819712b99"
    },
    {
      "specifier": "@narratage/media-pipeline",
      "package": {
        "name": "@narratage/media-pipeline",
        "version": "0.0.0-dev"
      },
      "facetsDigest": "sha256:8db585fd108e36178a39ff2f44d77897cfd18cb6bc1870b793d85f3b18e30792",
      "closureDigest": "sha256:26cd5ffacebc0e5af04992c28223ad2b275aeea425ea28a95d06612024bf1103"
    },
    {
      "specifier": "@narratage/narrative",
      "package": {
        "name": "@narratage/narrative",
        "version": "0.0.0-dev"
      },
      "facetsDigest": "sha256:778a963cda86b3e5e44359e66b6ba0b47cde31952c6ec2e09d0a1220df71bed0",
      "closureDigest": "sha256:f793162590dcc0637ce25aec9b232d974bd4872fb2f8c1914dfd30c38c94f895"
    },
    {
      "specifier": "@narratage/program-space",
      "package": {
        "name": "@narratage/program-space",
        "version": "0.0.0-dev"
      },
      "facetsDigest": "sha256:5fa9b120e8d37ca2edd478e3388c3dc4e398113e74c6589c6d25ef604a1d348a",
      "closureDigest": "sha256:802f9ab8cf9bd284b8df0ef8ab78fc780339b175996d3626e5ba30f18f5349f1"
    },
    {
      "specifier": "@narratage/prompt-kit",
      "package": {
        "name": "@narratage/prompt-kit",
        "version": "0.0.0-dev"
      },
      "facetsDigest": "sha256:f04988c69c3b953fd02c4c791bf542bff61464c6aa593f49c71347cc03a422f9",
      "closureDigest": "sha256:0be6f17010ebfe3fd8d4c4bdd386b78ab1274dde9573c047f68f7f36b2c2e70a"
    },
    {
      "specifier": "@narratage/render-hyperframes",
      "package": {
        "name": "@narratage/render-hyperframes",
        "version": "0.0.0-dev"
      },
      "facetsDigest": "sha256:d9b87a3622ce9153dc3a23d5601458caec1c72a8e568c821a166b945ff758868",
      "closureDigest": "sha256:f406b5fded56ce2f31d2cab2e0cdb06b0c714f1a23bdf81845913cfaee1eda25"
    },
    {
      "specifier": "@narratage/run-text",
      "package": {
        "name": "@narratage/run-text",
        "version": "0.0.0-dev"
      },
      "facetsDigest": "sha256:fbcab7cea86223fe00ea04b51c2160bb534aafbb99067f5877e6825b0ce4eefc",
      "closureDigest": "sha256:698ff071b25054a67f6f69e485857664613027b4711d64285a21cc569591414a"
    },
    {
      "specifier": "@narratage/script",
      "package": {
        "name": "@narratage/script",
        "version": "0.0.0-dev"
      },
      "facetsDigest": "sha256:1407d1c367c4131e3419837a66d0b81ae7a13ff44413540f8f63ef9663f6792f",
      "closureDigest": "sha256:db7038d84b8155caa5ec2d61525e41ae20677ae753456825599f320215c0992e"
    },
    {
      "specifier": "@narratage/seedance",
      "package": {
        "name": "@narratage/seedance",
        "version": "0.0.0-dev"
      },
      "facetsDigest": "sha256:c3b8b4b87fa07ab54de7629380f3f3aba50c7f78413f193e55d5056bba32fd4f",
      "closureDigest": "sha256:e0c54d6e9ab97fa03029a92e8160bd03ac12287993b3063c045a351e329bd270"
    },
    {
      "specifier": "@narratage/seedance-speaker",
      "package": {
        "name": "@narratage/seedance-speaker",
        "version": "0.0.0-dev"
      },
      "facetsDigest": "sha256:af969a55984b7ebe51faa77b446bca2ab6403a214a1ba6f4a23e6ac82e1901a4",
      "closureDigest": "sha256:ad5579d4078403ec4baa3e8930a6c037cd707ae96bf61482b25580183f0db1e9"
    },
    {
      "specifier": "@narratage/semantic-map",
      "package": {
        "name": "@narratage/semantic-map",
        "version": "0.0.0-dev"
      },
      "facetsDigest": "sha256:0935b3fde2040ca370ba47b09da4ac7285067709cbf77885b01b74a02ed1765f",
      "closureDigest": "sha256:c5ec936affa7d20bdeb1e3f57f691c10f60a885bda1b1335325c7b6bdb98b818"
    },
    {
      "specifier": "@narratage/speech",
      "package": {
        "name": "@narratage/speech",
        "version": "0.0.0-dev"
      },
      "facetsDigest": "sha256:1b1a0539eba2204f733bcca51c503f1c947986444db02eb77ced761e80109d1d",
      "closureDigest": "sha256:1b24fc651047d6e940aff90a9a7976956d83276832b481764b31921431df06a3"
    },
    {
      "specifier": "@narratage/speech-alignment",
      "package": {
        "name": "@narratage/speech-alignment",
        "version": "0.0.0-dev"
      },
      "facetsDigest": "sha256:c9b967337f259992350626efbab9c2b56c7687d5404a82b058c79076b57e3029",
      "closureDigest": "sha256:3d2a3fff4f529755ff2da02cf68e3bce56105b999c1ee92113498f01204466f7"
    },
    {
      "specifier": "@narratage/speech-basis",
      "package": {
        "name": "@narratage/speech-basis",
        "version": "0.0.0-dev"
      },
      "facetsDigest": "sha256:e072ae8af0da0900055e8bbe3e8d3dc0d321a7d95e728bd676d025c4000492cc",
      "closureDigest": "sha256:e197c04f00404b1f61d87cbe3820209ac9303ec10c3606e1223302c06b7d3c2a"
    },
    {
      "specifier": "@narratage/speech-evidence",
      "package": {
        "name": "@narratage/speech-evidence",
        "version": "0.0.0-dev"
      },
      "facetsDigest": "sha256:c3441e4dca55aded30e49188889422969a59c9515512f8098c3c780e8337fafb",
      "closureDigest": "sha256:15fad31dfd08d44577168cce1009cef5817a31c5be55f29063dfe43d427c893f"
    },
    {
      "specifier": "@narratage/speech-spine",
      "package": {
        "name": "@narratage/speech-spine",
        "version": "0.0.0-dev"
      },
      "facetsDigest": "sha256:dabf22bbcf3ab13504b71209d3643b9175880f859f38971a119505214c0d58fa",
      "closureDigest": "sha256:4be19980d2f68dda18a3b10984a6c3ac1cdbe157aa2ef2a34a463bb6bff5d510"
    },
    {
      "specifier": "@narratage/svs",
      "package": {
        "name": "@narratage/svs",
        "version": "0.0.0-dev"
      },
      "facetsDigest": "sha256:9cc7c397d2cd97b5a3e814886b6553b6d236fd8825df0d056e328b7f0cf20163",
      "closureDigest": "sha256:1e341927d7c9efe75a372b7e87681891a30127f426e040597458614e60d4b810"
    },
    {
      "specifier": "@narratage/visual-ir",
      "package": {
        "name": "@narratage/visual-ir",
        "version": "0.0.0-dev"
      },
      "facetsDigest": "sha256:a8d72579639a41123f5ac017e98781819012adc52d94a8116c5a072dc9e6fc05",
      "closureDigest": "sha256:63d591b669757e83663dbae933870ffb852a66e83f831dd21aae259be1eddac1"
    },
    {
      "specifier": "@narratage/whisperx",
      "package": {
        "name": "@narratage/whisperx",
        "version": "0.0.0-dev"
      },
      "facetsDigest": "sha256:a0d0b282085f5d6b0994660d39009f0d859780fe4597622f8edb6e743ffc2bae",
      "closureDigest": "sha256:747dda39abd4c81eba23f4db6be19698dfe653517bdd1fc7b9896a3839bbda3f"
    }
  ],
  "digest": "sha256:18a9f1f0b8cae9165dbb880d6f13ed2c14206caa5fb90c639719bc7ea2512d39"
}
