{
  "format": "svml.node-package-lock@1",
  "artifacts": [
    {
      "name": "@narratage/artifact",
      "version": "0.0.0-dev",
      "digest": "sha256:b16107fdad5256905782fe28142cd19e77673f190691e839fd12d4f1f536ea0f"
    },
    {
      "name": "@narratage/broll",
      "version": "0.0.0-dev",
      "digest": "sha256:3b29285798f91a041a02b19abea52c09e7d954541186a51ea752368d0f5241a2"
    },
    {
      "name": "@narratage/caption-fine",
      "version": "0.0.0-dev",
      "digest": "sha256:eff4590782f030b3e5c2d7d16c073943d1563d122db53f48f1c89e67e25811ce"
    },
    {
      "name": "@narratage/caption-gemini",
      "version": "0.0.0-dev",
      "digest": "sha256:9744f6fee5bb6f69c232ca1dcff1db21e20f5d5e28257dae1944d70e5358a6bd"
    },
    {
      "name": "@narratage/caption",
      "version": "0.0.0-dev",
      "digest": "sha256:5853264aff66206c602d427ab31bfce5f44814f061e4fb46875d4176afd0ce7d"
    },
    {
      "name": "@narratage/component-kit",
      "version": "0.0.0-dev",
      "digest": "sha256:119069ad7c4d5a73c9bfe04fb5a1dc23eadcdac66b2ff88c8ea9454927241c0f"
    },
    {
      "name": "@narratage/composition",
      "version": "0.0.0-dev",
      "digest": "sha256:b02b20d71e8ee4006056cb05d567cb4087971aab2d7f7823357c413b1319325e"
    },
    {
      "name": "@narratage/core",
      "version": "0.0.0-dev",
      "digest": "sha256:b1fafa8715899f565a03794849045846b5cc08fd3f51a12d5f7374a9c66d8534"
    },
    {
      "name": "@narratage/elaborator",
      "version": "0.0.0-dev",
      "digest": "sha256:9d207daffcefb3d8e12c458ef6a40114b7bb53b3d6f42119c8c5c67e4d0ed8a9"
    },
    {
      "name": "@narratage/estimate",
      "version": "0.0.0-dev",
      "digest": "sha256:48a96423e9f8a7fdf59f139231a5ec3fdbcbd862c99fa3277d879cf12be2d60e"
    },
    {
      "name": "@narratage/film",
      "version": "0.0.0-dev",
      "digest": "sha256:f17a912d29b69f86c35becc31c50d2ef7d9421a7c7acdb53f68be35aabb84b78"
    },
    {
      "name": "@narratage/generation",
      "version": "0.0.0-dev",
      "digest": "sha256:1476585bb1987d795b5ce3b9c14494f3b31e86458140b6a90d0e7be9dbe75c9a"
    },
    {
      "name": "@narratage/host",
      "version": "0.0.0-dev",
      "digest": "sha256:3cbc10d27b16c44ba82a29db27b0a394574d9088184e889558f2b10f1d143e08"
    },
    {
      "name": "@narratage/hyperframes",
      "version": "0.0.0-dev",
      "digest": "sha256:bb074d98e7f4a43adce3ea2860486798f9a5be6a30c5e412adec8be6cf5fd031"
    },
    {
      "name": "@narratage/media-pipeline",
      "version": "0.0.0-dev",
      "digest": "sha256:7da4f1b8f84fa6c7ef3a463ade22eabd50b37857fa8d9d3b7813dd34b95de714"
    },
    {
      "name": "@narratage/media",
      "version": "0.0.0-dev",
      "digest": "sha256:059c7ebefb816a9831e5ce22edb4c9737ee1548428aba1108b054bc967989cf3"
    },
    {
      "name": "@narratage/model-kit",
      "version": "0.0.0-dev",
      "digest": "sha256:71b23848a90535e0cd74b25f4ef74a9827ce1aa0abdfe4eb34cc1dc3d907ce13"
    },
    {
      "name": "@narratage/narrative",
      "version": "0.0.0-dev",
      "digest": "sha256:d68aca30ab820e2ef794fc81d80aadb1c150937311048a6646df8b2dab3b99b0"
    },
    {
      "name": "@narratage/program-space",
      "version": "0.0.0-dev",
      "digest": "sha256:18ff5d1109b91ac83733c69ca5d0d5162a07a6f1e99d1473128c12382d116eaf"
    },
    {
      "name": "@narratage/protocol",
      "version": "0.0.0-dev",
      "digest": "sha256:aba55408fd1ffec38c1ce2e81706aaadad48277a2fe4b9adc6323674e1b23ce6"
    },
    {
      "name": "@narratage/render-hyperframes",
      "version": "0.0.0-dev",
      "digest": "sha256:74ff1e25ed72fb22ab17068959373162c58dd9f0cc8a5c2a811615c02666cf23"
    },
    {
      "name": "@narratage/run-text",
      "version": "0.0.0-dev",
      "digest": "sha256:3d7c8549650244571fe6fab24a2518edac8b17368934a141594d093f846455d6"
    },
    {
      "name": "@narratage/run",
      "version": "0.0.0-dev",
      "digest": "sha256:a828b37f801d3ebfcc4cae84e4fd0a1baf9342f00a85d1d9440c92d570acb8c9"
    },
    {
      "name": "@narratage/script",
      "version": "0.0.0-dev",
      "digest": "sha256:d0b7b906c6527d7e3dd6bd71e227b10b468b75f0d6a1cc1a4ed6f03a343c7956"
    },
    {
      "name": "@narratage/seedance",
      "version": "0.0.0-dev",
      "digest": "sha256:c115bb0aa515c6c3fabdd42b68a2f00909fb64ecc08ddb0eccf913fb51dd78df"
    },
    {
      "name": "@narratage/semantic-map",
      "version": "0.0.0-dev",
      "digest": "sha256:425c1ea0d89039fc070de2a5de13b7d414d7a3a7d4c2e155445603fad3d60572"
    },
    {
      "name": "@narratage/source",
      "version": "0.0.0-dev",
      "digest": "sha256:8bbfa48c0fde45639578902c907d9190bd5bbb8a03bd59fca8fd364b820a3184"
    },
    {
      "name": "@narratage/spatial",
      "version": "0.0.0-dev",
      "digest": "sha256:f0bc551c5ccf6897181e05aa89e2265dbe98f8a71e02cd2b10cb5f946a7037a3"
    },
    {
      "name": "@narratage/speech-alignment",
      "version": "0.0.0-dev",
      "digest": "sha256:98d4d047d49998e6a7370f9e44bb8c3fea7576225068a5a8c0144bfa616547d8"
    },
    {
      "name": "@narratage/speech-basis",
      "version": "0.0.0-dev",
      "digest": "sha256:7df71fda858bf23f32a563e7ca308bf98a8293a63146b8ba341e769fe9de62d6"
    },
    {
      "name": "@narratage/speech-evidence",
      "version": "0.0.0-dev",
      "digest": "sha256:a70759a336549bb4f622ff59b0259384d726211afa0cab5d0fcde89eef78fab1"
    },
    {
      "name": "@narratage/speech-spine",
      "version": "0.0.0-dev",
      "digest": "sha256:5b7fde204276f70d5b6f5b141055f4b77de6b13c5cd204b41050910aaeee4b0b"
    },
    {
      "name": "@narratage/speech",
      "version": "0.0.0-dev",
      "digest": "sha256:0a6efec25a5f16e1f33dd4683955ccd26fc56f0471018ce87245dbb97a4a4a16"
    },
    {
      "name": "@narratage/svs",
      "version": "0.0.0-dev",
      "digest": "sha256:6054e6dc0fed6195e881ba3d980eed86b33168252b1f38757618343c41e76898"
    },
    {
      "name": "@narratage/temporal",
      "version": "0.0.0-dev",
      "digest": "sha256:6bae9e338f618a2e40973f8ebbd37e0b3815b2604276f06a77ba7f5fa590d6c3"
    },
    {
      "name": "@narratage/text-track",
      "version": "0.0.0-dev",
      "digest": "sha256:54b31088b141e2cbce6201314433ed3a048d6a4f3fd7b4d204dcfd64bf0fa52d"
    },
    {
      "name": "@narratage/text",
      "version": "0.0.0-dev",
      "digest": "sha256:5dbe71a52a2b77f29a77ee7cff790081044cbecbbc410ca085769dd27be2566c"
    },
    {
      "name": "@narratage/validation",
      "version": "0.0.0-dev",
      "digest": "sha256:0b14011e82181e6bfd259e90dca084ed813cf02a25f568cad74f655c3bcf7458"
    },
    {
      "name": "@narratage/visual-ir",
      "version": "0.0.0-dev",
      "digest": "sha256:fbf0af7778388d444c6098359cb5af8498c40c6cc386be10305e524c00366a1e"
    },
    {
      "name": "@narratage/whisperx",
      "version": "0.0.0-dev",
      "digest": "sha256:a72627ed3b15fa02239ba7670b03cd581dfa05ef92451fbd04dff7a5e3b5bb56"
    }
  ],
  "packages": [
    {
      "specifier": "@narratage/artifact",
      "package": {
        "name": "@narratage/artifact",
        "version": "0.0.0-dev"
      },
      "facetsDigest": "sha256:cf6435732ab7b25c8d0c225042482d940344d5541fe37a4d9cbf905a0d0dad7a",
      "closureDigest": "sha256:d4386b53042e584f162c2882bdc3b515c19f10a87b23c3e9634852fdad75c1ae"
    },
    {
      "specifier": "@narratage/broll",
      "package": {
        "name": "@narratage/broll",
        "version": "0.0.0-dev"
      },
      "facetsDigest": "sha256:61f962f6ce0478a71baafc4e043ca9e977d746914126a2363047ca14ffa7db4c",
      "closureDigest": "sha256:9a91f192c5bd38044d51ed58e1c23d5ca742c098baaf049c52db583f9f1e38f6"
    },
    {
      "specifier": "@narratage/caption",
      "package": {
        "name": "@narratage/caption",
        "version": "0.0.0-dev"
      },
      "facetsDigest": "sha256:83e25dd21523d0986c23ec090b17bef9b1b8e01414b966caaebde4f238399648",
      "closureDigest": "sha256:3a29f5d83eea4f3f145efc4a0ed71632b40b047a55369ec9e268994ab1cbd7c9"
    },
    {
      "specifier": "@narratage/caption-fine",
      "package": {
        "name": "@narratage/caption-fine",
        "version": "0.0.0-dev"
      },
      "facetsDigest": "sha256:1364a1a82036a5506c658a4482ae6351a3f3a9b7f20e53baf6a717a7a03281cd",
      "closureDigest": "sha256:996ea794bc4df1de51020e33514d5a1aa5736c5a7b1d873eae9f30f35f9b035a"
    },
    {
      "specifier": "@narratage/caption-gemini",
      "package": {
        "name": "@narratage/caption-gemini",
        "version": "0.0.0-dev"
      },
      "facetsDigest": "sha256:e3a0c9a52ab4ad3012b4c35983a6a35bd6c44b81276d2b025aff505bff302d2c",
      "closureDigest": "sha256:3c3f55d03c860687ff472dbb499b6b9bf64e0381bf9fc01d1be9b81e79de0b12"
    },
    {
      "specifier": "@narratage/composition",
      "package": {
        "name": "@narratage/composition",
        "version": "0.0.0-dev"
      },
      "facetsDigest": "sha256:63033490f1be1fb90998152809079acf6ae1a20e359146ef1d1bbbfc8f8e608f",
      "closureDigest": "sha256:feaeb83ebb2c6150eebe666ee7bd15f234ab8ceba9f083b27b37c5266acb8f7b"
    },
    {
      "specifier": "@narratage/estimate",
      "package": {
        "name": "@narratage/estimate",
        "version": "0.0.0-dev"
      },
      "facetsDigest": "sha256:2bae43e32fb4e857294c13363b7d834d81bbfdb2992534c8418b7ca1de5e9cb4",
      "closureDigest": "sha256:ddf4ea9e7db521f3a786f5bb45818df8a42643328956510d66cceeda4237fe17"
    },
    {
      "specifier": "@narratage/film",
      "package": {
        "name": "@narratage/film",
        "version": "0.0.0-dev"
      },
      "facetsDigest": "sha256:c05f05c0f91cc84e9393749ef03cab2fd261d326e4f03d54747f8c132aecd36f",
      "closureDigest": "sha256:6a25be2681ce047899cfa06e7cf6af7544e60f43477d99d93a4818f1a4a2fb30"
    },
    {
      "specifier": "@narratage/generation",
      "package": {
        "name": "@narratage/generation",
        "version": "0.0.0-dev"
      },
      "facetsDigest": "sha256:c52730036a392448eb17cada1dd16b22be9ecb721ba47fb8d8a8633f74e4e039",
      "closureDigest": "sha256:b021688e2afca4835d2cc341401664b268cb2af693009b271c3b31fa27144d3c"
    },
    {
      "specifier": "@narratage/hyperframes",
      "package": {
        "name": "@narratage/hyperframes",
        "version": "0.0.0-dev"
      },
      "facetsDigest": "sha256:be96ac7d0e7b980426fa5596272b326453a819c99ceb581d9280d76f0d58c009",
      "closureDigest": "sha256:9614017ee055d0f166a8a73e0e75938a4ccebec4c40f83c33ac39317b7f94d39"
    },
    {
      "specifier": "@narratage/media",
      "package": {
        "name": "@narratage/media",
        "version": "0.0.0-dev"
      },
      "facetsDigest": "sha256:b365049728f4fd4eaa8cf93792697c89cf7871b1f333b1d4b5bef1113dcfb218",
      "closureDigest": "sha256:4b4573f6fcd2ddacaf39c2c37a2aebebf5b6959aa9fb3a14df4e3dd819712b99"
    },
    {
      "specifier": "@narratage/media-pipeline",
      "package": {
        "name": "@narratage/media-pipeline",
        "version": "0.0.0-dev"
      },
      "facetsDigest": "sha256:295304e9d68a8e02bf8ef51b0ebb2a4828337b8ddb665e9dee360c9c965c8ba4",
      "closureDigest": "sha256:1aecf7ff98e966329cd1fa8bef018739b6ea0de30a53b3ef2e66e70ce062571a"
    },
    {
      "specifier": "@narratage/narrative",
      "package": {
        "name": "@narratage/narrative",
        "version": "0.0.0-dev"
      },
      "facetsDigest": "sha256:778a963cda86b3e5e44359e66b6ba0b47cde31952c6ec2e09d0a1220df71bed0",
      "closureDigest": "sha256:f793162590dcc0637ce25aec9b232d974bd4872fb2f8c1914dfd30c38c94f895"
    },
    {
      "specifier": "@narratage/program-space",
      "package": {
        "name": "@narratage/program-space",
        "version": "0.0.0-dev"
      },
      "facetsDigest": "sha256:5fa9b120e8d37ca2edd478e3388c3dc4e398113e74c6589c6d25ef604a1d348a",
      "closureDigest": "sha256:86cca852dc5774c67f521da3249b8fea664b947fce1bb81c9b665d6fba7ea73c"
    },
    {
      "specifier": "@narratage/render-hyperframes",
      "package": {
        "name": "@narratage/render-hyperframes",
        "version": "0.0.0-dev"
      },
      "facetsDigest": "sha256:0ab12fa11602bb87353e5d6ad8e21dc0801a9b79e1dd6a45f7f1812047d3ba84",
      "closureDigest": "sha256:34d96f4abbfbcd795765578140162f3409a0d55f98e9b23c05ad65eb404c23f2"
    },
    {
      "specifier": "@narratage/run-text",
      "package": {
        "name": "@narratage/run-text",
        "version": "0.0.0-dev"
      },
      "facetsDigest": "sha256:fbcab7cea86223fe00ea04b51c2160bb534aafbb99067f5877e6825b0ce4eefc",
      "closureDigest": "sha256:698ff071b25054a67f6f69e485857664613027b4711d64285a21cc569591414a"
    },
    {
      "specifier": "@narratage/script",
      "package": {
        "name": "@narratage/script",
        "version": "0.0.0-dev"
      },
      "facetsDigest": "sha256:1407d1c367c4131e3419837a66d0b81ae7a13ff44413540f8f63ef9663f6792f",
      "closureDigest": "sha256:db7038d84b8155caa5ec2d61525e41ae20677ae753456825599f320215c0992e"
    },
    {
      "specifier": "@narratage/seedance",
      "package": {
        "name": "@narratage/seedance",
        "version": "0.0.0-dev"
      },
      "facetsDigest": "sha256:c0a306fdfdf2dfa9489b6bdbd00e48275e2989ce1cbd6d32bc467618c7ae13cd",
      "closureDigest": "sha256:4bff3f4e973dc3be6317ae6d3e01e9306d4b696829ad553070a6fe9c78e6db39"
    },
    {
      "specifier": "@narratage/semantic-map",
      "package": {
        "name": "@narratage/semantic-map",
        "version": "0.0.0-dev"
      },
      "facetsDigest": "sha256:3598b75d25da49ae97aae0a74e0e97d2632902c88445994264671eb4d5d59edd",
      "closureDigest": "sha256:b5728f9b4f90b6692d18bed8aae3f52f9dc232928f7137f070af8195a9fd72d2"
    },
    {
      "specifier": "@narratage/spatial",
      "package": {
        "name": "@narratage/spatial",
        "version": "0.0.0-dev"
      },
      "facetsDigest": "sha256:1a3004524c7cdb09be7c84dfdfac577a7e133b7f7b6e6c2301298aaad91053aa",
      "closureDigest": "sha256:fe56db252c01c4ec6df7b2521e19e2405f072283711724cd82d9708460d06b9b"
    },
    {
      "specifier": "@narratage/speech",
      "package": {
        "name": "@narratage/speech",
        "version": "0.0.0-dev"
      },
      "facetsDigest": "sha256:3d05fd0f8e2238518bf0e26a8ca0b89af9ec213c8a2569f318a484bd692b18d7",
      "closureDigest": "sha256:92017fe3ea14c52c33c7e1ef3e30946bdcdd6441512c55fd762b9fa18d025a7c"
    },
    {
      "specifier": "@narratage/speech-alignment",
      "package": {
        "name": "@narratage/speech-alignment",
        "version": "0.0.0-dev"
      },
      "facetsDigest": "sha256:068f7e40d6c82e122d28e105830e8e746e7a383e9bfe8e975004d56173d47f16",
      "closureDigest": "sha256:9a29d77058bd3bc507f1d69548888827c4c0d1b98ade5ab767a6d00e64179ec6"
    },
    {
      "specifier": "@narratage/speech-basis",
      "package": {
        "name": "@narratage/speech-basis",
        "version": "0.0.0-dev"
      },
      "facetsDigest": "sha256:a05cf6c4ed4839bd7c82aec72d414c0a969127c7f03c23d7b82860a7a6c4f831",
      "closureDigest": "sha256:46700e5257dcb675c816a73f40674e237a76168d8ef4228e334ea36d36199200"
    },
    {
      "specifier": "@narratage/speech-evidence",
      "package": {
        "name": "@narratage/speech-evidence",
        "version": "0.0.0-dev"
      },
      "facetsDigest": "sha256:8f6bae5441065ef2c99bbb09bcf2b9b2bf70a7b1ca38fae2211baaecff3e6539",
      "closureDigest": "sha256:e22ab9b6ef69591df0432dd915b62f8009a158718ca9875a770c8657b83faa81"
    },
    {
      "specifier": "@narratage/speech-spine",
      "package": {
        "name": "@narratage/speech-spine",
        "version": "0.0.0-dev"
      },
      "facetsDigest": "sha256:780a944f7151a67ab92fd3830c153a867544e733f100106b4b1a133408808221",
      "closureDigest": "sha256:0c3a6e7d936edd49005e241765de4446009912e72da5ea9041bbb650d00e1cd1"
    },
    {
      "specifier": "@narratage/svs",
      "package": {
        "name": "@narratage/svs",
        "version": "0.0.0-dev"
      },
      "facetsDigest": "sha256:9cc7c397d2cd97b5a3e814886b6553b6d236fd8825df0d056e328b7f0cf20163",
      "closureDigest": "sha256:6acbe73fe544447499f51bb74ee3c6e1d67ba34cbef12a33bbee8b34f8a1bc49"
    },
    {
      "specifier": "@narratage/text-track",
      "package": {
        "name": "@narratage/text-track",
        "version": "0.0.0-dev"
      },
      "facetsDigest": "sha256:c62ee46204b26647aea09b0110ac59724119763fcae5b7a04549b6a1e3eaa66f",
      "closureDigest": "sha256:b7b8a63ece30b1c22853801d8ae5853a015a6173253bfb08d354c96f58e66c20"
    },
    {
      "specifier": "@narratage/visual-ir",
      "package": {
        "name": "@narratage/visual-ir",
        "version": "0.0.0-dev"
      },
      "facetsDigest": "sha256:a8d72579639a41123f5ac017e98781819012adc52d94a8116c5a072dc9e6fc05",
      "closureDigest": "sha256:63d591b669757e83663dbae933870ffb852a66e83f831dd21aae259be1eddac1"
    },
    {
      "specifier": "@narratage/whisperx",
      "package": {
        "name": "@narratage/whisperx",
        "version": "0.0.0-dev"
      },
      "facetsDigest": "sha256:58bd17f5beb706ba6d4ee8c9221a85fa81fb5a65772a17747c480dd881b21cde",
      "closureDigest": "sha256:dae2140029b7054846648d38c991857adf2160ed1afb8a3720a71f6f741d5ae2"
    }
  ],
  "digest": "sha256:b43c4e571daf47f059f942956a443159112c587f42f1655866f7f4e0d170f113"
}
