{
  "format": "svml.node-package-lock@1",
  "artifacts": [
    {
      "name": "@narratage/artifact",
      "version": "0.0.0-dev",
      "digest": "sha256:b16107fdad5256905782fe28142cd19e77673f190691e839fd12d4f1f536ea0f"
    },
    {
      "name": "@narratage/broll",
      "version": "0.0.0-dev",
      "digest": "sha256:f058e3161f5ab570e5f180d548ef31e8c70945e8f37d7530caced1d9db31e368"
    },
    {
      "name": "@narratage/caption-gemini",
      "version": "0.0.0-dev",
      "digest": "sha256:fee78f329fcaa348522cf5cabc0c9965169f0caa0fad34d0811adb78e4383477"
    },
    {
      "name": "@narratage/caption",
      "version": "0.0.0-dev",
      "digest": "sha256:2cc50a1dc8aacb13caf90b5aa7c58bbda6be782765996e0e5a12d1b4c1163753"
    },
    {
      "name": "@narratage/component-kit",
      "version": "0.0.0-dev",
      "digest": "sha256:119069ad7c4d5a73c9bfe04fb5a1dc23eadcdac66b2ff88c8ea9454927241c0f"
    },
    {
      "name": "@narratage/composition",
      "version": "0.0.0-dev",
      "digest": "sha256:e21fdbfb9a9d0f98ca90c2c4a6962457ef3cff031a153c58e708de4c150b9093"
    },
    {
      "name": "@narratage/core",
      "version": "0.0.0-dev",
      "digest": "sha256:50e6dbf1298fccd3f1fe5cfbcd9968d10ecfdc055adb5a8f79db7db441d37db7"
    },
    {
      "name": "@narratage/elaborator",
      "version": "0.0.0-dev",
      "digest": "sha256:9ae85decc3e3678dbe05a1322c5f595277afcd649242ad5c36b3782252e89037"
    },
    {
      "name": "@narratage/film",
      "version": "0.0.0-dev",
      "digest": "sha256:c847365263d42a5136daeac728188dfabb00b9ad4dac669682022d33e7d8f997"
    },
    {
      "name": "@narratage/generation",
      "version": "0.0.0-dev",
      "digest": "sha256:a9d0db9e25f2667602a3cc8735d6317b5ea821a187739d75c4f2c24d06a91381"
    },
    {
      "name": "@narratage/host",
      "version": "0.0.0-dev",
      "digest": "sha256:3cbc10d27b16c44ba82a29db27b0a394574d9088184e889558f2b10f1d143e08"
    },
    {
      "name": "@narratage/hyperframes",
      "version": "0.0.0-dev",
      "digest": "sha256:ce3902f4d69c5057a1795fd2d201c189716436c8501f8790d6b1df4ebd2fd691"
    },
    {
      "name": "@narratage/media-pipeline",
      "version": "0.0.0-dev",
      "digest": "sha256:4ceb5c9ef785e456f3807809b0384cbd40d463c4e5f1878375dcc8b017799922"
    },
    {
      "name": "@narratage/media",
      "version": "0.0.0-dev",
      "digest": "sha256:d92f53d5060df53a7a671b58b8c0d1305be99384bd34e71bda0f7f1296550f4b"
    },
    {
      "name": "@narratage/model-kit",
      "version": "0.0.0-dev",
      "digest": "sha256:71b23848a90535e0cd74b25f4ef74a9827ce1aa0abdfe4eb34cc1dc3d907ce13"
    },
    {
      "name": "@narratage/narrative",
      "version": "0.0.0-dev",
      "digest": "sha256:866d6570d7fd659cd56540c0be3a28ad43b7de68be464a77591f6e14d8b61564"
    },
    {
      "name": "@narratage/program-space",
      "version": "0.0.0-dev",
      "digest": "sha256:3a321f064e7f763ae056662ed07bbe4b0fdf1b1628502891c4c73beb5a20edd6"
    },
    {
      "name": "@narratage/protocol",
      "version": "0.0.0-dev",
      "digest": "sha256:ba71856c619670704e209ea38efdd21fa2af097e4b746206422c9d75334d1939"
    },
    {
      "name": "@narratage/render-hyperframes",
      "version": "0.0.0-dev",
      "digest": "sha256:74ff1e25ed72fb22ab17068959373162c58dd9f0cc8a5c2a811615c02666cf23"
    },
    {
      "name": "@narratage/run-text",
      "version": "0.0.0-dev",
      "digest": "sha256:3d7c8549650244571fe6fab24a2518edac8b17368934a141594d093f846455d6"
    },
    {
      "name": "@narratage/run",
      "version": "0.0.0-dev",
      "digest": "sha256:a828b37f801d3ebfcc4cae84e4fd0a1baf9342f00a85d1d9440c92d570acb8c9"
    },
    {
      "name": "@narratage/script",
      "version": "0.0.0-dev",
      "digest": "sha256:4826275f4b7f1fc9169f059eef794bff22db76b5283f48442ad60a0452bf2218"
    },
    {
      "name": "@narratage/seedance",
      "version": "0.0.0-dev",
      "digest": "sha256:f550f1f9278056b349c6f4f536e8d8694ff3cc1d01395c30a1384332fc034f5d"
    },
    {
      "name": "@narratage/semantic-map",
      "version": "0.0.0-dev",
      "digest": "sha256:387bad3d99eb4b50d9721f5b258f1ed4d2fad277a817aca98c6390eb511e40d4"
    },
    {
      "name": "@narratage/source",
      "version": "0.0.0-dev",
      "digest": "sha256:8bbfa48c0fde45639578902c907d9190bd5bbb8a03bd59fca8fd364b820a3184"
    },
    {
      "name": "@narratage/speech-alignment",
      "version": "0.0.0-dev",
      "digest": "sha256:aacaade075325a1f3a28dc4ee8d6a685046e480ff9d6e40fce1c6e5f3d7c0091"
    },
    {
      "name": "@narratage/speech-basis",
      "version": "0.0.0-dev",
      "digest": "sha256:f47d8b1c0eff718380b72c241b566f766a37f65d895e2e89867ec5d177f4168d"
    },
    {
      "name": "@narratage/speech-evidence",
      "version": "0.0.0-dev",
      "digest": "sha256:a70759a336549bb4f622ff59b0259384d726211afa0cab5d0fcde89eef78fab1"
    },
    {
      "name": "@narratage/speech-spine",
      "version": "0.0.0-dev",
      "digest": "sha256:99ba2c670a48d35eb25e538c6099c2b31f3a20801771d81642c8e78efe13c8b4"
    },
    {
      "name": "@narratage/speech",
      "version": "0.0.0-dev",
      "digest": "sha256:1296f5241ab87621cbed2019ffd09e51a2ecd79a49848715ade628a9d722d8c1"
    },
    {
      "name": "@narratage/svs",
      "version": "0.0.0-dev",
      "digest": "sha256:8973ec01d5c9390da4e5a3f74c7e5af0a4bb49e15796e98e748b75ce62363d9d"
    },
    {
      "name": "@narratage/text-track",
      "version": "0.0.0-dev",
      "digest": "sha256:a3b8e09fb36b61c280cac3f73d6dd94272024f6a8086ed7eae70722d6e2270cc"
    },
    {
      "name": "@narratage/text",
      "version": "0.0.0-dev",
      "digest": "sha256:95d4d335bf4b4bad846a1dc2945bff0832083f7930726a8144159aa1c78a87d7"
    },
    {
      "name": "@narratage/validation",
      "version": "0.0.0-dev",
      "digest": "sha256:0b14011e82181e6bfd259e90dca084ed813cf02a25f568cad74f655c3bcf7458"
    },
    {
      "name": "@narratage/visual-ir",
      "version": "0.0.0-dev",
      "digest": "sha256:7a112d37e211797b680b2aa37382be47a65a6182e91fdcc93da50e684e50373c"
    },
    {
      "name": "@narratage/whisperx",
      "version": "0.0.0-dev",
      "digest": "sha256:72fd08de6dca9bbec329d4f880e176832fba7ce1b89e0992be9bf4bcd87f2b49"
    }
  ],
  "packages": [
    {
      "specifier": "@narratage/artifact",
      "package": {
        "name": "@narratage/artifact",
        "version": "0.0.0-dev"
      },
      "facetsDigest": "sha256:cf6435732ab7b25c8d0c225042482d940344d5541fe37a4d9cbf905a0d0dad7a",
      "closureDigest": "sha256:686a71608546c633b2e43eba93e9386182c60943b26a25da1c036ffbec70ed36"
    },
    {
      "specifier": "@narratage/broll",
      "package": {
        "name": "@narratage/broll",
        "version": "0.0.0-dev"
      },
      "facetsDigest": "sha256:af6b5c2380a0f9f2175ec01e1ccc50b4da0e5686fae37a8a8b642157afac1da1",
      "closureDigest": "sha256:7df7ce1332bb56b05152f960e82b5b157b2b5d8a3c0daf865e9d486cd7e7b74a"
    },
    {
      "specifier": "@narratage/caption",
      "package": {
        "name": "@narratage/caption",
        "version": "0.0.0-dev"
      },
      "facetsDigest": "sha256:2ee66831641cb2f84f681a75fa094ef2e2f59d5ef6306dbe6614aa0e5936cef8",
      "closureDigest": "sha256:2d31507ffb92dde6cb9acc3f8705f7823fd268a5f469335ab0b103633e143550"
    },
    {
      "specifier": "@narratage/caption-gemini",
      "package": {
        "name": "@narratage/caption-gemini",
        "version": "0.0.0-dev"
      },
      "facetsDigest": "sha256:187f25b50175ac03a581fccba8395296a0a2118e532225b366d397a2b0400fc4",
      "closureDigest": "sha256:48c8f7f6b231f057672a97a8aa9c13061705f067aa8e967abf988c3404a19d87"
    },
    {
      "specifier": "@narratage/composition",
      "package": {
        "name": "@narratage/composition",
        "version": "0.0.0-dev"
      },
      "facetsDigest": "sha256:ec680d429d88ec1c55531125a18c1620fea0c81600de55ba6d43c4fbf873e480",
      "closureDigest": "sha256:6933f739ef5d87b55dca7acab6be16889011b69d33bc7813ae829b2f4b9de828"
    },
    {
      "specifier": "@narratage/film",
      "package": {
        "name": "@narratage/film",
        "version": "0.0.0-dev"
      },
      "facetsDigest": "sha256:61839fefb8cf723e9b55f4ac0932928b2dba5de4935ca03c0c4335246c6ab5d8",
      "closureDigest": "sha256:57bb0ddbf39bdab7fafb7d5c8fdbcb2bcd56f05e7c966aca23523e25ea8891db"
    },
    {
      "specifier": "@narratage/generation",
      "package": {
        "name": "@narratage/generation",
        "version": "0.0.0-dev"
      },
      "facetsDigest": "sha256:c52730036a392448eb17cada1dd16b22be9ecb721ba47fb8d8a8633f74e4e039",
      "closureDigest": "sha256:4bc35fc3ab4e4808586f26601acc3c72beec98806aeaa0f11d98781e123ca93c"
    },
    {
      "specifier": "@narratage/hyperframes",
      "package": {
        "name": "@narratage/hyperframes",
        "version": "0.0.0-dev"
      },
      "facetsDigest": "sha256:a85021fad5a6ad3ab248ddd51ce8473f7e90cee6f9da50c8ec124558e67d5971",
      "closureDigest": "sha256:e6b5c90fb98d40a1501e79fa5987e39708f7a59f6e9b66819912332f9d02c2ec"
    },
    {
      "specifier": "@narratage/media",
      "package": {
        "name": "@narratage/media",
        "version": "0.0.0-dev"
      },
      "facetsDigest": "sha256:c883f03447734dc30a6c239c828083e6e9708258e457f845c2cfa5a2f95c0387",
      "closureDigest": "sha256:d28634c2265a2d36cff72e149f11a8fba0fa5caf561431d542d5fd6ff5463544"
    },
    {
      "specifier": "@narratage/media-pipeline",
      "package": {
        "name": "@narratage/media-pipeline",
        "version": "0.0.0-dev"
      },
      "facetsDigest": "sha256:6f520aa9a6d237dec9e48cfd3c3c9b47282ce6241a614cfd5ffe35a9e39d9533",
      "closureDigest": "sha256:0d101dc7b9054d2b5f7b03a80c4f75c6d6238514c0ea8f7e2b4e0b0832a950c4"
    },
    {
      "specifier": "@narratage/narrative",
      "package": {
        "name": "@narratage/narrative",
        "version": "0.0.0-dev"
      },
      "facetsDigest": "sha256:ad432145af4671da3a98c911958f569e49df74115ac336d1e34111ee513c303f",
      "closureDigest": "sha256:6056d2d75cb3b109d3499f94f875f33bd70b985e8cdb668e82012c918e2e9165"
    },
    {
      "specifier": "@narratage/program-space",
      "package": {
        "name": "@narratage/program-space",
        "version": "0.0.0-dev"
      },
      "facetsDigest": "sha256:5fa9b120e8d37ca2edd478e3388c3dc4e398113e74c6589c6d25ef604a1d348a",
      "closureDigest": "sha256:15e746b7fe84630f61f08499c52ce810b48919881000e40d97e87358be8779d8"
    },
    {
      "specifier": "@narratage/render-hyperframes",
      "package": {
        "name": "@narratage/render-hyperframes",
        "version": "0.0.0-dev"
      },
      "facetsDigest": "sha256:9fe1ea0ccad65e4819fa82804a6a96003782cad1b32fc155f65a991b91f2bfdf",
      "closureDigest": "sha256:c5796095828887f523f078fea4f24e17df38988817df2ad90f79c337e7dbb6a8"
    },
    {
      "specifier": "@narratage/run-text",
      "package": {
        "name": "@narratage/run-text",
        "version": "0.0.0-dev"
      },
      "facetsDigest": "sha256:fbcab7cea86223fe00ea04b51c2160bb534aafbb99067f5877e6825b0ce4eefc",
      "closureDigest": "sha256:9d0cf75312cee931dd5c5d3c7f87134178ea9671d99858dd5ed601b7d5d1ac6a"
    },
    {
      "specifier": "@narratage/script",
      "package": {
        "name": "@narratage/script",
        "version": "0.0.0-dev"
      },
      "facetsDigest": "sha256:be36b7773862df5124e3c3598ac9f9c3407f081d91360623fb2f983ba7e2ecab",
      "closureDigest": "sha256:85f18a69197b5c61a96a5188adc586dcf4ef72e961e10775d8301a3864678563"
    },
    {
      "specifier": "@narratage/seedance",
      "package": {
        "name": "@narratage/seedance",
        "version": "0.0.0-dev"
      },
      "facetsDigest": "sha256:33c8544ab99b77c94af25a4620bf17e0b1b994cc505616933878c8ece586f666",
      "closureDigest": "sha256:b0a54d63ab4459257885d87cc247e86b9fed0c9d1bd704fd6fca8ce8f0a36a75"
    },
    {
      "specifier": "@narratage/semantic-map",
      "package": {
        "name": "@narratage/semantic-map",
        "version": "0.0.0-dev"
      },
      "facetsDigest": "sha256:0643f64108ed0effaa2d4fb6430ee784cf4097b645f6a29454a7053ebbd5c24b",
      "closureDigest": "sha256:6d02c9e040b8c6069753f33d032cbef30a201a8a46f5c6ef6c335f21742d9d59"
    },
    {
      "specifier": "@narratage/speech",
      "package": {
        "name": "@narratage/speech",
        "version": "0.0.0-dev"
      },
      "facetsDigest": "sha256:18c88419b284266980f5016505e4fce22ba544d4eff743395bcb365c560a16b4",
      "closureDigest": "sha256:ab1999e9af57cf1af17453ac31aba868b45b60603c729e5cdd4b6bfba850690f"
    },
    {
      "specifier": "@narratage/speech-alignment",
      "package": {
        "name": "@narratage/speech-alignment",
        "version": "0.0.0-dev"
      },
      "facetsDigest": "sha256:c6639913da14ba2249280bbc797ee8dde7039ad99169a364a2a2df48f8485329",
      "closureDigest": "sha256:c35b77441ee90b9e7348f4931b89c6db235adf2cf2339ce3f7206150f5031b0f"
    },
    {
      "specifier": "@narratage/speech-basis",
      "package": {
        "name": "@narratage/speech-basis",
        "version": "0.0.0-dev"
      },
      "facetsDigest": "sha256:145137408570c5bd7a635fb81ce8d239c0345ae70b3b6d85cfcc460ebbf86044",
      "closureDigest": "sha256:0c6be2eb13111369a7fee4462a48317129945d54f4079c2d4a541312331cebb6"
    },
    {
      "specifier": "@narratage/speech-evidence",
      "package": {
        "name": "@narratage/speech-evidence",
        "version": "0.0.0-dev"
      },
      "facetsDigest": "sha256:d9ab65b0cd727208120e24a9931c763e33c8c9981265c9e0488c0017149de811",
      "closureDigest": "sha256:7e382d8d648709f7d6489f399ec0bdbc6d207c9ae57abbf98dc3923ea197f9f5"
    },
    {
      "specifier": "@narratage/speech-spine",
      "package": {
        "name": "@narratage/speech-spine",
        "version": "0.0.0-dev"
      },
      "facetsDigest": "sha256:3b85990a1db133628007169f15637c5efed029a4d184f8c908d4475624139b40",
      "closureDigest": "sha256:c9ab638e436347e9f5352abfa7d62602978220e2bfb072af8ac8f779bafce96d"
    },
    {
      "specifier": "@narratage/svs",
      "package": {
        "name": "@narratage/svs",
        "version": "0.0.0-dev"
      },
      "facetsDigest": "sha256:9cc7c397d2cd97b5a3e814886b6553b6d236fd8825df0d056e328b7f0cf20163",
      "closureDigest": "sha256:e86149074328a4cd324f8b90249e7a991ac2166dd121a0f1837410a697c2c4f0"
    },
    {
      "specifier": "@narratage/text-track",
      "package": {
        "name": "@narratage/text-track",
        "version": "0.0.0-dev"
      },
      "facetsDigest": "sha256:d982a09731dc575de2b3faad1e22d7b9d7c43db1b289f84be899982ee56fe4e6",
      "closureDigest": "sha256:171c3f0a7e8f4601aaa1b7fdf49384e90685fb6760906fbef9d55d381818997e"
    },
    {
      "specifier": "@narratage/visual-ir",
      "package": {
        "name": "@narratage/visual-ir",
        "version": "0.0.0-dev"
      },
      "facetsDigest": "sha256:a8d72579639a41123f5ac017e98781819012adc52d94a8116c5a072dc9e6fc05",
      "closureDigest": "sha256:99f2af6ebe97abebe141f78baedf87c67c547f62bfce5c966706dc4c8ee86c47"
    },
    {
      "specifier": "@narratage/whisperx",
      "package": {
        "name": "@narratage/whisperx",
        "version": "0.0.0-dev"
      },
      "facetsDigest": "sha256:55e29a62e673186f29325660db595ddd5346f004d6bfbef15fac3c25d9f63686",
      "closureDigest": "sha256:7fd17af066fc1758244a4773a493c3fc75125991ad0d3db321eb6a3bd7bbd33a"
    }
  ],
  "digest": "sha256:2db24aae9ed7d74a889a91390748db60b58d88e1dd1468708b318b295c26fa8a"
}
