{
  "format": "svml.node-package-lock@1",
  "artifacts": [
    {
      "name": "@narratage/artifact",
      "version": "0.0.0-dev",
      "digest": "sha256:b16107fdad5256905782fe28142cd19e77673f190691e839fd12d4f1f536ea0f"
    },
    {
      "name": "@narratage/broll",
      "version": "0.0.0-dev",
      "digest": "sha256:89cec513ea05141b7c4dcc3c6c14704369678fe9f57686744fbf4a5d86d34bd9"
    },
    {
      "name": "@narratage/caption-gemini",
      "version": "0.0.0-dev",
      "digest": "sha256:761357ed3f3a940da597b704feb7595e2c85ed512212e920e6542d2d715347ff"
    },
    {
      "name": "@narratage/caption",
      "version": "0.0.0-dev",
      "digest": "sha256:d108cf485d4647abb437faf4d69ee151c27dddd68dae22d250432a738c6ebce4"
    },
    {
      "name": "@narratage/component-kit",
      "version": "0.0.0-dev",
      "digest": "sha256:119069ad7c4d5a73c9bfe04fb5a1dc23eadcdac66b2ff88c8ea9454927241c0f"
    },
    {
      "name": "@narratage/contracts",
      "version": "0.0.0-dev",
      "digest": "sha256:f60d1385b9019229272bffd2d14f7862d60b059657c0a8326f90192fe0e31875"
    },
    {
      "name": "@narratage/core",
      "version": "0.0.0-dev",
      "digest": "sha256:960d3d72445181c5989ec12f0c41e90a6a7c3f21f57fced1a8a820e98b6d84e3"
    },
    {
      "name": "@narratage/elaborator",
      "version": "0.0.0-dev",
      "digest": "sha256:fab149a3841beeb97667015849cb0e2528e0062aaef942f4950039edcf43f283"
    },
    {
      "name": "@narratage/film",
      "version": "0.0.0-dev",
      "digest": "sha256:ab4fd99f064546efd0cdd087d5bb62857c71919c673d463dc0bcac457cf1b104"
    },
    {
      "name": "@narratage/generation",
      "version": "0.0.0-dev",
      "digest": "sha256:280b7f009d0f5c93c171cbf167d21e5ee2cf415fbb0ce885f1b9fa05b1833c29"
    },
    {
      "name": "@narratage/host",
      "version": "0.0.0-dev",
      "digest": "sha256:3cbc10d27b16c44ba82a29db27b0a394574d9088184e889558f2b10f1d143e08"
    },
    {
      "name": "@narratage/hyperframes-render",
      "version": "0.0.0-dev",
      "digest": "sha256:004f1b0b59352b59086303f2e1d34e6df4d1aa182ac6f23f0bc3b90e105b0d8d"
    },
    {
      "name": "@narratage/hyperframes",
      "version": "0.0.0-dev",
      "digest": "sha256:45b18bdf4fe3a911a04f359ffa1bf61f5b2fdcbfb832e91be8bf5d3e4fb26c09"
    },
    {
      "name": "@narratage/media-pipeline",
      "version": "0.0.0-dev",
      "digest": "sha256:5a3bcc9075a64ba1c4ca7c7ff4db85dca772d5cf235a24b85568991486c85f1b"
    },
    {
      "name": "@narratage/media",
      "version": "0.0.0-dev",
      "digest": "sha256:c54421c2ae7280b9750b22b1fbc11526718de6529bb7ea826acf582a7d669451"
    },
    {
      "name": "@narratage/model-kit",
      "version": "0.0.0-dev",
      "digest": "sha256:195208129c357c8b48dd38977557a8c9f87e3bbd3c162e2e51e17db0f56bf874"
    },
    {
      "name": "@narratage/protocol",
      "version": "0.0.0-dev",
      "digest": "sha256:5cb53ea9204bd61fced85b0ae7831838f4e25b61410b1cfc8d6a7a26e0c87fca"
    },
    {
      "name": "@narratage/realization",
      "version": "0.0.0-dev",
      "digest": "sha256:8d5badb047a0e4dc6b512cc514c190d0c98b3d8c879a06252503280b7ed20d45"
    },
    {
      "name": "@narratage/run-text",
      "version": "0.0.0-dev",
      "digest": "sha256:3d7c8549650244571fe6fab24a2518edac8b17368934a141594d093f846455d6"
    },
    {
      "name": "@narratage/run",
      "version": "0.0.0-dev",
      "digest": "sha256:19148f00695cb4c92be7ffa83c2c6db4ac1c2a81185014070b5cb75024c8b3a4"
    },
    {
      "name": "@narratage/script",
      "version": "0.0.0-dev",
      "digest": "sha256:a7720e7d08db32cdf45c7d3681fd9c6370d1ee424cccfae62f0393cdc511e7fb"
    },
    {
      "name": "@narratage/seedance",
      "version": "0.0.0-dev",
      "digest": "sha256:375c74fb1229380b6f7686665895398a09b76dd43e065a6fb55aabb8d80eee36"
    },
    {
      "name": "@narratage/source",
      "version": "0.0.0-dev",
      "digest": "sha256:8bbfa48c0fde45639578902c907d9190bd5bbb8a03bd59fca8fd364b820a3184"
    },
    {
      "name": "@narratage/speech-align",
      "version": "0.0.0-dev",
      "digest": "sha256:d254d024270ec28e86fc092b0df696090e84e8cb0c9999ed94e4ae5fca2b3ebc"
    },
    {
      "name": "@narratage/speech-program",
      "version": "0.0.0-dev",
      "digest": "sha256:f985d190affb90114d2f1b23d4bfd9c9bb91f12e18e392609e680a404eaaa772"
    },
    {
      "name": "@narratage/speech-take",
      "version": "0.0.0-dev",
      "digest": "sha256:3eabbcdba005ec4e312d975b86c8e8b238fd2029e59425e8c01b35eabb938cf6"
    },
    {
      "name": "@narratage/svs",
      "version": "0.0.0-dev",
      "digest": "sha256:8973ec01d5c9390da4e5a3f74c7e5af0a4bb49e15796e98e748b75ce62363d9d"
    },
    {
      "name": "@narratage/text-track",
      "version": "0.0.0-dev",
      "digest": "sha256:0070c6d5c585bd5c2934267a6d1518a2ca97b9969680a10ee3741d6aa9a8770c"
    },
    {
      "name": "@narratage/text",
      "version": "0.0.0-dev",
      "digest": "sha256:6f19fa6feb8b2a242a057595f655688e4e85f31f6f7e5891bdfacb1bf632bb69"
    },
    {
      "name": "@narratage/validation",
      "version": "0.0.0-dev",
      "digest": "sha256:0b14011e82181e6bfd259e90dca084ed813cf02a25f568cad74f655c3bcf7458"
    },
    {
      "name": "@narratage/whisperx",
      "version": "0.0.0-dev",
      "digest": "sha256:84caad776d487518e0c75ebff5eae20ecb69aaa6d65d8c662e20d9779bf27738"
    }
  ],
  "packages": [
    {
      "specifier": "@narratage/artifact",
      "package": {
        "name": "@narratage/artifact",
        "version": "0.0.0-dev"
      },
      "facetsDigest": "sha256:cf6435732ab7b25c8d0c225042482d940344d5541fe37a4d9cbf905a0d0dad7a",
      "closureDigest": "sha256:5a62c0c2123222ed41be5ef91d833c5343f119fdafa3e9edcb30040ea0ce0af6"
    },
    {
      "specifier": "@narratage/broll",
      "package": {
        "name": "@narratage/broll",
        "version": "0.0.0-dev"
      },
      "facetsDigest": "sha256:adaa22c66cdecaebd14c6a4d1d67be37aab56120fef16d3c8c8fe5ddebf23e5a",
      "closureDigest": "sha256:490aad185fff15dca31541d03352dca5aea7bf72326721b5f2a3bebd4f7005e8"
    },
    {
      "specifier": "@narratage/caption",
      "package": {
        "name": "@narratage/caption",
        "version": "0.0.0-dev"
      },
      "facetsDigest": "sha256:59ac2a0c3aed168d214f1c3fff09069b81353e72b59af6f31c17b78ffb31dcdc",
      "closureDigest": "sha256:a22dfff682124e76b31a34697f5d7718309fa50def03707dd2e7c2556964a52a"
    },
    {
      "specifier": "@narratage/caption-gemini",
      "package": {
        "name": "@narratage/caption-gemini",
        "version": "0.0.0-dev"
      },
      "facetsDigest": "sha256:bdad99c134c9df9fe7c68214b5ed9c6d72b2f6e13328fbd2903e62df72559d3d",
      "closureDigest": "sha256:0855fd7c61ac1b990d30f566f3b2151fba7e4c8e58a592e79f05c307782ddf14"
    },
    {
      "specifier": "@narratage/contracts",
      "package": {
        "name": "@narratage/contracts",
        "version": "0.0.0-dev"
      },
      "facetsDigest": "sha256:23b9e4896a1c5d9e8f2345280d10d02bf6d412c04078a46ef2383adabf9ea286",
      "closureDigest": "sha256:f0407b458a1963ba9156abf8e8b692ec0d0c937e8af2b41f854b83a4c9ea5fd8"
    },
    {
      "specifier": "@narratage/film",
      "package": {
        "name": "@narratage/film",
        "version": "0.0.0-dev"
      },
      "facetsDigest": "sha256:86de24172370a069a187ec1a680cf1955c2950e1cfe9771c1d2e3c71e94d156d",
      "closureDigest": "sha256:11bc7c94c255efa69cc12d424df257cc8a850dba087fc068d5f04bbd233ad565"
    },
    {
      "specifier": "@narratage/generation",
      "package": {
        "name": "@narratage/generation",
        "version": "0.0.0-dev"
      },
      "facetsDigest": "sha256:c52730036a392448eb17cada1dd16b22be9ecb721ba47fb8d8a8633f74e4e039",
      "closureDigest": "sha256:ff187fdf087bb1c7c0ff03a8bc39936b10e06e575075a23cc3f33f0957907479"
    },
    {
      "specifier": "@narratage/hyperframes",
      "package": {
        "name": "@narratage/hyperframes",
        "version": "0.0.0-dev"
      },
      "facetsDigest": "sha256:ae446804943504d675bbc91dddbc815bd04956512c4ceb225f4d95842fb46c33",
      "closureDigest": "sha256:2cd87f7f95e95e2e6bc2d3ef4238a7f6de96dc76953285896ed8281a0327cd8e"
    },
    {
      "specifier": "@narratage/hyperframes-render",
      "package": {
        "name": "@narratage/hyperframes-render",
        "version": "0.0.0-dev"
      },
      "facetsDigest": "sha256:48f8fbb2693e1019cddc419f5389c317c95ef585d6f17217894983e3be03af64",
      "closureDigest": "sha256:70d71615ce0f37892e036c4b87c5392248c6a42f7504b9d95f044b3400153afa"
    },
    {
      "specifier": "@narratage/media",
      "package": {
        "name": "@narratage/media",
        "version": "0.0.0-dev"
      },
      "facetsDigest": "sha256:3441d1c8b36ebf4e23add825dc9b1d4fd5cdf99bd63ecdb155b8f39c93340b2b",
      "closureDigest": "sha256:c2facdd4aef64c7aabcaa626b5e22f23f9861584e0dcd825cd48336b276db462"
    },
    {
      "specifier": "@narratage/media-pipeline",
      "package": {
        "name": "@narratage/media-pipeline",
        "version": "0.0.0-dev"
      },
      "facetsDigest": "sha256:f9e4f25293dcca475b94bb199f55023f9475710b507bf3383f7cdd3ca4d700f2",
      "closureDigest": "sha256:d017872d910422d9c25cd47b8cc3c0a0e5ab42a4e0221027e87daf5aade68557"
    },
    {
      "specifier": "@narratage/run-text",
      "package": {
        "name": "@narratage/run-text",
        "version": "0.0.0-dev"
      },
      "facetsDigest": "sha256:fbcab7cea86223fe00ea04b51c2160bb534aafbb99067f5877e6825b0ce4eefc",
      "closureDigest": "sha256:34f594c611b0916e89832824bbc0e571a739aaf1f29895ef8ac346af7a5fa606"
    },
    {
      "specifier": "@narratage/script",
      "package": {
        "name": "@narratage/script",
        "version": "0.0.0-dev"
      },
      "facetsDigest": "sha256:f5eee9d61e58f112ec15c3585969ab4bfe1a05d9daca8f052db539b033c71369",
      "closureDigest": "sha256:f6233e6289b62862ebff84400b6b9d4361bf62465246eb0ba262f6f8103e1d43"
    },
    {
      "specifier": "@narratage/seedance",
      "package": {
        "name": "@narratage/seedance",
        "version": "0.0.0-dev"
      },
      "facetsDigest": "sha256:b84d4a44079c78ba52a5e617afa70df63c9c055a85f549766b60f96ca5db121a",
      "closureDigest": "sha256:99fff2c9a3874a08b439ffbb7b3c19c357984d7d9a3e34a29dee579fedffcfef"
    },
    {
      "specifier": "@narratage/speech-align",
      "package": {
        "name": "@narratage/speech-align",
        "version": "0.0.0-dev"
      },
      "facetsDigest": "sha256:bcd9f3996260439d87206da64e1e65431c0ecd5e3e2e1443db6a648b562c3cda",
      "closureDigest": "sha256:ecf883225c64eed6b7942cf833bf74150ea12335cdb40ad1168da2448611369e"
    },
    {
      "specifier": "@narratage/speech-program",
      "package": {
        "name": "@narratage/speech-program",
        "version": "0.0.0-dev"
      },
      "facetsDigest": "sha256:308909b0b4842b3373f6ffe054203cc94393f1789f1ada767cafd8a6082ee45e",
      "closureDigest": "sha256:a9abfe661e17b4f85df1af65c21a8c27f706de1fc0a706159d2e399454b119a0"
    },
    {
      "specifier": "@narratage/speech-take",
      "package": {
        "name": "@narratage/speech-take",
        "version": "0.0.0-dev"
      },
      "facetsDigest": "sha256:65c4c2a7ac79468802e3caeb185dae4d2e746375cf6f5e7cae154b50ea5aed13",
      "closureDigest": "sha256:15c05c28680a84a76d8de984be40d707bac85b7ce3e36b907ab519b733ad3ed3"
    },
    {
      "specifier": "@narratage/svs",
      "package": {
        "name": "@narratage/svs",
        "version": "0.0.0-dev"
      },
      "facetsDigest": "sha256:9cc7c397d2cd97b5a3e814886b6553b6d236fd8825df0d056e328b7f0cf20163",
      "closureDigest": "sha256:776bdfe6f306f8b8f5f91d9906febe5d1004dae362af0bb67b81d0b6b0374e42"
    },
    {
      "specifier": "@narratage/text-track",
      "package": {
        "name": "@narratage/text-track",
        "version": "0.0.0-dev"
      },
      "facetsDigest": "sha256:a6b32ff63a4e4a7efda88093c7c3f0b1b92bbaf5c7a20b7a2838280e922d1b6b",
      "closureDigest": "sha256:b201bb4262a9f3ccc9f4e86d5105fa843ce7bcc500f092eb7272167089125ad5"
    },
    {
      "specifier": "@narratage/whisperx",
      "package": {
        "name": "@narratage/whisperx",
        "version": "0.0.0-dev"
      },
      "facetsDigest": "sha256:c297b8548d4859aa2d6907772429555943cd3e7d1b867e5d78a05a23f4d479d1",
      "closureDigest": "sha256:1f20161cd03ab5155a7054985366921c4cdb79a79fb8d687bf69ecb32f7cb405"
    }
  ],
  "digest": "sha256:ba505ad8be4e696c2ab92f8f9d825a59e8b22558026d684d4a1407fa876da5b7"
}
